Microsoft Visual Studio Solution File, Format Version 12.00
# Visual Studio 15
VisualStudioVersion = 15.0.28010.2019
MinimumVisualStudioVersion = 10.0.40219.1
Project("{FAE04EC0-301F-11D3-BF4B-00C04F79EFBC}") = "FigmaSharp", "FigmaSharp\FigmaSharp.csproj", "{AD306162-8DAD-4DBD-B264-BDA8765CC107}"
EndProject
Project("{FAE04EC0-301F-11D3-BF4B-00C04F79EFBC}") = "FigmaSharp.Cocoa", "FigmaSharp.Cocoa\FigmaSharp.Cocoa.csproj", "{C16867FC-93FC-4E4C-B4DF-6F40D9615E01}"
EndProject
Project("{2150E333-8FDC-42A3-9474-1A3956D46DE8}") = "Exporters", "Exporters", "{F20C1377-D697-49DF-BFC6-29A09631AAD1}"
EndProject
Project("{2150E333-8FDC-42A3-9474-1A3956D46DE8}") = "Examples", "Examples", "{FBBB8608-7B63-4C07-9609-16DDEB01C081}"
EndProject
Project("{2150E333-8FDC-42A3-9474-1A3956D46DE8}") = "FigmaSharp.NativeControls", "FigmaSharp.NativeControls", "{1998B69B-8AD6-4170-86D1-22CFF5685D8F}"
EndProject
Project("{2150E333-8FDC-42A3-9474-1A3956D46DE8}") = "BasicRendering", "BasicRendering", "{0F4964C7-A0DB-41E8-A8DE-01861F2FE09C}"
EndProject
Project("{2150E333-8FDC-42A3-9474-1A3956D46DE8}") = "LocalFile", "LocalFile", "{666C61C6-011C-407F-8D85-98DFD189651C}"
EndProject
Project("{2150E333-8FDC-42A3-9474-1A3956D46DE8}") = "NativeControls", "NativeControls", "{32C47342-CF7F-4FE6-A3BA-E12E5BE126E5}"
EndProject
Project("{2150E333-8FDC-42A3-9474-1A3956D46DE8}") = "Designers", "Designers", "{C206E223-238E-44B5-A654-DACB38790FDD}"
EndProject
Project("{2150E333-8FDC-42A3-9474-1A3956D46DE8}") = "ToCode", "ToCode", "{B523812B-9A7A-4D22-905E-878F93DC8FCF}"
EndProject
Project("{FAE04EC0-301F-11D3-BF4B-00C04F79EFBC}") = "ToCode.Cocoa", "samples\to-code\ToCode.Cocoa\ToCode.Cocoa.csproj", "{DD591044-71E4-47D3-8580-3B995B59D9E6}"
EndProject
Project("{2150E333-8FDC-42A3-9474-1A3956D46DE8}") = "FigmaSharp.Tests", "FigmaSharp.Tests", "{02319977-D222-4DA2-AE49-05EEF92B3DBF}"
EndProject
Project("{2150E333-8FDC-42A3-9474-1A3956D46DE8}") = "FigmaSharp.Tools", "FigmaSharp.Tools", "{24A9DC1C-F5B9-48D4-916E-DF7C0B0A0BBE}"
EndProject
Project("{2150E333-8FDC-42A3-9474-1A3956D46DE8}") = "FigmaSharp", "FigmaSharp", "{A334223E-6B2A-466D-94E6-D8CB637A5472}"
EndProject
Project("{2150E333-8FDC-42A3-9474-1A3956D46DE8}") = "Extensions", "Extensions", "{D7004700-9E85-416C-A4B4-90F4B42F0CF4}"
EndProject
Project("{D954291E-2A0B-460D-934E-DC6B0785DB48}") = "BasicRendering.Shared", "samples\basic-rendering\BasicRendering.Shared\BasicRendering.Shared.shproj", "{88CC3650-709A-4A60-A43B-0FE2F6C4098D}"
EndProject
Project("{FAE04EC0-301F-11D3-BF4B-00C04F79EFBC}") = "BasicRendering.Cocoa", "samples\basic-rendering\BasicRendering.Cocoa\BasicRendering.Cocoa.csproj", "{6B3ED949-8155-4029-89B0-68AEC8EDC255}"
EndProject
Project("{FAE04EC0-301F-11D3-BF4B-00C04F79EFBC}") = "FigmaSharp.Designer", "FigmaSharp.Tools\FigmaSharp.Designer\FigmaSharp.Designer.csproj", "{4E7F6BD9-33C0-4544-9186-7FDCD0047F4B}"
EndProject
Project("{FAE04EC0-301F-11D3-BF4B-00C04F79EFBC}") = "StandaloneDesigner", "FigmaSharp.Tools\FigmaSharp.Designer\StandaloneDesigner\StandaloneDesigner.csproj", "{635CB2B3-5ECA-4B22-B520-92111FEC6C3B}"
EndProject
Project("{FAE04EC0-301F-11D3-BF4B-00C04F79EFBC}") = "FigmaSharp.NativeControls", "FigmaSharp.NativeControls\FigmaSharp.NativeControls\FigmaSharp.NativeControls.csproj", "{80D20B03-FF89-47CF-A676-B67B9DE2DAF2}"
EndProject
Project("{FAE04EC0-301F-11D3-BF4B-00C04F79EFBC}") = "FigmaSharp.NativeControls.Cocoa", "FigmaSharp.NativeControls\FigmaSharp.NativeControls.Cocoa\FigmaSharp.NativeControls.Cocoa.csproj", "{DA803D6D-59D2-4BA0-8DEC-2C6B054B025C}"
EndProject
Project("{FAE04EC0-301F-11D3-BF4B-00C04F79EFBC}") = "LocalFile.Forms.iOS", "samples\local-file-rendering\LocalFile.Forms.iOS\LocalFile.Forms.iOS.csproj", "{679912D4-692E-4EE0-AE47-84553C6A2607}"
EndProject
Project("{FAE04EC0-301F-11D3-BF4B-00C04F79EFBC}") = "FigmaFileExporter", "FigmaSharp.Tools\FigmaFileExporter\FigmaFileExporter.csproj", "{924FD7A2-5FE6-4EBF-B441-A75FFCF544F1}"
EndProject
Project("{FAE04EC0-301F-11D3-BF4B-00C04F79EFBC}") = "MonoDevelop.Figma", "FigmaSharp.Tools\MonoDevelop.Figma\MonoDevelop.Figma.csproj", "{FCA2D62B-E44E-45F4-8AC8-12FCAC4B8A7A}"
EndProject
Project("{FAE04EC0-301F-11D3-BF4B-00C04F79EFBC}") = "LocalFile.Cocoa", "samples\local-file-rendering\LocalFile.Cocoa\LocalFile.Cocoa.csproj", "{B72209A6-B110-468F-B4BE-BE424397E632}"
EndProject
Project("{FAE04EC0-301F-11D3-BF4B-00C04F79EFBC}") = "NativeControls.Cocoa", "samples\native-controls\NativeControls.Cocoa\NativeControls.Cocoa.csproj", "{FF8B355E-D31A-493E-AFE5-AEC979CC50AE}"
EndProject
Project("{FAE04EC0-301F-11D3-BF4B-00C04F79EFBC}") = "NativeControls.Gtk", "samples\native-controls\NativeControls.GtkSharp\NativeControls.Gtk.csproj", "{52BE2EB0-7B17-4F27-AE71-9A5CBD9BBD81}"
EndProject
Project("{FAE04EC0-301F-11D3-BF4B-00C04F79EFBC}") = "NativeControls.iOS", "samples\native-controls\NativeControls.iOS\NativeControls.iOS.csproj", "{72D9836A-F902-46A3-8E71-6B327C5D24BB}"
EndProject
Project("{D954291E-2A0B-460D-934E-DC6B0785DB48}") = "NativeControls.Shared", "samples\native-controls\NativeControls.Shared\NativeControls.Shared.shproj", "{04785BB0-C497-4FA1-B3C9-5EE37E8DC29E}"
EndProject
Project("{FAE04EC0-301F-11D3-BF4B-00C04F79EFBC}") = "LocalFile.iOS", "samples\local-file-rendering\LocalFile.iOS\LocalFile.iOS.csproj", "{331716C4-F53E-44FD-9798-2FA4797C6644}"
EndProject
Project("{D954291E-2A0B-460D-934E-DC6B0785DB48}") = "LocalFile.Shared", "samples\local-file-rendering\LocalFile.Shared\LocalFile.Shared.shproj", "{DE4BA22B-5240-4253-8CDE-18FD4E46E256}"
EndProject
Project("{9344BDBB-3E7F-41FC-A0DD-8665D75EE146}") = "BasicRendering.Forms", "samples\basic-rendering\BasicRendering.Forms\BasicRendering.Forms.csproj", "{529383E5-B224-4973-B1C7-7DC63757F53B}"
EndProject
Project("{9344BDBB-3E7F-41FC-A0DD-8665D75EE146}") = "BasicRendering.Forms.Android", "samples\basic-rendering\BasicRendering.Forms.Android\BasicRendering.Forms.Android.csproj", "{C18FF940-F15E-4B16-B727-A5C90DEAB209}"
EndProject
Project("{9344BDBB-3E7F-41FC-A0DD-8665D75EE146}") = "BasicRendering.Forms.iOS", "samples\basic-rendering\BasicRendering.Forms.iOS\BasicRendering.Forms.iOS.csproj", "{51DA944A-895D-4D85-AB21-2BEB4DF6B45C}"
EndProject
Project("{9344BDBB-3E7F-41FC-A0DD-8665D75EE146}") = "BasicRendering.IOS", "samples\basic-rendering\BasicRendering.IOS\BasicRendering.IOS.csproj", "{05BFCEEB-1901-4BD2-AFDA-2FFFC320F745}"
EndProject
Project("{9344BDBB-3E7F-41FC-A0DD-8665D75EE146}") = "BasicRendering.Gtk", "samples\basic-rendering\BasicRendering.Gtk\BasicRendering.Gtk.csproj", "{AA9792BA-28DA-4EF2-BA3B-AD307AB68365}"
EndProject
Project("{9344BDBB-3E7F-41FC-A0DD-8665D75EE146}") = "LocalFile.Forms.Android", "samples\local-file-rendering\LocalFile.Forms.Android\LocalFile.Forms.Android.csproj", "{5BC8A93B-6FEA-43C0-8993-781B2C6A449A}"
EndProject
Project("{9344BDBB-3E7F-41FC-A0DD-8665D75EE146}") = "LocalFile.Forms", "samples\local-file-rendering\LocalFile.Forms\LocalFile.Forms.shproj", "{5431CD24-DB01-4190-8908-E92C81AF896C}"
EndProject
Project("{9344BDBB-3E7F-41FC-A0DD-8665D75EE146}") = "LocalFile.Gtk", "samples\local-file-rendering\LocalFile.Gtk\LocalFile.Gtk.csproj", "{F647CE79-70D2-48E7-A1A9-4C161EE26693}"
EndProject
Project("{9344BDBB-3E7F-41FC-A0DD-8665D75EE146}") = "FigmaSharp.NativeControls.Forms", "FigmaSharp.NativeControls\FigmaSharp.NativeControls.Forms\FigmaSharp.NativeControls.Forms.csproj", "{CDB82856-FF95-48BB-A65C-08F519E977CC}"
EndProject
Project("{9344BDBB-3E7F-41FC-A0DD-8665D75EE146}") = "FigmaSharp.NativeControls.iOS", "FigmaSharp.NativeControls\FigmaSharp.NativeControls.iOS\FigmaSharp.NativeControls.iOS.csproj", "{AF0FCE40-46F3-42E4-86B5-551ED02217E3}"
EndProject
Project("{9344BDBB-3E7F-41FC-A0DD-8665D75EE146}") = "FigmaSharp.NativeControls.Gtk", "FigmaSharp.NativeControls\FigmaSharp.NativeControls.Gtk\FigmaSharp.NativeControls.Gtk.csproj", "{279E5A7C-D6A1-4505-8978-E8B59735785A}"
EndProject
Project("{9344BDBB-3E7F-41FC-A0DD-8665D75EE146}") = "FigmaSharp.Tests", "FigmaSharp.Tests\FigmaSharp.Tests.csproj", "{81168599-CFC6-4459-98D5-1F9E708B9C38}"
EndProject
Project("{9344BDBB-3E7F-41FC-A0DD-8665D75EE146}") = "FigmaSharp.Forms", "FigmaSharp.Forms\FigmaSharp.Forms.csproj", "{18BBE5BE-DA74-4EA7-93F0-33598DC8BEA7}"
EndProject
Project("{9344BDBB-3E7F-41FC-A0DD-8665D75EE146}") = "FigmaSharp.Gtk", "FigmaSharp.Gtk\FigmaSharp.Gtk.csproj", "{3386AD71-6383-44CC-AFB9-92B565FFEFA8}"
EndProject
Project("{9344BDBB-3E7F-41FC-A0DD-8665D75EE146}") = "FigmaSharp.iOS", "FigmaSharp.iOS\FigmaSharp.iOS.csproj", "{3ED4FEE0-E007-4886-B23C-21A26AD49A27}"
EndProject
Global
	GlobalSection(SharedMSBuildProjectFiles) = preSolution
		ExampleFigma.Shared\ExampleFigma.Shared.projitems*{461b4a01-c603-4c8a-9763-642197569e9a}*SharedItemsImports = 4
		ExampleFigma.Shared\ExampleFigma.Shared.projitems*{6b3ed949-8155-4029-89b0-68aec8edc255}*SharedItemsImports = 4
		ExampleFigma.Shared\ExampleFigma.Shared.projitems*{72d9836a-f902-46a3-8e71-6b327c5d24bb}*SharedItemsImports = 4
		ExampleFigma.Shared\ExampleFigma.Shared.projitems*{88cc3650-709a-4a60-a43b-0fe2f6c4098d}*SharedItemsImports = 13
	EndGlobalSection
	GlobalSection(SolutionConfigurationPlatforms) = preSolution
		Debug|Any CPU = Debug|Any CPU
		Debug|iPhone = Debug|iPhone
		Debug|iPhoneSimulator = Debug|iPhoneSimulator
		Release|Any CPU = Release|Any CPU
		Release|iPhone = Release|iPhone
		Release|iPhoneSimulator = Release|iPhoneSimulator
	EndGlobalSection
	GlobalSection(ProjectConfigurationPlatforms) = postSolution
		{AD306162-8DAD-4DBD-B264-BDA8765CC107}.Debug|Any CPU.ActiveCfg = Debug|Any CPU
		{AD306162-8DAD-4DBD-B264-BDA8765CC107}.Debug|Any CPU.Build.0 = Debug|Any CPU
		{AD306162-8DAD-4DBD-B264-BDA8765CC107}.Debug|iPhone.ActiveCfg = Debug|Any CPU
		{AD306162-8DAD-4DBD-B264-BDA8765CC107}.Debug|iPhone.Build.0 = Debug|Any CPU
		{AD306162-8DAD-4DBD-B264-BDA8765CC107}.Debug|iPhoneSimulator.ActiveCfg = Debug|Any CPU
		{AD306162-8DAD-4DBD-B264-BDA8765CC107}.Debug|iPhoneSimulator.Build.0 = Debug|Any CPU
		{AD306162-8DAD-4DBD-B264-BDA8765CC107}.Release|Any CPU.ActiveCfg = Release|Any CPU
		{AD306162-8DAD-4DBD-B264-BDA8765CC107}.Release|Any CPU.Build.0 = Release|Any CPU
		{AD306162-8DAD-4DBD-B264-BDA8765CC107}.Release|iPhone.ActiveCfg = Release|Any CPU
		{AD306162-8DAD-4DBD-B264-BDA8765CC107}.Release|iPhone.Build.0 = Release|Any CPU
		{AD306162-8DAD-4DBD-B264-BDA8765CC107}.Release|iPhoneSimulator.ActiveCfg = Release|Any CPU
		{AD306162-8DAD-4DBD-B264-BDA8765CC107}.Release|iPhoneSimulator.Build.0 = Release|Any CPU
		{C16867FC-93FC-4E4C-B4DF-6F40D9615E01}.Debug|Any CPU.ActiveCfg = Debug|Any CPU
		{C16867FC-93FC-4E4C-B4DF-6F40D9615E01}.Debug|iPhone.ActiveCfg = Debug|Any CPU
		{C16867FC-93FC-4E4C-B4DF-6F40D9615E01}.Debug|iPhone.Build.0 = Debug|Any CPU
		{C16867FC-93FC-4E4C-B4DF-6F40D9615E01}.Debug|iPhoneSimulator.ActiveCfg = Debug|Any CPU
		{C16867FC-93FC-4E4C-B4DF-6F40D9615E01}.Debug|iPhoneSimulator.Build.0 = Debug|Any CPU
		{C16867FC-93FC-4E4C-B4DF-6F40D9615E01}.Release|Any CPU.ActiveCfg = Release|Any CPU
		{C16867FC-93FC-4E4C-B4DF-6F40D9615E01}.Release|iPhone.ActiveCfg = Release|Any CPU
		{C16867FC-93FC-4E4C-B4DF-6F40D9615E01}.Release|iPhone.Build.0 = Release|Any CPU
		{C16867FC-93FC-4E4C-B4DF-6F40D9615E01}.Release|iPhoneSimulator.ActiveCfg = Release|Any CPU
		{C16867FC-93FC-4E4C-B4DF-6F40D9615E01}.Release|iPhoneSimulator.Build.0 = Release|Any CPU
		{C16867FC-93FC-4E4C-B4DF-6F40D9615E01}.Debug|Any CPU.Build.0 = Debug|Any CPU
		{DD591044-71E4-47D3-8580-3B995B59D9E6}.Debug|Any CPU.ActiveCfg = Debug|Any CPU
		{DD591044-71E4-47D3-8580-3B995B59D9E6}.Debug|iPhone.ActiveCfg = Debug|Any CPU
		{DD591044-71E4-47D3-8580-3B995B59D9E6}.Debug|iPhone.Build.0 = Debug|Any CPU
		{DD591044-71E4-47D3-8580-3B995B59D9E6}.Debug|iPhoneSimulator.ActiveCfg = Debug|Any CPU
		{DD591044-71E4-47D3-8580-3B995B59D9E6}.Debug|iPhoneSimulator.Build.0 = Debug|Any CPU
		{DD591044-71E4-47D3-8580-3B995B59D9E6}.Release|Any CPU.ActiveCfg = Release|Any CPU
		{DD591044-71E4-47D3-8580-3B995B59D9E6}.Release|Any CPU.Build.0 = Release|Any CPU
		{DD591044-71E4-47D3-8580-3B995B59D9E6}.Release|iPhone.ActiveCfg = Release|Any CPU
		{DD591044-71E4-47D3-8580-3B995B59D9E6}.Release|iPhone.Build.0 = Release|Any CPU
		{DD591044-71E4-47D3-8580-3B995B59D9E6}.Release|iPhoneSimulator.ActiveCfg = Release|Any CPU
		{DD591044-71E4-47D3-8580-3B995B59D9E6}.Release|iPhoneSimulator.Build.0 = Release|Any CPU
		{DD591044-71E4-47D3-8580-3B995B59D9E6}.Debug|Any CPU.Build.0 = Debug|Any CPU
		{6B3ED949-8155-4029-89B0-68AEC8EDC255}.Debug|Any CPU.ActiveCfg = Debug|Any CPU
		{6B3ED949-8155-4029-89B0-68AEC8EDC255}.Debug|iPhone.ActiveCfg = Debug|Any CPU
		{6B3ED949-8155-4029-89B0-68AEC8EDC255}.Debug|iPhone.Build.0 = Debug|Any CPU
		{6B3ED949-8155-4029-89B0-68AEC8EDC255}.Debug|iPhoneSimulator.ActiveCfg = Debug|Any CPU
		{6B3ED949-8155-4029-89B0-68AEC8EDC255}.Debug|iPhoneSimulator.Build.0 = Debug|Any CPU
		{6B3ED949-8155-4029-89B0-68AEC8EDC255}.Release|Any CPU.ActiveCfg = Release|Any CPU
		{6B3ED949-8155-4029-89B0-68AEC8EDC255}.Release|Any CPU.Build.0 = Release|Any CPU
		{6B3ED949-8155-4029-89B0-68AEC8EDC255}.Release|iPhone.ActiveCfg = Release|Any CPU
		{6B3ED949-8155-4029-89B0-68AEC8EDC255}.Release|iPhone.Build.0 = Release|Any CPU
		{6B3ED949-8155-4029-89B0-68AEC8EDC255}.Release|iPhoneSimulator.ActiveCfg = Release|Any CPU
		{6B3ED949-8155-4029-89B0-68AEC8EDC255}.Release|iPhoneSimulator.Build.0 = Release|Any CPU
		{6B3ED949-8155-4029-89B0-68AEC8EDC255}.Debug|Any CPU.Build.0 = Debug|Any CPU
		{4E7F6BD9-33C0-4544-9186-7FDCD0047F4B}.Debug|Any CPU.ActiveCfg = Debug|Any CPU
		{4E7F6BD9-33C0-4544-9186-7FDCD0047F4B}.Debug|iPhone.ActiveCfg = Debug|Any CPU
		{4E7F6BD9-33C0-4544-9186-7FDCD0047F4B}.Debug|iPhone.Build.0 = Debug|Any CPU
		{4E7F6BD9-33C0-4544-9186-7FDCD0047F4B}.Debug|iPhoneSimulator.ActiveCfg = Debug|Any CPU
		{4E7F6BD9-33C0-4544-9186-7FDCD0047F4B}.Debug|iPhoneSimulator.Build.0 = Debug|Any CPU
		{4E7F6BD9-33C0-4544-9186-7FDCD0047F4B}.Release|Any CPU.ActiveCfg = Release|Any CPU
		{4E7F6BD9-33C0-4544-9186-7FDCD0047F4B}.Release|Any CPU.Build.0 = Release|Any CPU
		{4E7F6BD9-33C0-4544-9186-7FDCD0047F4B}.Release|iPhone.ActiveCfg = Release|Any CPU
		{4E7F6BD9-33C0-4544-9186-7FDCD0047F4B}.Release|iPhone.Build.0 = Release|Any CPU
		{4E7F6BD9-33C0-4544-9186-7FDCD0047F4B}.Release|iPhoneSimulator.ActiveCfg = Release|Any CPU
		{4E7F6BD9-33C0-4544-9186-7FDCD0047F4B}.Release|iPhoneSimulator.Build.0 = Release|Any CPU
		{4E7F6BD9-33C0-4544-9186-7FDCD0047F4B}.Debug|Any CPU.Build.0 = Debug|Any CPU
		{635CB2B3-5ECA-4B22-B520-92111FEC6C3B}.Debug|Any CPU.ActiveCfg = Debug|Any CPU
		{635CB2B3-5ECA-4B22-B520-92111FEC6C3B}.Debug|iPhone.ActiveCfg = Debug|Any CPU
		{635CB2B3-5ECA-4B22-B520-92111FEC6C3B}.Debug|iPhone.Build.0 = Debug|Any CPU
		{635CB2B3-5ECA-4B22-B520-92111FEC6C3B}.Debug|iPhoneSimulator.ActiveCfg = Debug|Any CPU
		{635CB2B3-5ECA-4B22-B520-92111FEC6C3B}.Debug|iPhoneSimulator.Build.0 = Debug|Any CPU
		{635CB2B3-5ECA-4B22-B520-92111FEC6C3B}.Release|Any CPU.ActiveCfg = Release|Any CPU
		{635CB2B3-5ECA-4B22-B520-92111FEC6C3B}.Release|Any CPU.Build.0 = Release|Any CPU
		{635CB2B3-5ECA-4B22-B520-92111FEC6C3B}.Release|iPhone.ActiveCfg = Release|Any CPU
		{635CB2B3-5ECA-4B22-B520-92111FEC6C3B}.Release|iPhone.Build.0 = Release|Any CPU
		{635CB2B3-5ECA-4B22-B520-92111FEC6C3B}.Release|iPhoneSimulator.ActiveCfg = Release|Any CPU
		{635CB2B3-5ECA-4B22-B520-92111FEC6C3B}.Release|iPhoneSimulator.Build.0 = Release|Any CPU
		{635CB2B3-5ECA-4B22-B520-92111FEC6C3B}.Debug|Any CPU.Build.0 = Debug|Any CPU
		{80D20B03-FF89-47CF-A676-B67B9DE2DAF2}.Debug|Any CPU.ActiveCfg = Debug|Any CPU
		{80D20B03-FF89-47CF-A676-B67B9DE2DAF2}.Debug|Any CPU.Build.0 = Debug|Any CPU
		{80D20B03-FF89-47CF-A676-B67B9DE2DAF2}.Debug|iPhone.ActiveCfg = Debug|Any CPU
		{80D20B03-FF89-47CF-A676-B67B9DE2DAF2}.Debug|iPhone.Build.0 = Debug|Any CPU
		{80D20B03-FF89-47CF-A676-B67B9DE2DAF2}.Debug|iPhoneSimulator.ActiveCfg = Debug|Any CPU
		{80D20B03-FF89-47CF-A676-B67B9DE2DAF2}.Debug|iPhoneSimulator.Build.0 = Debug|Any CPU
		{80D20B03-FF89-47CF-A676-B67B9DE2DAF2}.Release|Any CPU.ActiveCfg = Release|Any CPU
		{80D20B03-FF89-47CF-A676-B67B9DE2DAF2}.Release|Any CPU.Build.0 = Release|Any CPU
		{80D20B03-FF89-47CF-A676-B67B9DE2DAF2}.Release|iPhone.ActiveCfg = Release|Any CPU
		{80D20B03-FF89-47CF-A676-B67B9DE2DAF2}.Release|iPhone.Build.0 = Release|Any CPU
		{80D20B03-FF89-47CF-A676-B67B9DE2DAF2}.Release|iPhoneSimulator.ActiveCfg = Release|Any CPU
		{80D20B03-FF89-47CF-A676-B67B9DE2DAF2}.Release|iPhoneSimulator.Build.0 = Release|Any CPU
		{DA803D6D-59D2-4BA0-8DEC-2C6B054B025C}.Debug|Any CPU.ActiveCfg = Debug|Any CPU
		{DA803D6D-59D2-4BA0-8DEC-2C6B054B025C}.Debug|iPhone.ActiveCfg = Debug|Any CPU
		{DA803D6D-59D2-4BA0-8DEC-2C6B054B025C}.Debug|iPhone.Build.0 = Debug|Any CPU
		{DA803D6D-59D2-4BA0-8DEC-2C6B054B025C}.Debug|iPhoneSimulator.ActiveCfg = Debug|Any CPU
		{DA803D6D-59D2-4BA0-8DEC-2C6B054B025C}.Debug|iPhoneSimulator.Build.0 = Debug|Any CPU
		{DA803D6D-59D2-4BA0-8DEC-2C6B054B025C}.Release|Any CPU.ActiveCfg = Release|Any CPU
		{DA803D6D-59D2-4BA0-8DEC-2C6B054B025C}.Release|iPhone.ActiveCfg = Release|Any CPU
		{DA803D6D-59D2-4BA0-8DEC-2C6B054B025C}.Release|iPhone.Build.0 = Release|Any CPU
		{DA803D6D-59D2-4BA0-8DEC-2C6B054B025C}.Release|iPhoneSimulator.ActiveCfg = Release|Any CPU
		{DA803D6D-59D2-4BA0-8DEC-2C6B054B025C}.Release|iPhoneSimulator.Build.0 = Release|Any CPU
		{DA803D6D-59D2-4BA0-8DEC-2C6B054B025C}.Debug|Any CPU.Build.0 = Debug|Any CPU
		{679912D4-692E-4EE0-AE47-84553C6A2607}.Debug|Any CPU.ActiveCfg = Debug|iPhoneSimulator
		{679912D4-692E-4EE0-AE47-84553C6A2607}.Debug|Any CPU.Build.0 = Debug|iPhoneSimulator
		{679912D4-692E-4EE0-AE47-84553C6A2607}.Debug|iPhone.ActiveCfg = Debug|iPhone
		{679912D4-692E-4EE0-AE47-84553C6A2607}.Debug|iPhone.Build.0 = Debug|iPhone
		{679912D4-692E-4EE0-AE47-84553C6A2607}.Debug|iPhoneSimulator.ActiveCfg = Debug|iPhoneSimulator
		{679912D4-692E-4EE0-AE47-84553C6A2607}.Debug|iPhoneSimulator.Build.0 = Debug|iPhoneSimulator
		{679912D4-692E-4EE0-AE47-84553C6A2607}.Release|Any CPU.ActiveCfg = Release|iPhoneSimulator
		{679912D4-692E-4EE0-AE47-84553C6A2607}.Release|Any CPU.Build.0 = Release|iPhoneSimulator
		{679912D4-692E-4EE0-AE47-84553C6A2607}.Release|iPhone.ActiveCfg = Release|iPhone
		{679912D4-692E-4EE0-AE47-84553C6A2607}.Release|iPhone.Build.0 = Release|iPhone
		{679912D4-692E-4EE0-AE47-84553C6A2607}.Release|iPhoneSimulator.ActiveCfg = Release|iPhoneSimulator
		{679912D4-692E-4EE0-AE47-84553C6A2607}.Release|iPhoneSimulator.Build.0 = Release|iPhoneSimulator
		{924FD7A2-5FE6-4EBF-B441-A75FFCF544F1}.Debug|Any CPU.ActiveCfg = Debug|Any CPU
		{924FD7A2-5FE6-4EBF-B441-A75FFCF544F1}.Debug|Any CPU.Build.0 = Debug|Any CPU
		{924FD7A2-5FE6-4EBF-B441-A75FFCF544F1}.Debug|iPhone.ActiveCfg = Debug|Any CPU
		{924FD7A2-5FE6-4EBF-B441-A75FFCF544F1}.Debug|iPhone.Build.0 = Debug|Any CPU
		{924FD7A2-5FE6-4EBF-B441-A75FFCF544F1}.Debug|iPhoneSimulator.ActiveCfg = Debug|Any CPU
		{924FD7A2-5FE6-4EBF-B441-A75FFCF544F1}.Debug|iPhoneSimulator.Build.0 = Debug|Any CPU
		{924FD7A2-5FE6-4EBF-B441-A75FFCF544F1}.Release|Any CPU.ActiveCfg = Release|Any CPU
		{924FD7A2-5FE6-4EBF-B441-A75FFCF544F1}.Release|Any CPU.Build.0 = Release|Any CPU
		{924FD7A2-5FE6-4EBF-B441-A75FFCF544F1}.Release|iPhone.ActiveCfg = Release|Any CPU
		{924FD7A2-5FE6-4EBF-B441-A75FFCF544F1}.Release|iPhone.Build.0 = Release|Any CPU
		{924FD7A2-5FE6-4EBF-B441-A75FFCF544F1}.Release|iPhoneSimulator.ActiveCfg = Release|Any CPU
		{924FD7A2-5FE6-4EBF-B441-A75FFCF544F1}.Release|iPhoneSimulator.Build.0 = Release|Any CPU
		{FCA2D62B-E44E-45F4-8AC8-12FCAC4B8A7A}.Debug|Any CPU.ActiveCfg = Debug|Any CPU
		{FCA2D62B-E44E-45F4-8AC8-12FCAC4B8A7A}.Debug|Any CPU.Build.0 = Debug|Any CPU
		{FCA2D62B-E44E-45F4-8AC8-12FCAC4B8A7A}.Debug|iPhone.ActiveCfg = Debug|Any CPU
		{FCA2D62B-E44E-45F4-8AC8-12FCAC4B8A7A}.Debug|iPhone.Build.0 = Debug|Any CPU
		{FCA2D62B-E44E-45F4-8AC8-12FCAC4B8A7A}.Debug|iPhoneSimulator.ActiveCfg = Debug|Any CPU
		{FCA2D62B-E44E-45F4-8AC8-12FCAC4B8A7A}.Debug|iPhoneSimulator.Build.0 = Debug|Any CPU
		{FCA2D62B-E44E-45F4-8AC8-12FCAC4B8A7A}.Release|Any CPU.ActiveCfg = Release|Any CPU
		{FCA2D62B-E44E-45F4-8AC8-12FCAC4B8A7A}.Release|iPhone.ActiveCfg = Release|Any CPU
		{FCA2D62B-E44E-45F4-8AC8-12FCAC4B8A7A}.Release|iPhone.Build.0 = Release|Any CPU
		{FCA2D62B-E44E-45F4-8AC8-12FCAC4B8A7A}.Release|iPhoneSimulator.ActiveCfg = Release|Any CPU
		{FCA2D62B-E44E-45F4-8AC8-12FCAC4B8A7A}.Release|iPhoneSimulator.Build.0 = Release|Any CPU
		{B72209A6-B110-468F-B4BE-BE424397E632}.Debug|Any CPU.ActiveCfg = Debug|Any CPU
		{B72209A6-B110-468F-B4BE-BE424397E632}.Debug|Any CPU.Build.0 = Debug|Any CPU
		{B72209A6-B110-468F-B4BE-BE424397E632}.Debug|iPhone.ActiveCfg = Debug|Any CPU
		{B72209A6-B110-468F-B4BE-BE424397E632}.Debug|iPhone.Build.0 = Debug|Any CPU
		{B72209A6-B110-468F-B4BE-BE424397E632}.Debug|iPhoneSimulator.ActiveCfg = Debug|Any CPU
		{B72209A6-B110-468F-B4BE-BE424397E632}.Debug|iPhoneSimulator.Build.0 = Debug|Any CPU
		{B72209A6-B110-468F-B4BE-BE424397E632}.Release|Any CPU.ActiveCfg = Release|Any CPU
		{B72209A6-B110-468F-B4BE-BE424397E632}.Release|Any CPU.Build.0 = Release|Any CPU
		{B72209A6-B110-468F-B4BE-BE424397E632}.Release|iPhone.ActiveCfg = Release|Any CPU
		{B72209A6-B110-468F-B4BE-BE424397E632}.Release|iPhone.Build.0 = Release|Any CPU
		{B72209A6-B110-468F-B4BE-BE424397E632}.Release|iPhoneSimulator.ActiveCfg = Release|Any CPU
		{B72209A6-B110-468F-B4BE-BE424397E632}.Release|iPhoneSimulator.Build.0 = Release|Any CPU
		{FF8B355E-D31A-493E-AFE5-AEC979CC50AE}.Debug|Any CPU.ActiveCfg = Debug|Any CPU
		{FF8B355E-D31A-493E-AFE5-AEC979CC50AE}.Debug|Any CPU.Build.0 = Debug|Any CPU
		{FF8B355E-D31A-493E-AFE5-AEC979CC50AE}.Debug|iPhone.ActiveCfg = Debug|Any CPU
		{FF8B355E-D31A-493E-AFE5-AEC979CC50AE}.Debug|iPhone.Build.0 = Debug|Any CPU
		{FF8B355E-D31A-493E-AFE5-AEC979CC50AE}.Debug|iPhoneSimulator.ActiveCfg = Debug|Any CPU
		{FF8B355E-D31A-493E-AFE5-AEC979CC50AE}.Debug|iPhoneSimulator.Build.0 = Debug|Any CPU
		{FF8B355E-D31A-493E-AFE5-AEC979CC50AE}.Release|Any CPU.ActiveCfg = Release|Any CPU
		{FF8B355E-D31A-493E-AFE5-AEC979CC50AE}.Release|Any CPU.Build.0 = Release|Any CPU
		{FF8B355E-D31A-493E-AFE5-AEC979CC50AE}.Release|iPhone.ActiveCfg = Release|Any CPU
		{FF8B355E-D31A-493E-AFE5-AEC979CC50AE}.Release|iPhone.Build.0 = Release|Any CPU
		{FF8B355E-D31A-493E-AFE5-AEC979CC50AE}.Release|iPhoneSimulator.ActiveCfg = Release|Any CPU
		{FF8B355E-D31A-493E-AFE5-AEC979CC50AE}.Release|iPhoneSimulator.Build.0 = Release|Any CPU
		{52BE2EB0-7B17-4F27-AE71-9A5CBD9BBD81}.Debug|Any CPU.ActiveCfg = Debug|Any CPU
		{52BE2EB0-7B17-4F27-AE71-9A5CBD9BBD81}.Debug|Any CPU.Build.0 = Debug|Any CPU
		{52BE2EB0-7B17-4F27-AE71-9A5CBD9BBD81}.Debug|iPhone.ActiveCfg = Debug|Any CPU
		{52BE2EB0-7B17-4F27-AE71-9A5CBD9BBD81}.Debug|iPhone.Build.0 = Debug|Any CPU
		{52BE2EB0-7B17-4F27-AE71-9A5CBD9BBD81}.Debug|iPhoneSimulator.ActiveCfg = Debug|Any CPU
		{52BE2EB0-7B17-4F27-AE71-9A5CBD9BBD81}.Debug|iPhoneSimulator.Build.0 = Debug|Any CPU
		{52BE2EB0-7B17-4F27-AE71-9A5CBD9BBD81}.Release|Any CPU.ActiveCfg = Release|Any CPU
		{52BE2EB0-7B17-4F27-AE71-9A5CBD9BBD81}.Release|Any CPU.Build.0 = Release|Any CPU
		{52BE2EB0-7B17-4F27-AE71-9A5CBD9BBD81}.Release|iPhone.ActiveCfg = Release|Any CPU
		{52BE2EB0-7B17-4F27-AE71-9A5CBD9BBD81}.Release|iPhone.Build.0 = Release|Any CPU
		{52BE2EB0-7B17-4F27-AE71-9A5CBD9BBD81}.Release|iPhoneSimulator.ActiveCfg = Release|Any CPU
		{52BE2EB0-7B17-4F27-AE71-9A5CBD9BBD81}.Release|iPhoneSimulator.Build.0 = Release|Any CPU
		{72D9836A-F902-46A3-8E71-6B327C5D24BB}.Debug|Any CPU.ActiveCfg = Debug|iPhoneSimulator
		{72D9836A-F902-46A3-8E71-6B327C5D24BB}.Debug|Any CPU.Build.0 = Debug|iPhoneSimulator
		{72D9836A-F902-46A3-8E71-6B327C5D24BB}.Debug|iPhone.ActiveCfg = Debug|iPhone
		{72D9836A-F902-46A3-8E71-6B327C5D24BB}.Debug|iPhone.Build.0 = Debug|iPhone
		{72D9836A-F902-46A3-8E71-6B327C5D24BB}.Debug|iPhoneSimulator.ActiveCfg = Debug|iPhoneSimulator
		{72D9836A-F902-46A3-8E71-6B327C5D24BB}.Debug|iPhoneSimulator.Build.0 = Debug|iPhoneSimulator
		{72D9836A-F902-46A3-8E71-6B327C5D24BB}.Release|Any CPU.ActiveCfg = Release|iPhone
		{72D9836A-F902-46A3-8E71-6B327C5D24BB}.Release|Any CPU.Build.0 = Release|iPhone
		{72D9836A-F902-46A3-8E71-6B327C5D24BB}.Release|iPhone.ActiveCfg = Release|iPhone
		{72D9836A-F902-46A3-8E71-6B327C5D24BB}.Release|iPhone.Build.0 = Release|iPhone
		{72D9836A-F902-46A3-8E71-6B327C5D24BB}.Release|iPhoneSimulator.ActiveCfg = Release|iPhoneSimulator
		{72D9836A-F902-46A3-8E71-6B327C5D24BB}.Release|iPhoneSimulator.Build.0 = Release|iPhoneSimulator
		{331716C4-F53E-44FD-9798-2FA4797C6644}.Debug|Any CPU.ActiveCfg = Debug|iPhoneSimulator
		{331716C4-F53E-44FD-9798-2FA4797C6644}.Debug|Any CPU.Build.0 = Debug|iPhoneSimulator
		{331716C4-F53E-44FD-9798-2FA4797C6644}.Debug|iPhone.ActiveCfg = Debug|iPhone
		{331716C4-F53E-44FD-9798-2FA4797C6644}.Debug|iPhone.Build.0 = Debug|iPhone
		{331716C4-F53E-44FD-9798-2FA4797C6644}.Debug|iPhoneSimulator.ActiveCfg = Debug|iPhoneSimulator
		{331716C4-F53E-44FD-9798-2FA4797C6644}.Debug|iPhoneSimulator.Build.0 = Debug|iPhoneSimulator
		{331716C4-F53E-44FD-9798-2FA4797C6644}.Release|Any CPU.ActiveCfg = Release|iPhoneSimulator
		{331716C4-F53E-44FD-9798-2FA4797C6644}.Release|Any CPU.Build.0 = Release|iPhoneSimulator
		{331716C4-F53E-44FD-9798-2FA4797C6644}.Release|iPhone.ActiveCfg = Release|iPhone
		{331716C4-F53E-44FD-9798-2FA4797C6644}.Release|iPhone.Build.0 = Release|iPhone
		{331716C4-F53E-44FD-9798-2FA4797C6644}.Release|iPhoneSimulator.ActiveCfg = Release|iPhoneSimulator
		{331716C4-F53E-44FD-9798-2FA4797C6644}.Release|iPhoneSimulator.Build.0 = Release|iPhoneSimulator
		{529383E5-B224-4973-B1C7-7DC63757F53B}.Debug|Any CPU.ActiveCfg = Debug|Any CPU
		{529383E5-B224-4973-B1C7-7DC63757F53B}.Debug|Any CPU.Build.0 = Debug|Any CPU
		{C18FF940-F15E-4B16-B727-A5C90DEAB209}.Debug|Any CPU.ActiveCfg = Debug|Any CPU
		{C18FF940-F15E-4B16-B727-A5C90DEAB209}.Debug|Any CPU.Build.0 = Debug|Any CPU
		{51DA944A-895D-4D85-AB21-2BEB4DF6B45C}.Debug|Any CPU.ActiveCfg = Debug|iPhoneSimulator
		{51DA944A-895D-4D85-AB21-2BEB4DF6B45C}.Debug|Any CPU.Build.0 = Debug|iPhoneSimulator
		{51DA944A-895D-4D85-AB21-2BEB4DF6B45C}.Debug|iPhone.ActiveCfg = Debug|iPhone
		{51DA944A-895D-4D85-AB21-2BEB4DF6B45C}.Debug|iPhone.Build.0 = Debug|iPhone
		{51DA944A-895D-4D85-AB21-2BEB4DF6B45C}.Debug|iPhoneSimulator.ActiveCfg = Debug|iPhoneSimulator
		{51DA944A-895D-4D85-AB21-2BEB4DF6B45C}.Debug|iPhoneSimulator.Build.0 = Debug|iPhoneSimulator
		{51DA944A-895D-4D85-AB21-2BEB4DF6B45C}.Release|Any CPU.ActiveCfg = Release|iPhoneSimulator
		{51DA944A-895D-4D85-AB21-2BEB4DF6B45C}.Release|Any CPU.Build.0 = Release|iPhoneSimulator
		{51DA944A-895D-4D85-AB21-2BEB4DF6B45C}.Release|iPhone.ActiveCfg = Release|iPhone
		{51DA944A-895D-4D85-AB21-2BEB4DF6B45C}.Release|iPhone.Build.0 = Release|iPhone
		{51DA944A-895D-4D85-AB21-2BEB4DF6B45C}.Release|iPhoneSimulator.ActiveCfg = Release|iPhoneSimulator
		{51DA944A-895D-4D85-AB21-2BEB4DF6B45C}.Release|iPhoneSimulator.Build.0 = Release|iPhoneSimulator
		{05BFCEEB-1901-4BD2-AFDA-2FFFC320F745}.Debug|Any CPU.ActiveCfg = Debug|iPhoneSimulator
		{05BFCEEB-1901-4BD2-AFDA-2FFFC320F745}.Debug|Any CPU.Build.0 = Debug|iPhoneSimulator
		{AA9792BA-28DA-4EF2-BA3B-AD307AB68365}.Debug|Any CPU.ActiveCfg = Debug|Any CPU
		{AA9792BA-28DA-4EF2-BA3B-AD307AB68365}.Debug|Any CPU.Build.0 = Debug|Any CPU
		{AA9792BA-28DA-4EF2-BA3B-AD307AB68365}.Debug|iPhone.ActiveCfg = Debug|Any CPU
		{AA9792BA-28DA-4EF2-BA3B-AD307AB68365}.Debug|iPhone.Build.0 = Debug|Any CPU
		{AA9792BA-28DA-4EF2-BA3B-AD307AB68365}.Debug|iPhoneSimulator.ActiveCfg = Debug|Any CPU
		{AA9792BA-28DA-4EF2-BA3B-AD307AB68365}.Debug|iPhoneSimulator.Build.0 = Debug|Any CPU
		{AA9792BA-28DA-4EF2-BA3B-AD307AB68365}.Release|Any CPU.ActiveCfg = Release|Any CPU
		{AA9792BA-28DA-4EF2-BA3B-AD307AB68365}.Release|Any CPU.Build.0 = Release|Any CPU
		{AA9792BA-28DA-4EF2-BA3B-AD307AB68365}.Release|iPhone.ActiveCfg = Release|Any CPU
		{AA9792BA-28DA-4EF2-BA3B-AD307AB68365}.Release|iPhone.Build.0 = Release|Any CPU
		{AA9792BA-28DA-4EF2-BA3B-AD307AB68365}.Release|iPhoneSimulator.ActiveCfg = Release|Any CPU
		{AA9792BA-28DA-4EF2-BA3B-AD307AB68365}.Release|iPhoneSimulator.Build.0 = Release|Any CPU
		{5BC8A93B-6FEA-43C0-8993-781B2C6A449A}.Debug|Any CPU.ActiveCfg = Debug|Any CPU
		{5BC8A93B-6FEA-43C0-8993-781B2C6A449A}.Debug|Any CPU.Build.0 = Debug|Any CPU
		{5BC8A93B-6FEA-43C0-8993-781B2C6A449A}.Debug|iPhone.ActiveCfg = Debug|Any CPU
		{5BC8A93B-6FEA-43C0-8993-781B2C6A449A}.Debug|iPhone.Build.0 = Debug|Any CPU
		{5BC8A93B-6FEA-43C0-8993-781B2C6A449A}.Debug|iPhoneSimulator.ActiveCfg = Debug|Any CPU
		{5BC8A93B-6FEA-43C0-8993-781B2C6A449A}.Debug|iPhoneSimulator.Build.0 = Debug|Any CPU
		{5BC8A93B-6FEA-43C0-8993-781B2C6A449A}.Release|Any CPU.ActiveCfg = Release|Any CPU
		{5BC8A93B-6FEA-43C0-8993-781B2C6A449A}.Release|Any CPU.Build.0 = Release|Any CPU
		{5BC8A93B-6FEA-43C0-8993-781B2C6A449A}.Release|iPhone.ActiveCfg = Release|Any CPU
		{5BC8A93B-6FEA-43C0-8993-781B2C6A449A}.Release|iPhone.Build.0 = Release|Any CPU
		{5BC8A93B-6FEA-43C0-8993-781B2C6A449A}.Release|iPhoneSimulator.ActiveCfg = Release|Any CPU
		{5BC8A93B-6FEA-43C0-8993-781B2C6A449A}.Release|iPhoneSimulator.Build.0 = Release|Any CPU
		{F647CE79-70D2-48E7-A1A9-4C161EE26693}.Debug|Any CPU.ActiveCfg = Debug|Any CPU
		{F647CE79-70D2-48E7-A1A9-4C161EE26693}.Debug|Any CPU.Build.0 = Debug|Any CPU
		{F647CE79-70D2-48E7-A1A9-4C161EE26693}.Debug|iPhone.ActiveCfg = Debug|Any CPU
		{F647CE79-70D2-48E7-A1A9-4C161EE26693}.Debug|iPhone.Build.0 = Debug|Any CPU
		{F647CE79-70D2-48E7-A1A9-4C161EE26693}.Debug|iPhoneSimulator.ActiveCfg = Debug|Any CPU
		{F647CE79-70D2-48E7-A1A9-4C161EE26693}.Debug|iPhoneSimulator.Build.0 = Debug|Any CPU
		{F647CE79-70D2-48E7-A1A9-4C161EE26693}.Release|Any CPU.ActiveCfg = Release|Any CPU
		{F647CE79-70D2-48E7-A1A9-4C161EE26693}.Release|Any CPU.Build.0 = Release|Any CPU
		{F647CE79-70D2-48E7-A1A9-4C161EE26693}.Release|iPhone.ActiveCfg = Release|Any CPU
		{F647CE79-70D2-48E7-A1A9-4C161EE26693}.Release|iPhone.Build.0 = Release|Any CPU
		{F647CE79-70D2-48E7-A1A9-4C161EE26693}.Release|iPhoneSimulator.ActiveCfg = Release|Any CPU
		{F647CE79-70D2-48E7-A1A9-4C161EE26693}.Release|iPhoneSimulator.Build.0 = Release|Any CPU
		{CDB82856-FF95-48BB-A65C-08F519E977CC}.Debug|Any CPU.ActiveCfg = Debug|Any CPU
		{CDB82856-FF95-48BB-A65C-08F519E977CC}.Debug|Any CPU.Build.0 = Debug|Any CPU
		{AF0FCE40-46F3-42E4-86B5-551ED02217E3}.Debug|Any CPU.ActiveCfg = Debug|Any CPU
		{AF0FCE40-46F3-42E4-86B5-551ED02217E3}.Debug|Any CPU.Build.0 = Debug|Any CPU
		{AF0FCE40-46F3-42E4-86B5-551ED02217E3}.Debug|iPhone.ActiveCfg = Debug|Any CPU
		{AF0FCE40-46F3-42E4-86B5-551ED02217E3}.Debug|iPhone.Build.0 = Debug|Any CPU
		{AF0FCE40-46F3-42E4-86B5-551ED02217E3}.Debug|iPhoneSimulator.ActiveCfg = Debug|Any CPU
		{AF0FCE40-46F3-42E4-86B5-551ED02217E3}.Debug|iPhoneSimulator.Build.0 = Debug|Any CPU
		{AF0FCE40-46F3-42E4-86B5-551ED02217E3}.Release|Any CPU.ActiveCfg = Release|Any CPU
		{AF0FCE40-46F3-42E4-86B5-551ED02217E3}.Release|Any CPU.Build.0 = Release|Any CPU
		{AF0FCE40-46F3-42E4-86B5-551ED02217E3}.Release|iPhone.ActiveCfg = Release|Any CPU
		{AF0FCE40-46F3-42E4-86B5-551ED02217E3}.Release|iPhone.Build.0 = Release|Any CPU
		{AF0FCE40-46F3-42E4-86B5-551ED02217E3}.Release|iPhoneSimulator.ActiveCfg = Release|Any CPU
		{AF0FCE40-46F3-42E4-86B5-551ED02217E3}.Release|iPhoneSimulator.Build.0 = Release|Any CPU
		{279E5A7C-D6A1-4505-8978-E8B59735785A}.Debug|Any CPU.ActiveCfg = Debug|Any CPU
		{279E5A7C-D6A1-4505-8978-E8B59735785A}.Debug|Any CPU.Build.0 = Debug|Any CPU
		{279E5A7C-D6A1-4505-8978-E8B59735785A}.Debug|iPhone.ActiveCfg = Debug|Any CPU
		{279E5A7C-D6A1-4505-8978-E8B59735785A}.Debug|iPhone.Build.0 = Debug|Any CPU
		{279E5A7C-D6A1-4505-8978-E8B59735785A}.Debug|iPhoneSimulator.ActiveCfg = Debug|Any CPU
		{279E5A7C-D6A1-4505-8978-E8B59735785A}.Debug|iPhoneSimulator.Build.0 = Debug|Any CPU
		{279E5A7C-D6A1-4505-8978-E8B59735785A}.Release|Any CPU.ActiveCfg = Release|Any CPU
		{279E5A7C-D6A1-4505-8978-E8B59735785A}.Release|Any CPU.Build.0 = Release|Any CPU
		{279E5A7C-D6A1-4505-8978-E8B59735785A}.Release|iPhone.ActiveCfg = Release|Any CPU
		{279E5A7C-D6A1-4505-8978-E8B59735785A}.Release|iPhone.Build.0 = Release|Any CPU
		{279E5A7C-D6A1-4505-8978-E8B59735785A}.Release|iPhoneSimulator.ActiveCfg = Release|Any CPU
		{279E5A7C-D6A1-4505-8978-E8B59735785A}.Release|iPhoneSimulator.Build.0 = Release|Any CPU
		{81168599-CFC6-4459-98D5-1F9E708B9C38}.Debug|Any CPU.ActiveCfg = Debug|Any CPU
		{81168599-CFC6-4459-98D5-1F9E708B9C38}.Debug|Any CPU.Build.0 = Debug|Any CPU
		{81168599-CFC6-4459-98D5-1F9E708B9C38}.Debug|iPhone.ActiveCfg = Debug|Any CPU
		{81168599-CFC6-4459-98D5-1F9E708B9C38}.Debug|iPhone.Build.0 = Debug|Any CPU
		{81168599-CFC6-4459-98D5-1F9E708B9C38}.Debug|iPhoneSimulator.ActiveCfg = Debug|Any CPU
		{81168599-CFC6-4459-98D5-1F9E708B9C38}.Debug|iPhoneSimulator.Build.0 = Debug|Any CPU
		{81168599-CFC6-4459-98D5-1F9E708B9C38}.Release|Any CPU.ActiveCfg = Release|Any CPU
		{81168599-CFC6-4459-98D5-1F9E708B9C38}.Release|Any CPU.Build.0 = Release|Any CPU
		{81168599-CFC6-4459-98D5-1F9E708B9C38}.Release|iPhone.ActiveCfg = Release|Any CPU
		{81168599-CFC6-4459-98D5-1F9E708B9C38}.Release|iPhone.Build.0 = Release|Any CPU
		{81168599-CFC6-4459-98D5-1F9E708B9C38}.Release|iPhoneSimulator.ActiveCfg = Release|Any CPU
		{81168599-CFC6-4459-98D5-1F9E708B9C38}.Release|iPhoneSimulator.Build.0 = Release|Any CPU
		{18BBE5BE-DA74-4EA7-93F0-33598DC8BEA7}.Debug|Any CPU.ActiveCfg = Debug|Any CPU
		{18BBE5BE-DA74-4EA7-93F0-33598DC8BEA7}.Debug|Any CPU.Build.0 = Debug|Any CPU
		{3386AD71-6383-44CC-AFB9-92B565FFEFA8}.Debug|Any CPU.ActiveCfg = Debug|Any CPU
		{3386AD71-6383-44CC-AFB9-92B565FFEFA8}.Debug|Any CPU.Build.0 = Debug|Any CPU
		{3386AD71-6383-44CC-AFB9-92B565FFEFA8}.Debug|iPhone.ActiveCfg = Debug|Any CPU
		{3386AD71-6383-44CC-AFB9-92B565FFEFA8}.Debug|iPhone.Build.0 = Debug|Any CPU
		{3386AD71-6383-44CC-AFB9-92B565FFEFA8}.Debug|iPhoneSimulator.ActiveCfg = Debug|Any CPU
		{3386AD71-6383-44CC-AFB9-92B565FFEFA8}.Debug|iPhoneSimulator.Build.0 = Debug|Any CPU
		{3386AD71-6383-44CC-AFB9-92B565FFEFA8}.Release|Any CPU.ActiveCfg = Release|Any CPU
		{3386AD71-6383-44CC-AFB9-92B565FFEFA8}.Release|Any CPU.Build.0 = Release|Any CPU
		{3386AD71-6383-44CC-AFB9-92B565FFEFA8}.Release|iPhone.ActiveCfg = Release|Any CPU
		{3386AD71-6383-44CC-AFB9-92B565FFEFA8}.Release|iPhone.Build.0 = Release|Any CPU
		{3386AD71-6383-44CC-AFB9-92B565FFEFA8}.Release|iPhoneSimulator.ActiveCfg = Release|Any CPU
		{3386AD71-6383-44CC-AFB9-92B565FFEFA8}.Release|iPhoneSimulator.Build.0 = Release|Any CPU
		{3ED4FEE0-E007-4886-B23C-21A26AD49A27}.Debug|Any CPU.ActiveCfg = Debug|Any CPU
		{3ED4FEE0-E007-4886-B23C-21A26AD49A27}.Debug|Any CPU.Build.0 = Debug|Any CPU
		{3ED4FEE0-E007-4886-B23C-21A26AD49A27}.Debug|iPhone.ActiveCfg = Debug|Any CPU
		{3ED4FEE0-E007-4886-B23C-21A26AD49A27}.Debug|iPhone.Build.0 = Debug|Any CPU
		{3ED4FEE0-E007-4886-B23C-21A26AD49A27}.Debug|iPhoneSimulator.ActiveCfg = Debug|Any CPU
		{3ED4FEE0-E007-4886-B23C-21A26AD49A27}.Debug|iPhoneSimulator.Build.0 = Debug|Any CPU
		{3ED4FEE0-E007-4886-B23C-21A26AD49A27}.Release|Any CPU.ActiveCfg = Release|Any CPU
		{3ED4FEE0-E007-4886-B23C-21A26AD49A27}.Release|Any CPU.Build.0 = Release|Any CPU
		{3ED4FEE0-E007-4886-B23C-21A26AD49A27}.Release|iPhone.ActiveCfg = Release|Any CPU
		{3ED4FEE0-E007-4886-B23C-21A26AD49A27}.Release|iPhone.Build.0 = Release|Any CPU
		{3ED4FEE0-E007-4886-B23C-21A26AD49A27}.Release|iPhoneSimulator.ActiveCfg = Release|Any CPU
		{3ED4FEE0-E007-4886-B23C-21A26AD49A27}.Release|iPhoneSimulator.Build.0 = Release|Any CPU
	EndGlobalSection
	GlobalSection(SolutionProperties) = preSolution
		HideSolutionNode = FALSE
	EndGlobalSection
	GlobalSection(NestedProjects) = preSolution
		{0F4964C7-A0DB-41E8-A8DE-01861F2FE09C} = {FBBB8608-7B63-4C07-9609-16DDEB01C081}
		{666C61C6-011C-407F-8D85-98DFD189651C} = {FBBB8608-7B63-4C07-9609-16DDEB01C081}
		{32C47342-CF7F-4FE6-A3BA-E12E5BE126E5} = {FBBB8608-7B63-4C07-9609-16DDEB01C081}
		{B523812B-9A7A-4D22-905E-878F93DC8FCF} = {FBBB8608-7B63-4C07-9609-16DDEB01C081}
		{DD591044-71E4-47D3-8580-3B995B59D9E6} = {B523812B-9A7A-4D22-905E-878F93DC8FCF}
		{C206E223-238E-44B5-A654-DACB38790FDD} = {24A9DC1C-F5B9-48D4-916E-DF7C0B0A0BBE}
		{F20C1377-D697-49DF-BFC6-29A09631AAD1} = {24A9DC1C-F5B9-48D4-916E-DF7C0B0A0BBE}
		{1998B69B-8AD6-4170-86D1-22CFF5685D8F} = {A334223E-6B2A-466D-94E6-D8CB637A5472}
		{D7004700-9E85-416C-A4B4-90F4B42F0CF4} = {24A9DC1C-F5B9-48D4-916E-DF7C0B0A0BBE}
		{AD306162-8DAD-4DBD-B264-BDA8765CC107} = {A334223E-6B2A-466D-94E6-D8CB637A5472}
		{C16867FC-93FC-4E4C-B4DF-6F40D9615E01} = {A334223E-6B2A-466D-94E6-D8CB637A5472}
		{02319977-D222-4DA2-AE49-05EEF92B3DBF} = {A334223E-6B2A-466D-94E6-D8CB637A5472}
		{88CC3650-709A-4A60-A43B-0FE2F6C4098D} = {0F4964C7-A0DB-41E8-A8DE-01861F2FE09C}
		{6B3ED949-8155-4029-89B0-68AEC8EDC255} = {0F4964C7-A0DB-41E8-A8DE-01861F2FE09C}
		{4E7F6BD9-33C0-4544-9186-7FDCD0047F4B} = {C206E223-238E-44B5-A654-DACB38790FDD}
		{635CB2B3-5ECA-4B22-B520-92111FEC6C3B} = {C206E223-238E-44B5-A654-DACB38790FDD}
		{80D20B03-FF89-47CF-A676-B67B9DE2DAF2} = {1998B69B-8AD6-4170-86D1-22CFF5685D8F}
		{DA803D6D-59D2-4BA0-8DEC-2C6B054B025C} = {1998B69B-8AD6-4170-86D1-22CFF5685D8F}
		{679912D4-692E-4EE0-AE47-84553C6A2607} = {666C61C6-011C-407F-8D85-98DFD189651C}
		{924FD7A2-5FE6-4EBF-B441-A75FFCF544F1} = {F20C1377-D697-49DF-BFC6-29A09631AAD1}
		{FCA2D62B-E44E-45F4-8AC8-12FCAC4B8A7A} = {D7004700-9E85-416C-A4B4-90F4B42F0CF4}
		{B72209A6-B110-468F-B4BE-BE424397E632} = {666C61C6-011C-407F-8D85-98DFD189651C}
		{FF8B355E-D31A-493E-AFE5-AEC979CC50AE} = {32C47342-CF7F-4FE6-A3BA-E12E5BE126E5}
		{52BE2EB0-7B17-4F27-AE71-9A5CBD9BBD81} = {32C47342-CF7F-4FE6-A3BA-E12E5BE126E5}
		{72D9836A-F902-46A3-8E71-6B327C5D24BB} = {32C47342-CF7F-4FE6-A3BA-E12E5BE126E5}
		{04785BB0-C497-4FA1-B3C9-5EE37E8DC29E} = {32C47342-CF7F-4FE6-A3BA-E12E5BE126E5}
		{331716C4-F53E-44FD-9798-2FA4797C6644} = {666C61C6-011C-407F-8D85-98DFD189651C}
		{DE4BA22B-5240-4253-8CDE-18FD4E46E256} = {666C61C6-011C-407F-8D85-98DFD189651C}
		{529383E5-B224-4973-B1C7-7DC63757F53B} = {0F4964C7-A0DB-41E8-A8DE-01861F2FE09C}
		{C18FF940-F15E-4B16-B727-A5C90DEAB209} = {0F4964C7-A0DB-41E8-A8DE-01861F2FE09C}
		{51DA944A-895D-4D85-AB21-2BEB4DF6B45C} = {0F4964C7-A0DB-41E8-A8DE-01861F2FE09C}
		{05BFCEEB-1901-4BD2-AFDA-2FFFC320F745} = {0F4964C7-A0DB-41E8-A8DE-01861F2FE09C}
		{AA9792BA-28DA-4EF2-BA3B-AD307AB68365} = {0F4964C7-A0DB-41E8-A8DE-01861F2FE09C}
		{5BC8A93B-6FEA-43C0-8993-781B2C6A449A} = {666C61C6-011C-407F-8D85-98DFD189651C}
		{5431CD24-DB01-4190-8908-E92C81AF896C} = {666C61C6-011C-407F-8D85-98DFD189651C}
		{F647CE79-70D2-48E7-A1A9-4C161EE26693} = {666C61C6-011C-407F-8D85-98DFD189651C}
		{18BBE5BE-DA74-4EA7-93F0-33598DC8BEA7} = {A334223E-6B2A-466D-94E6-D8CB637A5472}
		{3386AD71-6383-44CC-AFB9-92B565FFEFA8} = {A334223E-6B2A-466D-94E6-D8CB637A5472}
		{3ED4FEE0-E007-4886-B23C-21A26AD49A27} = {A334223E-6B2A-466D-94E6-D8CB637A5472}
		{CDB82856-FF95-48BB-A65C-08F519E977CC} = {1998B69B-8AD6-4170-86D1-22CFF5685D8F}
		{AF0FCE40-46F3-42E4-86B5-551ED02217E3} = {1998B69B-8AD6-4170-86D1-22CFF5685D8F}
		{279E5A7C-D6A1-4505-8978-E8B59735785A} = {1998B69B-8AD6-4170-86D1-22CFF5685D8F}
		{81168599-CFC6-4459-98D5-1F9E708B9C38} = {02319977-D222-4DA2-AE49-05EEF92B3DBF}
	EndGlobalSection
	GlobalSection(ExtensibilityGlobals) = postSolution
		SolutionGuid = {AF39AB59-9991-4134-A69A-4A88A5503FC7}
	EndGlobalSection
	GlobalSection(MonoDevelopProperties) = preSolution
		Policies = $0
		$0.DotNetNamingPolicy = $1
		$1.DirectoryNamespaceAssociation = PrefixedHierarchical
	EndGlobalSection
EndGlobal
