Microsoft Visual Studio Solution File, Format Version 12.00
# Visual Studio 15
VisualStudioVersion = 15.0.28010.2019
MinimumVisualStudioVersion = 10.0.40219.1
Project("{FAE04EC0-301F-11D3-BF4B-00C04F79EFBC}") = "FigmaSharp", "FigmaSharp\FigmaSharp.csproj", "{AD306162-8DAD-4DBD-B264-BDA8765CC107}"
EndProject
Project("{2150E333-8FDC-42A3-9474-1A3956D46DE8}") = "Exporters", "Exporters", "{F20C1377-D697-49DF-BFC6-29A09631AAD1}"
EndProject
Project("{2150E333-8FDC-42A3-9474-1A3956D46DE8}") = "Examples", "Examples", "{FBBB8608-7B63-4C07-9609-16DDEB01C081}"
EndProject
Project("{2150E333-8FDC-42A3-9474-1A3956D46DE8}") = "FigmaSharp.NativeControls", "FigmaSharp.NativeControls", "{1998B69B-8AD6-4170-86D1-22CFF5685D8F}"
EndProject
Project("{2150E333-8FDC-42A3-9474-1A3956D46DE8}") = "Basic", "Basic", "{0F4964C7-A0DB-41E8-A8DE-01861F2FE09C}"
EndProject
Project("{2150E333-8FDC-42A3-9474-1A3956D46DE8}") = "LocalFile", "LocalFile", "{666C61C6-011C-407F-8D85-98DFD189651C}"
EndProject
Project("{2150E333-8FDC-42A3-9474-1A3956D46DE8}") = "NativeControls", "NativeControls", "{32C47342-CF7F-4FE6-A3BA-E12E5BE126E5}"
EndProject
Project("{2150E333-8FDC-42A3-9474-1A3956D46DE8}") = "Designers", "Designers", "{C206E223-238E-44B5-A654-DACB38790FDD}"
EndProject
Project("{2150E333-8FDC-42A3-9474-1A3956D46DE8}") = "ToCode", "ToCode", "{B523812B-9A7A-4D22-905E-878F93DC8FCF}"
EndProject
Project("{FAE04EC0-301F-11D3-BF4B-00C04F79EFBC}") = "ToCode.Cocoa", "samples\to-code\ToCode.Cocoa\ToCode.Cocoa.csproj", "{DD591044-71E4-47D3-8580-3B995B59D9E6}"
EndProject
Project("{2150E333-8FDC-42A3-9474-1A3956D46DE8}") = "FigmaSharp.Tests", "FigmaSharp.Tests", "{02319977-D222-4DA2-AE49-05EEF92B3DBF}"
EndProject
Project("{2150E333-8FDC-42A3-9474-1A3956D46DE8}") = "FigmaSharp.Tools", "FigmaSharp.Tools", "{24A9DC1C-F5B9-48D4-916E-DF7C0B0A0BBE}"
EndProject
Project("{2150E333-8FDC-42A3-9474-1A3956D46DE8}") = "FigmaSharp", "FigmaSharp", "{A334223E-6B2A-466D-94E6-D8CB637A5472}"
EndProject
Project("{2150E333-8FDC-42A3-9474-1A3956D46DE8}") = "Extensions", "Extensions", "{D7004700-9E85-416C-A4B4-90F4B42F0CF4}"
EndProject
Project("{D954291E-2A0B-460D-934E-DC6B0785DB48}") = "BasicRendering.Shared", "samples\basic-rendering\BasicRendering.Shared\BasicRendering.Shared.shproj", "{88CC3650-709A-4A60-A43B-0FE2F6C4098D}"
EndProject
Project("{FAE04EC0-301F-11D3-BF4B-00C04F79EFBC}") = "BasicRendering.Cocoa", "samples\basic-rendering\BasicRendering.Cocoa\BasicRendering.Cocoa.csproj", "{6B3ED949-8155-4029-89B0-68AEC8EDC255}"
EndProject
Project("{FAE04EC0-301F-11D3-BF4B-00C04F79EFBC}") = "FigmaSharp.Designer", "FigmaSharp.Tools\FigmaSharp.Designer\FigmaSharp.Designer.csproj", "{4E7F6BD9-33C0-4544-9186-7FDCD0047F4B}"
EndProject
Project("{FAE04EC0-301F-11D3-BF4B-00C04F79EFBC}") = "StandaloneDesigner", "FigmaSharp.Tools\FigmaSharp.Designer\StandaloneDesigner\StandaloneDesigner.csproj", "{635CB2B3-5ECA-4B22-B520-92111FEC6C3B}"
EndProject
Project("{FAE04EC0-301F-11D3-BF4B-00C04F79EFBC}") = "FigmaSharp.NativeControls", "FigmaSharp.NativeControls\FigmaSharp.NativeControls\FigmaSharp.NativeControls.csproj", "{80D20B03-FF89-47CF-A676-B67B9DE2DAF2}"
EndProject
Project("{FAE04EC0-301F-11D3-BF4B-00C04F79EFBC}") = "FigmaSharp.NativeControls.Cocoa", "FigmaSharp.NativeControls\FigmaSharp.NativeControls.Cocoa\FigmaSharp.NativeControls.Cocoa.csproj", "{DA803D6D-59D2-4BA0-8DEC-2C6B054B025C}"
EndProject
Project("{FAE04EC0-301F-11D3-BF4B-00C04F79EFBC}") = "LocalFile.Forms.iOS", "samples\local-file-rendering\LocalFile.Forms.iOS\LocalFile.Forms.iOS.csproj", "{679912D4-692E-4EE0-AE47-84553C6A2607}"
EndProject
Project("{FAE04EC0-301F-11D3-BF4B-00C04F79EFBC}") = "FigmaFileExporter", "FigmaSharp.Tools\FigmaFileExporter\FigmaFileExporter.csproj", "{924FD7A2-5FE6-4EBF-B441-A75FFCF544F1}"
EndProject
Project("{FAE04EC0-301F-11D3-BF4B-00C04F79EFBC}") = "MonoDevelop.Figma", "FigmaSharp.Tools\MonoDevelop.Figma\MonoDevelop.Figma.csproj", "{FCA2D62B-E44E-45F4-8AC8-12FCAC4B8A7A}"
EndProject
Project("{FAE04EC0-301F-11D3-BF4B-00C04F79EFBC}") = "LocalFile.Cocoa", "samples\local-file-rendering\LocalFile.Cocoa\LocalFile.Cocoa.csproj", "{B72209A6-B110-468F-B4BE-BE424397E632}"
EndProject
Project("{FAE04EC0-301F-11D3-BF4B-00C04F79EFBC}") = "NativeControls.Cocoa", "samples\native-controls\NativeControls.Cocoa\NativeControls.Cocoa.csproj", "{FF8B355E-D31A-493E-AFE5-AEC979CC50AE}"
EndProject
Project("{FAE04EC0-301F-11D3-BF4B-00C04F79EFBC}") = "NativeControls.Gtk", "samples\native-controls\NativeControls.GtkSharp\NativeControls.Gtk.csproj", "{52BE2EB0-7B17-4F27-AE71-9A5CBD9BBD81}"
EndProject
Project("{FAE04EC0-301F-11D3-BF4B-00C04F79EFBC}") = "NativeControls.iOS", "samples\native-controls\NativeControls.iOS\NativeControls.iOS.csproj", "{72D9836A-F902-46A3-8E71-6B327C5D24BB}"
EndProject
Project("{D954291E-2A0B-460D-934E-DC6B0785DB48}") = "NativeControls.Shared", "samples\native-controls\NativeControls.Shared\NativeControls.Shared.shproj", "{04785BB0-C497-4FA1-B3C9-5EE37E8DC29E}"
EndProject
Project("{D954291E-2A0B-460D-934E-DC6B0785DB48}") = "LocalFile.Shared", "samples\local-file-rendering\LocalFile.Shared\LocalFile.Shared.shproj", "{DE4BA22B-5240-4253-8CDE-18FD4E46E256}"
EndProject
Project("{9344BDBB-3E7F-41FC-A0DD-8665D75EE146}") = "BasicRendering.Forms", "samples\basic-rendering\BasicRendering.Forms\BasicRendering.Forms.csproj", "{78F74604-DE32-4E7F-B18A-1EA98E389F6C}"
EndProject
Project("{9344BDBB-3E7F-41FC-A0DD-8665D75EE146}") = "BasicRendering.Forms.Android", "samples\basic-rendering\BasicRendering.Forms.Android\BasicRendering.Forms.Android.csproj", "{1BAB954B-24A7-4AA9-94BE-72EAF9149C48}"
EndProject
Project("{9344BDBB-3E7F-41FC-A0DD-8665D75EE146}") = "BasicRendering.Forms.iOS", "samples\basic-rendering\BasicRendering.Forms.iOS\BasicRendering.Forms.iOS.csproj", "{E6102B86-E556-4377-9C05-1570C0DE1A63}"
EndProject
Project("{9344BDBB-3E7F-41FC-A0DD-8665D75EE146}") = "BasicRendering.iOS", "samples\basic-rendering\BasicRendering.iOS\BasicRendering.iOS.csproj", "{CB84521D-31BA-4604-A3A4-ACAD43BA5F20}"
EndProject
Project("{9344BDBB-3E7F-41FC-A0DD-8665D75EE146}") = "BasicRendering.Gtk", "samples\basic-rendering\BasicRendering.Gtk\BasicRendering.Gtk.csproj", "{3DA391F2-2D9E-4CC5-B0EB-18560F91F113}"
EndProject
Project("{9344BDBB-3E7F-41FC-A0DD-8665D75EE146}") = "LocalFile.Forms.Android", "samples\local-file-rendering\LocalFile.Forms.Android\LocalFile.Forms.Android.csproj", "{7899D298-F2BE-4724-94F4-D1ED51EF2743}"
EndProject
Project("{9344BDBB-3E7F-41FC-A0DD-8665D75EE146}") = "LocalFile.Forms", "samples\local-file-rendering\LocalFile.Forms\LocalFile.Forms.shproj", "{EC7B9112-9ACF-4856-966A-6AD0533E72B6}"
EndProject
Project("{9344BDBB-3E7F-41FC-A0DD-8665D75EE146}") = "LocalFile.Gtk", "samples\local-file-rendering\LocalFile.Gtk\LocalFile.Gtk.csproj", "{1460810C-ACAE-4E95-AF45-67910CEFABF1}"
EndProject
Project("{9344BDBB-3E7F-41FC-A0DD-8665D75EE146}") = "LocalFile.iOS", "samples\local-file-rendering\LocalFile.iOS\LocalFile.iOS.csproj", "{8589C6BB-2C46-42E5-BFEA-FBC31930165D}"
EndProject
Project("{9344BDBB-3E7F-41FC-A0DD-8665D75EE146}") = "FigmaSharp.NativeControls.Forms", "FigmaSharp.NativeControls\FigmaSharp.NativeControls.Forms\FigmaSharp.NativeControls.Forms.csproj", "{97000B61-E504-4C9B-B5A8-81CB903D38C0}"
EndProject
Project("{9344BDBB-3E7F-41FC-A0DD-8665D75EE146}") = "FigmaSharp.NativeControls.iOS", "FigmaSharp.NativeControls\FigmaSharp.NativeControls.iOS\FigmaSharp.NativeControls.iOS.csproj", "{C08688D4-46E7-42AC-8596-AB5431955006}"
EndProject
Project("{9344BDBB-3E7F-41FC-A0DD-8665D75EE146}") = "FigmaSharp.NativeControls.Gtk", "FigmaSharp.NativeControls\FigmaSharp.NativeControls.Gtk\FigmaSharp.NativeControls.Gtk.csproj", "{33358586-B39F-4B07-B42C-D6514DBF6F15}"
EndProject
Project("{9344BDBB-3E7F-41FC-A0DD-8665D75EE146}") = "FigmaSharp.Tests", "FigmaSharp.Tests\FigmaSharp.Tests.csproj", "{5E6E72F1-49F2-4E98-9FDE-8166427EB28C}"
EndProject
Project("{FAE04EC0-301F-11D3-BF4B-00C04F79EFBC}") = "FigmaSharp.Cocoa", "FigmaSharp\FigmaSharp.Cocoa\FigmaSharp.Cocoa.csproj", "{C16867FC-93FC-4E4C-B4DF-6F40D9615E01}"
EndProject
Project("{FAE04EC0-301F-11D3-BF4B-00C04F79EFBC}") = "FigmaSharp.Forms", "FigmaSharp\FigmaSharp.Forms\FigmaSharp.Forms.csproj", "{B07CCFAD-69FF-4F84-AAE6-EB007D996EDE}"
EndProject
Project("{FAE04EC0-301F-11D3-BF4B-00C04F79EFBC}") = "FigmaSharp.Gtk", "FigmaSharp\FigmaSharp.Gtk\FigmaSharp.Gtk.csproj", "{03E72A72-2DCF-4177-B049-2112CD58A4AC}"
EndProject
Project("{FAE04EC0-301F-11D3-BF4B-00C04F79EFBC}") = "FigmaSharp.iOS", "FigmaSharp\FigmaSharp.iOS\FigmaSharp.iOS.csproj", "{D800A90B-44BD-4C94-85AE-B31C9389D0D2}"
EndProject
Global
	GlobalSection(SharedMSBuildProjectFiles) = preSolution
		ExampleFigma.Shared\ExampleFigma.Shared.projitems*{461b4a01-c603-4c8a-9763-642197569e9a}*SharedItemsImports = 4
		ExampleFigma.Shared\ExampleFigma.Shared.projitems*{6b3ed949-8155-4029-89b0-68aec8edc255}*SharedItemsImports = 4
		ExampleFigma.Shared\ExampleFigma.Shared.projitems*{72d9836a-f902-46a3-8e71-6b327c5d24bb}*SharedItemsImports = 4
		ExampleFigma.Shared\ExampleFigma.Shared.projitems*{88cc3650-709a-4a60-a43b-0fe2f6c4098d}*SharedItemsImports = 13
	EndGlobalSection
	GlobalSection(SolutionConfigurationPlatforms) = preSolution
		Debug|Any CPU = Debug|Any CPU
		Debug|iPhone = Debug|iPhone
		Debug|iPhoneSimulator = Debug|iPhoneSimulator
		Release|Any CPU = Release|Any CPU
		Release|iPhone = Release|iPhone
		Release|iPhoneSimulator = Release|iPhoneSimulator
	EndGlobalSection
	GlobalSection(ProjectConfigurationPlatforms) = postSolution
		{AD306162-8DAD-4DBD-B264-BDA8765CC107}.Debug|Any CPU.ActiveCfg = Debug|Any CPU
		{AD306162-8DAD-4DBD-B264-BDA8765CC107}.Debug|Any CPU.Build.0 = Debug|Any CPU
		{AD306162-8DAD-4DBD-B264-BDA8765CC107}.Debug|iPhone.ActiveCfg = Debug|Any CPU
		{AD306162-8DAD-4DBD-B264-BDA8765CC107}.Debug|iPhone.Build.0 = Debug|Any CPU
		{AD306162-8DAD-4DBD-B264-BDA8765CC107}.Debug|iPhoneSimulator.ActiveCfg = Debug|Any CPU
		{AD306162-8DAD-4DBD-B264-BDA8765CC107}.Debug|iPhoneSimulator.Build.0 = Debug|Any CPU
		{AD306162-8DAD-4DBD-B264-BDA8765CC107}.Release|Any CPU.ActiveCfg = Release|Any CPU
		{AD306162-8DAD-4DBD-B264-BDA8765CC107}.Release|Any CPU.Build.0 = Release|Any CPU
		{AD306162-8DAD-4DBD-B264-BDA8765CC107}.Release|iPhone.ActiveCfg = Release|Any CPU
		{AD306162-8DAD-4DBD-B264-BDA8765CC107}.Release|iPhone.Build.0 = Release|Any CPU
		{AD306162-8DAD-4DBD-B264-BDA8765CC107}.Release|iPhoneSimulator.ActiveCfg = Release|Any CPU
		{AD306162-8DAD-4DBD-B264-BDA8765CC107}.Release|iPhoneSimulator.Build.0 = Release|Any CPU
		{DD591044-71E4-47D3-8580-3B995B59D9E6}.Debug|Any CPU.ActiveCfg = Debug|Any CPU
		{DD591044-71E4-47D3-8580-3B995B59D9E6}.Debug|iPhone.ActiveCfg = Debug|Any CPU
		{DD591044-71E4-47D3-8580-3B995B59D9E6}.Debug|iPhone.Build.0 = Debug|Any CPU
		{DD591044-71E4-47D3-8580-3B995B59D9E6}.Debug|iPhoneSimulator.ActiveCfg = Debug|Any CPU
		{DD591044-71E4-47D3-8580-3B995B59D9E6}.Debug|iPhoneSimulator.Build.0 = Debug|Any CPU
		{DD591044-71E4-47D3-8580-3B995B59D9E6}.Release|Any CPU.ActiveCfg = Release|Any CPU
		{DD591044-71E4-47D3-8580-3B995B59D9E6}.Release|Any CPU.Build.0 = Release|Any CPU
		{DD591044-71E4-47D3-8580-3B995B59D9E6}.Release|iPhone.ActiveCfg = Release|Any CPU
		{DD591044-71E4-47D3-8580-3B995B59D9E6}.Release|iPhone.Build.0 = Release|Any CPU
		{DD591044-71E4-47D3-8580-3B995B59D9E6}.Release|iPhoneSimulator.ActiveCfg = Release|Any CPU
		{DD591044-71E4-47D3-8580-3B995B59D9E6}.Release|iPhoneSimulator.Build.0 = Release|Any CPU
		{DD591044-71E4-47D3-8580-3B995B59D9E6}.Debug|Any CPU.Build.0 = Debug|Any CPU
		{6B3ED949-8155-4029-89B0-68AEC8EDC255}.Debug|Any CPU.ActiveCfg = Debug|Any CPU
		{6B3ED949-8155-4029-89B0-68AEC8EDC255}.Debug|iPhone.ActiveCfg = Debug|Any CPU
		{6B3ED949-8155-4029-89B0-68AEC8EDC255}.Debug|iPhone.Build.0 = Debug|Any CPU
		{6B3ED949-8155-4029-89B0-68AEC8EDC255}.Debug|iPhoneSimulator.ActiveCfg = Debug|Any CPU
		{6B3ED949-8155-4029-89B0-68AEC8EDC255}.Debug|iPhoneSimulator.Build.0 = Debug|Any CPU
		{6B3ED949-8155-4029-89B0-68AEC8EDC255}.Release|Any CPU.ActiveCfg = Release|Any CPU
		{6B3ED949-8155-4029-89B0-68AEC8EDC255}.Release|Any CPU.Build.0 = Release|Any CPU
		{6B3ED949-8155-4029-89B0-68AEC8EDC255}.Release|iPhone.ActiveCfg = Release|Any CPU
		{6B3ED949-8155-4029-89B0-68AEC8EDC255}.Release|iPhone.Build.0 = Release|Any CPU
		{6B3ED949-8155-4029-89B0-68AEC8EDC255}.Release|iPhoneSimulator.ActiveCfg = Release|Any CPU
		{6B3ED949-8155-4029-89B0-68AEC8EDC255}.Release|iPhoneSimulator.Build.0 = Release|Any CPU
		{6B3ED949-8155-4029-89B0-68AEC8EDC255}.Debug|Any CPU.Build.0 = Debug|Any CPU
		{4E7F6BD9-33C0-4544-9186-7FDCD0047F4B}.Debug|Any CPU.ActiveCfg = Debug|Any CPU
		{4E7F6BD9-33C0-4544-9186-7FDCD0047F4B}.Debug|iPhone.ActiveCfg = Debug|Any CPU
		{4E7F6BD9-33C0-4544-9186-7FDCD0047F4B}.Debug|iPhone.Build.0 = Debug|Any CPU
		{4E7F6BD9-33C0-4544-9186-7FDCD0047F4B}.Debug|iPhoneSimulator.ActiveCfg = Debug|Any CPU
		{4E7F6BD9-33C0-4544-9186-7FDCD0047F4B}.Debug|iPhoneSimulator.Build.0 = Debug|Any CPU
		{4E7F6BD9-33C0-4544-9186-7FDCD0047F4B}.Release|Any CPU.ActiveCfg = Release|Any CPU
		{4E7F6BD9-33C0-4544-9186-7FDCD0047F4B}.Release|Any CPU.Build.0 = Release|Any CPU
		{4E7F6BD9-33C0-4544-9186-7FDCD0047F4B}.Release|iPhone.ActiveCfg = Release|Any CPU
		{4E7F6BD9-33C0-4544-9186-7FDCD0047F4B}.Release|iPhone.Build.0 = Release|Any CPU
		{4E7F6BD9-33C0-4544-9186-7FDCD0047F4B}.Release|iPhoneSimulator.ActiveCfg = Release|Any CPU
		{4E7F6BD9-33C0-4544-9186-7FDCD0047F4B}.Release|iPhoneSimulator.Build.0 = Release|Any CPU
		{4E7F6BD9-33C0-4544-9186-7FDCD0047F4B}.Debug|Any CPU.Build.0 = Debug|Any CPU
		{635CB2B3-5ECA-4B22-B520-92111FEC6C3B}.Debug|Any CPU.ActiveCfg = Debug|Any CPU
		{635CB2B3-5ECA-4B22-B520-92111FEC6C3B}.Debug|iPhone.ActiveCfg = Debug|Any CPU
		{635CB2B3-5ECA-4B22-B520-92111FEC6C3B}.Debug|iPhone.Build.0 = Debug|Any CPU
		{635CB2B3-5ECA-4B22-B520-92111FEC6C3B}.Debug|iPhoneSimulator.ActiveCfg = Debug|Any CPU
		{635CB2B3-5ECA-4B22-B520-92111FEC6C3B}.Debug|iPhoneSimulator.Build.0 = Debug|Any CPU
		{635CB2B3-5ECA-4B22-B520-92111FEC6C3B}.Release|Any CPU.ActiveCfg = Release|Any CPU
		{635CB2B3-5ECA-4B22-B520-92111FEC6C3B}.Release|Any CPU.Build.0 = Release|Any CPU
		{635CB2B3-5ECA-4B22-B520-92111FEC6C3B}.Release|iPhone.ActiveCfg = Release|Any CPU
		{635CB2B3-5ECA-4B22-B520-92111FEC6C3B}.Release|iPhone.Build.0 = Release|Any CPU
		{635CB2B3-5ECA-4B22-B520-92111FEC6C3B}.Release|iPhoneSimulator.ActiveCfg = Release|Any CPU
		{635CB2B3-5ECA-4B22-B520-92111FEC6C3B}.Release|iPhoneSimulator.Build.0 = Release|Any CPU
		{635CB2B3-5ECA-4B22-B520-92111FEC6C3B}.Debug|Any CPU.Build.0 = Debug|Any CPU
		{80D20B03-FF89-47CF-A676-B67B9DE2DAF2}.Debug|Any CPU.ActiveCfg = Debug|Any CPU
		{80D20B03-FF89-47CF-A676-B67B9DE2DAF2}.Debug|Any CPU.Build.0 = Debug|Any CPU
		{80D20B03-FF89-47CF-A676-B67B9DE2DAF2}.Debug|iPhone.ActiveCfg = Debug|Any CPU
		{80D20B03-FF89-47CF-A676-B67B9DE2DAF2}.Debug|iPhone.Build.0 = Debug|Any CPU
		{80D20B03-FF89-47CF-A676-B67B9DE2DAF2}.Debug|iPhoneSimulator.ActiveCfg = Debug|Any CPU
		{80D20B03-FF89-47CF-A676-B67B9DE2DAF2}.Debug|iPhoneSimulator.Build.0 = Debug|Any CPU
		{80D20B03-FF89-47CF-A676-B67B9DE2DAF2}.Release|Any CPU.ActiveCfg = Release|Any CPU
		{80D20B03-FF89-47CF-A676-B67B9DE2DAF2}.Release|Any CPU.Build.0 = Release|Any CPU
		{80D20B03-FF89-47CF-A676-B67B9DE2DAF2}.Release|iPhone.ActiveCfg = Release|Any CPU
		{80D20B03-FF89-47CF-A676-B67B9DE2DAF2}.Release|iPhone.Build.0 = Release|Any CPU
		{80D20B03-FF89-47CF-A676-B67B9DE2DAF2}.Release|iPhoneSimulator.ActiveCfg = Release|Any CPU
		{80D20B03-FF89-47CF-A676-B67B9DE2DAF2}.Release|iPhoneSimulator.Build.0 = Release|Any CPU
		{DA803D6D-59D2-4BA0-8DEC-2C6B054B025C}.Debug|Any CPU.ActiveCfg = Debug|Any CPU
		{DA803D6D-59D2-4BA0-8DEC-2C6B054B025C}.Debug|iPhone.ActiveCfg = Debug|Any CPU
		{DA803D6D-59D2-4BA0-8DEC-2C6B054B025C}.Debug|iPhone.Build.0 = Debug|Any CPU
		{DA803D6D-59D2-4BA0-8DEC-2C6B054B025C}.Debug|iPhoneSimulator.ActiveCfg = Debug|Any CPU
		{DA803D6D-59D2-4BA0-8DEC-2C6B054B025C}.Debug|iPhoneSimulator.Build.0 = Debug|Any CPU
		{DA803D6D-59D2-4BA0-8DEC-2C6B054B025C}.Release|Any CPU.ActiveCfg = Release|Any CPU
		{DA803D6D-59D2-4BA0-8DEC-2C6B054B025C}.Release|iPhone.ActiveCfg = Release|Any CPU
		{DA803D6D-59D2-4BA0-8DEC-2C6B054B025C}.Release|iPhone.Build.0 = Release|Any CPU
		{DA803D6D-59D2-4BA0-8DEC-2C6B054B025C}.Release|iPhoneSimulator.ActiveCfg = Release|Any CPU
		{DA803D6D-59D2-4BA0-8DEC-2C6B054B025C}.Release|iPhoneSimulator.Build.0 = Release|Any CPU
		{DA803D6D-59D2-4BA0-8DEC-2C6B054B025C}.Debug|Any CPU.Build.0 = Debug|Any CPU
		{679912D4-692E-4EE0-AE47-84553C6A2607}.Debug|Any CPU.ActiveCfg = Debug|iPhoneSimulator
		{679912D4-692E-4EE0-AE47-84553C6A2607}.Debug|Any CPU.Build.0 = Debug|iPhoneSimulator
		{679912D4-692E-4EE0-AE47-84553C6A2607}.Debug|iPhone.ActiveCfg = Debug|iPhone
		{679912D4-692E-4EE0-AE47-84553C6A2607}.Debug|iPhone.Build.0 = Debug|iPhone
		{679912D4-692E-4EE0-AE47-84553C6A2607}.Debug|iPhoneSimulator.ActiveCfg = Debug|iPhoneSimulator
		{679912D4-692E-4EE0-AE47-84553C6A2607}.Debug|iPhoneSimulator.Build.0 = Debug|iPhoneSimulator
		{679912D4-692E-4EE0-AE47-84553C6A2607}.Release|Any CPU.ActiveCfg = Release|iPhoneSimulator
		{679912D4-692E-4EE0-AE47-84553C6A2607}.Release|Any CPU.Build.0 = Release|iPhoneSimulator
		{679912D4-692E-4EE0-AE47-84553C6A2607}.Release|iPhone.ActiveCfg = Release|iPhone
		{679912D4-692E-4EE0-AE47-84553C6A2607}.Release|iPhone.Build.0 = Release|iPhone
		{679912D4-692E-4EE0-AE47-84553C6A2607}.Release|iPhoneSimulator.ActiveCfg = Release|iPhoneSimulator
		{679912D4-692E-4EE0-AE47-84553C6A2607}.Release|iPhoneSimulator.Build.0 = Release|iPhoneSimulator
		{924FD7A2-5FE6-4EBF-B441-A75FFCF544F1}.Debug|Any CPU.ActiveCfg = Debug|Any CPU
		{924FD7A2-5FE6-4EBF-B441-A75FFCF544F1}.Debug|Any CPU.Build.0 = Debug|Any CPU
		{924FD7A2-5FE6-4EBF-B441-A75FFCF544F1}.Debug|iPhone.ActiveCfg = Debug|Any CPU
		{924FD7A2-5FE6-4EBF-B441-A75FFCF544F1}.Debug|iPhone.Build.0 = Debug|Any CPU
		{924FD7A2-5FE6-4EBF-B441-A75FFCF544F1}.Debug|iPhoneSimulator.ActiveCfg = Debug|Any CPU
		{924FD7A2-5FE6-4EBF-B441-A75FFCF544F1}.Debug|iPhoneSimulator.Build.0 = Debug|Any CPU
		{924FD7A2-5FE6-4EBF-B441-A75FFCF544F1}.Release|Any CPU.ActiveCfg = Release|Any CPU
		{924FD7A2-5FE6-4EBF-B441-A75FFCF544F1}.Release|Any CPU.Build.0 = Release|Any CPU
		{924FD7A2-5FE6-4EBF-B441-A75FFCF544F1}.Release|iPhone.ActiveCfg = Release|Any CPU
		{924FD7A2-5FE6-4EBF-B441-A75FFCF544F1}.Release|iPhone.Build.0 = Release|Any CPU
		{924FD7A2-5FE6-4EBF-B441-A75FFCF544F1}.Release|iPhoneSimulator.ActiveCfg = Release|Any CPU
		{924FD7A2-5FE6-4EBF-B441-A75FFCF544F1}.Release|iPhoneSimulator.Build.0 = Release|Any CPU
		{FCA2D62B-E44E-45F4-8AC8-12FCAC4B8A7A}.Debug|Any CPU.ActiveCfg = Debug|Any CPU
		{FCA2D62B-E44E-45F4-8AC8-12FCAC4B8A7A}.Debug|Any CPU.Build.0 = Debug|Any CPU
		{FCA2D62B-E44E-45F4-8AC8-12FCAC4B8A7A}.Debug|iPhone.ActiveCfg = Debug|Any CPU
		{FCA2D62B-E44E-45F4-8AC8-12FCAC4B8A7A}.Debug|iPhone.Build.0 = Debug|Any CPU
		{FCA2D62B-E44E-45F4-8AC8-12FCAC4B8A7A}.Debug|iPhoneSimulator.ActiveCfg = Debug|Any CPU
		{FCA2D62B-E44E-45F4-8AC8-12FCAC4B8A7A}.Debug|iPhoneSimulator.Build.0 = Debug|Any CPU
		{FCA2D62B-E44E-45F4-8AC8-12FCAC4B8A7A}.Release|Any CPU.ActiveCfg = Release|Any CPU
		{FCA2D62B-E44E-45F4-8AC8-12FCAC4B8A7A}.Release|iPhone.ActiveCfg = Release|Any CPU
		{FCA2D62B-E44E-45F4-8AC8-12FCAC4B8A7A}.Release|iPhone.Build.0 = Release|Any CPU
		{FCA2D62B-E44E-45F4-8AC8-12FCAC4B8A7A}.Release|iPhoneSimulator.ActiveCfg = Release|Any CPU
		{FCA2D62B-E44E-45F4-8AC8-12FCAC4B8A7A}.Release|iPhoneSimulator.Build.0 = Release|Any CPU
		{B72209A6-B110-468F-B4BE-BE424397E632}.Debug|Any CPU.ActiveCfg = Debug|Any CPU
		{B72209A6-B110-468F-B4BE-BE424397E632}.Debug|Any CPU.Build.0 = Debug|Any CPU
		{B72209A6-B110-468F-B4BE-BE424397E632}.Debug|iPhone.ActiveCfg = Debug|Any CPU
		{B72209A6-B110-468F-B4BE-BE424397E632}.Debug|iPhone.Build.0 = Debug|Any CPU
		{B72209A6-B110-468F-B4BE-BE424397E632}.Debug|iPhoneSimulator.ActiveCfg = Debug|Any CPU
		{B72209A6-B110-468F-B4BE-BE424397E632}.Debug|iPhoneSimulator.Build.0 = Debug|Any CPU
		{B72209A6-B110-468F-B4BE-BE424397E632}.Release|Any CPU.ActiveCfg = Release|Any CPU
		{B72209A6-B110-468F-B4BE-BE424397E632}.Release|Any CPU.Build.0 = Release|Any CPU
		{B72209A6-B110-468F-B4BE-BE424397E632}.Release|iPhone.ActiveCfg = Release|Any CPU
		{B72209A6-B110-468F-B4BE-BE424397E632}.Release|iPhone.Build.0 = Release|Any CPU
		{B72209A6-B110-468F-B4BE-BE424397E632}.Release|iPhoneSimulator.ActiveCfg = Release|Any CPU
		{B72209A6-B110-468F-B4BE-BE424397E632}.Release|iPhoneSimulator.Build.0 = Release|Any CPU
		{FF8B355E-D31A-493E-AFE5-AEC979CC50AE}.Debug|Any CPU.ActiveCfg = Debug|Any CPU
		{FF8B355E-D31A-493E-AFE5-AEC979CC50AE}.Debug|Any CPU.Build.0 = Debug|Any CPU
		{FF8B355E-D31A-493E-AFE5-AEC979CC50AE}.Debug|iPhone.ActiveCfg = Debug|Any CPU
		{FF8B355E-D31A-493E-AFE5-AEC979CC50AE}.Debug|iPhone.Build.0 = Debug|Any CPU
		{FF8B355E-D31A-493E-AFE5-AEC979CC50AE}.Debug|iPhoneSimulator.ActiveCfg = Debug|Any CPU
		{FF8B355E-D31A-493E-AFE5-AEC979CC50AE}.Debug|iPhoneSimulator.Build.0 = Debug|Any CPU
		{FF8B355E-D31A-493E-AFE5-AEC979CC50AE}.Release|Any CPU.ActiveCfg = Release|Any CPU
		{FF8B355E-D31A-493E-AFE5-AEC979CC50AE}.Release|Any CPU.Build.0 = Release|Any CPU
		{FF8B355E-D31A-493E-AFE5-AEC979CC50AE}.Release|iPhone.ActiveCfg = Release|Any CPU
		{FF8B355E-D31A-493E-AFE5-AEC979CC50AE}.Release|iPhone.Build.0 = Release|Any CPU
		{FF8B355E-D31A-493E-AFE5-AEC979CC50AE}.Release|iPhoneSimulator.ActiveCfg = Release|Any CPU
		{FF8B355E-D31A-493E-AFE5-AEC979CC50AE}.Release|iPhoneSimulator.Build.0 = Release|Any CPU
		{52BE2EB0-7B17-4F27-AE71-9A5CBD9BBD81}.Debug|Any CPU.ActiveCfg = Debug|Any CPU
		{52BE2EB0-7B17-4F27-AE71-9A5CBD9BBD81}.Debug|Any CPU.Build.0 = Debug|Any CPU
		{52BE2EB0-7B17-4F27-AE71-9A5CBD9BBD81}.Debug|iPhone.ActiveCfg = Debug|Any CPU
		{52BE2EB0-7B17-4F27-AE71-9A5CBD9BBD81}.Debug|iPhone.Build.0 = Debug|Any CPU
		{52BE2EB0-7B17-4F27-AE71-9A5CBD9BBD81}.Debug|iPhoneSimulator.ActiveCfg = Debug|Any CPU
		{52BE2EB0-7B17-4F27-AE71-9A5CBD9BBD81}.Debug|iPhoneSimulator.Build.0 = Debug|Any CPU
		{52BE2EB0-7B17-4F27-AE71-9A5CBD9BBD81}.Release|Any CPU.ActiveCfg = Release|Any CPU
		{52BE2EB0-7B17-4F27-AE71-9A5CBD9BBD81}.Release|Any CPU.Build.0 = Release|Any CPU
		{52BE2EB0-7B17-4F27-AE71-9A5CBD9BBD81}.Release|iPhone.ActiveCfg = Release|Any CPU
		{52BE2EB0-7B17-4F27-AE71-9A5CBD9BBD81}.Release|iPhone.Build.0 = Release|Any CPU
		{52BE2EB0-7B17-4F27-AE71-9A5CBD9BBD81}.Release|iPhoneSimulator.ActiveCfg = Release|Any CPU
		{52BE2EB0-7B17-4F27-AE71-9A5CBD9BBD81}.Release|iPhoneSimulator.Build.0 = Release|Any CPU
		{72D9836A-F902-46A3-8E71-6B327C5D24BB}.Debug|Any CPU.ActiveCfg = Debug|iPhoneSimulator
		{72D9836A-F902-46A3-8E71-6B327C5D24BB}.Debug|Any CPU.Build.0 = Debug|iPhoneSimulator
		{72D9836A-F902-46A3-8E71-6B327C5D24BB}.Debug|iPhone.ActiveCfg = Debug|iPhone
		{72D9836A-F902-46A3-8E71-6B327C5D24BB}.Debug|iPhone.Build.0 = Debug|iPhone
		{72D9836A-F902-46A3-8E71-6B327C5D24BB}.Debug|iPhoneSimulator.ActiveCfg = Debug|iPhoneSimulator
		{72D9836A-F902-46A3-8E71-6B327C5D24BB}.Debug|iPhoneSimulator.Build.0 = Debug|iPhoneSimulator
		{72D9836A-F902-46A3-8E71-6B327C5D24BB}.Release|Any CPU.ActiveCfg = Release|iPhone
		{72D9836A-F902-46A3-8E71-6B327C5D24BB}.Release|Any CPU.Build.0 = Release|iPhone
		{72D9836A-F902-46A3-8E71-6B327C5D24BB}.Release|iPhone.ActiveCfg = Release|iPhone
		{72D9836A-F902-46A3-8E71-6B327C5D24BB}.Release|iPhone.Build.0 = Release|iPhone
		{72D9836A-F902-46A3-8E71-6B327C5D24BB}.Release|iPhoneSimulator.ActiveCfg = Release|iPhoneSimulator
		{72D9836A-F902-46A3-8E71-6B327C5D24BB}.Release|iPhoneSimulator.Build.0 = Release|iPhoneSimulator
		{78F74604-DE32-4E7F-B18A-1EA98E389F6C}.Debug|Any CPU.ActiveCfg = Debug|Any CPU
		{78F74604-DE32-4E7F-B18A-1EA98E389F6C}.Debug|Any CPU.Build.0 = Debug|Any CPU
		{1BAB954B-24A7-4AA9-94BE-72EAF9149C48}.Debug|Any CPU.ActiveCfg = Debug|Any CPU
		{1BAB954B-24A7-4AA9-94BE-72EAF9149C48}.Debug|Any CPU.Build.0 = Debug|Any CPU
		{E6102B86-E556-4377-9C05-1570C0DE1A63}.Debug|Any CPU.ActiveCfg = Debug|iPhoneSimulator
		{E6102B86-E556-4377-9C05-1570C0DE1A63}.Debug|Any CPU.Build.0 = Debug|iPhoneSimulator
		{E6102B86-E556-4377-9C05-1570C0DE1A63}.Debug|iPhone.ActiveCfg = Debug|iPhone
		{E6102B86-E556-4377-9C05-1570C0DE1A63}.Debug|iPhone.Build.0 = Debug|iPhone
		{E6102B86-E556-4377-9C05-1570C0DE1A63}.Debug|iPhoneSimulator.ActiveCfg = Debug|iPhoneSimulator
		{E6102B86-E556-4377-9C05-1570C0DE1A63}.Debug|iPhoneSimulator.Build.0 = Debug|iPhoneSimulator
		{E6102B86-E556-4377-9C05-1570C0DE1A63}.Release|Any CPU.ActiveCfg = Release|iPhoneSimulator
		{E6102B86-E556-4377-9C05-1570C0DE1A63}.Release|Any CPU.Build.0 = Release|iPhoneSimulator
		{E6102B86-E556-4377-9C05-1570C0DE1A63}.Release|iPhone.ActiveCfg = Release|iPhone
		{E6102B86-E556-4377-9C05-1570C0DE1A63}.Release|iPhone.Build.0 = Release|iPhone
		{E6102B86-E556-4377-9C05-1570C0DE1A63}.Release|iPhoneSimulator.ActiveCfg = Release|iPhoneSimulator
		{E6102B86-E556-4377-9C05-1570C0DE1A63}.Release|iPhoneSimulator.Build.0 = Release|iPhoneSimulator
		{CB84521D-31BA-4604-A3A4-ACAD43BA5F20}.Debug|Any CPU.ActiveCfg = Debug|iPhoneSimulator
		{CB84521D-31BA-4604-A3A4-ACAD43BA5F20}.Debug|Any CPU.Build.0 = Debug|iPhoneSimulator
		{3DA391F2-2D9E-4CC5-B0EB-18560F91F113}.Debug|Any CPU.ActiveCfg = Debug|Any CPU
		{3DA391F2-2D9E-4CC5-B0EB-18560F91F113}.Debug|Any CPU.Build.0 = Debug|Any CPU
		{3DA391F2-2D9E-4CC5-B0EB-18560F91F113}.Debug|iPhone.ActiveCfg = Debug|Any CPU
		{3DA391F2-2D9E-4CC5-B0EB-18560F91F113}.Debug|iPhone.Build.0 = Debug|Any CPU
		{3DA391F2-2D9E-4CC5-B0EB-18560F91F113}.Debug|iPhoneSimulator.ActiveCfg = Debug|Any CPU
		{3DA391F2-2D9E-4CC5-B0EB-18560F91F113}.Debug|iPhoneSimulator.Build.0 = Debug|Any CPU
		{3DA391F2-2D9E-4CC5-B0EB-18560F91F113}.Release|Any CPU.ActiveCfg = Release|Any CPU
		{3DA391F2-2D9E-4CC5-B0EB-18560F91F113}.Release|Any CPU.Build.0 = Release|Any CPU
		{3DA391F2-2D9E-4CC5-B0EB-18560F91F113}.Release|iPhone.ActiveCfg = Release|Any CPU
		{3DA391F2-2D9E-4CC5-B0EB-18560F91F113}.Release|iPhone.Build.0 = Release|Any CPU
		{3DA391F2-2D9E-4CC5-B0EB-18560F91F113}.Release|iPhoneSimulator.ActiveCfg = Release|Any CPU
		{3DA391F2-2D9E-4CC5-B0EB-18560F91F113}.Release|iPhoneSimulator.Build.0 = Release|Any CPU
		{7899D298-F2BE-4724-94F4-D1ED51EF2743}.Debug|Any CPU.ActiveCfg = Debug|Any CPU
		{7899D298-F2BE-4724-94F4-D1ED51EF2743}.Debug|Any CPU.Build.0 = Debug|Any CPU
		{7899D298-F2BE-4724-94F4-D1ED51EF2743}.Debug|iPhone.ActiveCfg = Debug|Any CPU
		{7899D298-F2BE-4724-94F4-D1ED51EF2743}.Debug|iPhone.Build.0 = Debug|Any CPU
		{7899D298-F2BE-4724-94F4-D1ED51EF2743}.Debug|iPhoneSimulator.ActiveCfg = Debug|Any CPU
		{7899D298-F2BE-4724-94F4-D1ED51EF2743}.Debug|iPhoneSimulator.Build.0 = Debug|Any CPU
		{7899D298-F2BE-4724-94F4-D1ED51EF2743}.Release|Any CPU.ActiveCfg = Release|Any CPU
		{7899D298-F2BE-4724-94F4-D1ED51EF2743}.Release|Any CPU.Build.0 = Release|Any CPU
		{7899D298-F2BE-4724-94F4-D1ED51EF2743}.Release|iPhone.ActiveCfg = Release|Any CPU
		{7899D298-F2BE-4724-94F4-D1ED51EF2743}.Release|iPhone.Build.0 = Release|Any CPU
		{7899D298-F2BE-4724-94F4-D1ED51EF2743}.Release|iPhoneSimulator.ActiveCfg = Release|Any CPU
		{7899D298-F2BE-4724-94F4-D1ED51EF2743}.Release|iPhoneSimulator.Build.0 = Release|Any CPU
		{1460810C-ACAE-4E95-AF45-67910CEFABF1}.Debug|Any CPU.ActiveCfg = Debug|Any CPU
		{1460810C-ACAE-4E95-AF45-67910CEFABF1}.Debug|Any CPU.Build.0 = Debug|Any CPU
		{1460810C-ACAE-4E95-AF45-67910CEFABF1}.Debug|iPhone.ActiveCfg = Debug|Any CPU
		{1460810C-ACAE-4E95-AF45-67910CEFABF1}.Debug|iPhone.Build.0 = Debug|Any CPU
		{1460810C-ACAE-4E95-AF45-67910CEFABF1}.Debug|iPhoneSimulator.ActiveCfg = Debug|Any CPU
		{1460810C-ACAE-4E95-AF45-67910CEFABF1}.Debug|iPhoneSimulator.Build.0 = Debug|Any CPU
		{1460810C-ACAE-4E95-AF45-67910CEFABF1}.Release|Any CPU.ActiveCfg = Release|Any CPU
		{1460810C-ACAE-4E95-AF45-67910CEFABF1}.Release|Any CPU.Build.0 = Release|Any CPU
		{1460810C-ACAE-4E95-AF45-67910CEFABF1}.Release|iPhone.ActiveCfg = Release|Any CPU
		{1460810C-ACAE-4E95-AF45-67910CEFABF1}.Release|iPhone.Build.0 = Release|Any CPU
		{1460810C-ACAE-4E95-AF45-67910CEFABF1}.Release|iPhoneSimulator.ActiveCfg = Release|Any CPU
		{1460810C-ACAE-4E95-AF45-67910CEFABF1}.Release|iPhoneSimulator.Build.0 = Release|Any CPU
		{8589C6BB-2C46-42E5-BFEA-FBC31930165D}.Debug|Any CPU.ActiveCfg = Debug|iPhoneSimulator
		{8589C6BB-2C46-42E5-BFEA-FBC31930165D}.Debug|Any CPU.Build.0 = Debug|iPhoneSimulator
		{8589C6BB-2C46-42E5-BFEA-FBC31930165D}.Debug|iPhone.ActiveCfg = Debug|iPhone
		{8589C6BB-2C46-42E5-BFEA-FBC31930165D}.Debug|iPhone.Build.0 = Debug|iPhone
		{8589C6BB-2C46-42E5-BFEA-FBC31930165D}.Debug|iPhoneSimulator.ActiveCfg = Debug|iPhoneSimulator
		{8589C6BB-2C46-42E5-BFEA-FBC31930165D}.Debug|iPhoneSimulator.Build.0 = Debug|iPhoneSimulator
		{8589C6BB-2C46-42E5-BFEA-FBC31930165D}.Release|Any CPU.ActiveCfg = Release|iPhoneSimulator
		{8589C6BB-2C46-42E5-BFEA-FBC31930165D}.Release|Any CPU.Build.0 = Release|iPhoneSimulator
		{8589C6BB-2C46-42E5-BFEA-FBC31930165D}.Release|iPhone.ActiveCfg = Release|iPhone
		{8589C6BB-2C46-42E5-BFEA-FBC31930165D}.Release|iPhone.Build.0 = Release|iPhone
		{8589C6BB-2C46-42E5-BFEA-FBC31930165D}.Release|iPhoneSimulator.ActiveCfg = Release|iPhoneSimulator
		{8589C6BB-2C46-42E5-BFEA-FBC31930165D}.Release|iPhoneSimulator.Build.0 = Release|iPhoneSimulator
		{97000B61-E504-4C9B-B5A8-81CB903D38C0}.Debug|Any CPU.ActiveCfg = Debug|Any CPU
		{97000B61-E504-4C9B-B5A8-81CB903D38C0}.Debug|Any CPU.Build.0 = Debug|Any CPU
		{C08688D4-46E7-42AC-8596-AB5431955006}.Debug|Any CPU.ActiveCfg = Debug|Any CPU
		{C08688D4-46E7-42AC-8596-AB5431955006}.Debug|Any CPU.Build.0 = Debug|Any CPU
		{C08688D4-46E7-42AC-8596-AB5431955006}.Debug|iPhone.ActiveCfg = Debug|Any CPU
		{C08688D4-46E7-42AC-8596-AB5431955006}.Debug|iPhone.Build.0 = Debug|Any CPU
		{C08688D4-46E7-42AC-8596-AB5431955006}.Debug|iPhoneSimulator.ActiveCfg = Debug|Any CPU
		{C08688D4-46E7-42AC-8596-AB5431955006}.Debug|iPhoneSimulator.Build.0 = Debug|Any CPU
		{C08688D4-46E7-42AC-8596-AB5431955006}.Release|Any CPU.ActiveCfg = Release|Any CPU
		{C08688D4-46E7-42AC-8596-AB5431955006}.Release|Any CPU.Build.0 = Release|Any CPU
		{C08688D4-46E7-42AC-8596-AB5431955006}.Release|iPhone.ActiveCfg = Release|Any CPU
		{C08688D4-46E7-42AC-8596-AB5431955006}.Release|iPhone.Build.0 = Release|Any CPU
		{C08688D4-46E7-42AC-8596-AB5431955006}.Release|iPhoneSimulator.ActiveCfg = Release|Any CPU
		{C08688D4-46E7-42AC-8596-AB5431955006}.Release|iPhoneSimulator.Build.0 = Release|Any CPU
		{33358586-B39F-4B07-B42C-D6514DBF6F15}.Debug|Any CPU.ActiveCfg = Debug|Any CPU
		{33358586-B39F-4B07-B42C-D6514DBF6F15}.Debug|Any CPU.Build.0 = Debug|Any CPU
		{33358586-B39F-4B07-B42C-D6514DBF6F15}.Debug|iPhone.ActiveCfg = Debug|Any CPU
		{33358586-B39F-4B07-B42C-D6514DBF6F15}.Debug|iPhone.Build.0 = Debug|Any CPU
		{33358586-B39F-4B07-B42C-D6514DBF6F15}.Debug|iPhoneSimulator.ActiveCfg = Debug|Any CPU
		{33358586-B39F-4B07-B42C-D6514DBF6F15}.Debug|iPhoneSimulator.Build.0 = Debug|Any CPU
		{33358586-B39F-4B07-B42C-D6514DBF6F15}.Release|Any CPU.ActiveCfg = Release|Any CPU
		{33358586-B39F-4B07-B42C-D6514DBF6F15}.Release|Any CPU.Build.0 = Release|Any CPU
		{33358586-B39F-4B07-B42C-D6514DBF6F15}.Release|iPhone.ActiveCfg = Release|Any CPU
		{33358586-B39F-4B07-B42C-D6514DBF6F15}.Release|iPhone.Build.0 = Release|Any CPU
		{33358586-B39F-4B07-B42C-D6514DBF6F15}.Release|iPhoneSimulator.ActiveCfg = Release|Any CPU
		{33358586-B39F-4B07-B42C-D6514DBF6F15}.Release|iPhoneSimulator.Build.0 = Release|Any CPU
		{5E6E72F1-49F2-4E98-9FDE-8166427EB28C}.Debug|Any CPU.ActiveCfg = Debug|Any CPU
		{5E6E72F1-49F2-4E98-9FDE-8166427EB28C}.Debug|Any CPU.Build.0 = Debug|Any CPU
		{5E6E72F1-49F2-4E98-9FDE-8166427EB28C}.Debug|iPhone.ActiveCfg = Debug|Any CPU
		{5E6E72F1-49F2-4E98-9FDE-8166427EB28C}.Debug|iPhone.Build.0 = Debug|Any CPU
		{5E6E72F1-49F2-4E98-9FDE-8166427EB28C}.Debug|iPhoneSimulator.ActiveCfg = Debug|Any CPU
		{5E6E72F1-49F2-4E98-9FDE-8166427EB28C}.Debug|iPhoneSimulator.Build.0 = Debug|Any CPU
		{5E6E72F1-49F2-4E98-9FDE-8166427EB28C}.Release|Any CPU.ActiveCfg = Release|Any CPU
		{5E6E72F1-49F2-4E98-9FDE-8166427EB28C}.Release|Any CPU.Build.0 = Release|Any CPU
		{5E6E72F1-49F2-4E98-9FDE-8166427EB28C}.Release|iPhone.ActiveCfg = Release|Any CPU
		{5E6E72F1-49F2-4E98-9FDE-8166427EB28C}.Release|iPhone.Build.0 = Release|Any CPU
		{5E6E72F1-49F2-4E98-9FDE-8166427EB28C}.Release|iPhoneSimulator.ActiveCfg = Release|Any CPU
		{5E6E72F1-49F2-4E98-9FDE-8166427EB28C}.Release|iPhoneSimulator.Build.0 = Release|Any CPU
		{C16867FC-93FC-4E4C-B4DF-6F40D9615E01}.Debug|Any CPU.ActiveCfg = Debug|Any CPU
		{C16867FC-93FC-4E4C-B4DF-6F40D9615E01}.Debug|Any CPU.Build.0 = Debug|Any CPU
		{C16867FC-93FC-4E4C-B4DF-6F40D9615E01}.Debug|iPhone.ActiveCfg = Debug|Any CPU
		{C16867FC-93FC-4E4C-B4DF-6F40D9615E01}.Debug|iPhone.Build.0 = Debug|Any CPU
		{C16867FC-93FC-4E4C-B4DF-6F40D9615E01}.Debug|iPhoneSimulator.ActiveCfg = Debug|Any CPU
		{C16867FC-93FC-4E4C-B4DF-6F40D9615E01}.Debug|iPhoneSimulator.Build.0 = Debug|Any CPU
		{C16867FC-93FC-4E4C-B4DF-6F40D9615E01}.Release|Any CPU.ActiveCfg = Release|Any CPU
		{C16867FC-93FC-4E4C-B4DF-6F40D9615E01}.Release|iPhone.ActiveCfg = Release|Any CPU
		{C16867FC-93FC-4E4C-B4DF-6F40D9615E01}.Release|iPhone.Build.0 = Release|Any CPU
		{C16867FC-93FC-4E4C-B4DF-6F40D9615E01}.Release|iPhoneSimulator.ActiveCfg = Release|Any CPU
		{C16867FC-93FC-4E4C-B4DF-6F40D9615E01}.Release|iPhoneSimulator.Build.0 = Release|Any CPU
		{B07CCFAD-69FF-4F84-AAE6-EB007D996EDE}.Debug|Any CPU.ActiveCfg = Debug|Any CPU
		{B07CCFAD-69FF-4F84-AAE6-EB007D996EDE}.Debug|Any CPU.Build.0 = Debug|Any CPU
		{03E72A72-2DCF-4177-B049-2112CD58A4AC}.Debug|Any CPU.ActiveCfg = Debug|Any CPU
		{03E72A72-2DCF-4177-B049-2112CD58A4AC}.Debug|Any CPU.Build.0 = Debug|Any CPU
		{03E72A72-2DCF-4177-B049-2112CD58A4AC}.Debug|iPhone.ActiveCfg = Debug|Any CPU
		{03E72A72-2DCF-4177-B049-2112CD58A4AC}.Debug|iPhone.Build.0 = Debug|Any CPU
		{03E72A72-2DCF-4177-B049-2112CD58A4AC}.Debug|iPhoneSimulator.ActiveCfg = Debug|Any CPU
		{03E72A72-2DCF-4177-B049-2112CD58A4AC}.Debug|iPhoneSimulator.Build.0 = Debug|Any CPU
		{03E72A72-2DCF-4177-B049-2112CD58A4AC}.Release|Any CPU.ActiveCfg = Release|Any CPU
		{03E72A72-2DCF-4177-B049-2112CD58A4AC}.Release|Any CPU.Build.0 = Release|Any CPU
		{03E72A72-2DCF-4177-B049-2112CD58A4AC}.Release|iPhone.ActiveCfg = Release|Any CPU
		{03E72A72-2DCF-4177-B049-2112CD58A4AC}.Release|iPhone.Build.0 = Release|Any CPU
		{03E72A72-2DCF-4177-B049-2112CD58A4AC}.Release|iPhoneSimulator.ActiveCfg = Release|Any CPU
		{03E72A72-2DCF-4177-B049-2112CD58A4AC}.Release|iPhoneSimulator.Build.0 = Release|Any CPU
		{D800A90B-44BD-4C94-85AE-B31C9389D0D2}.Debug|Any CPU.ActiveCfg = Debug|Any CPU
		{D800A90B-44BD-4C94-85AE-B31C9389D0D2}.Debug|Any CPU.Build.0 = Debug|Any CPU
		{D800A90B-44BD-4C94-85AE-B31C9389D0D2}.Debug|iPhone.ActiveCfg = Debug|Any CPU
		{D800A90B-44BD-4C94-85AE-B31C9389D0D2}.Debug|iPhone.Build.0 = Debug|Any CPU
		{D800A90B-44BD-4C94-85AE-B31C9389D0D2}.Debug|iPhoneSimulator.ActiveCfg = Debug|Any CPU
		{D800A90B-44BD-4C94-85AE-B31C9389D0D2}.Debug|iPhoneSimulator.Build.0 = Debug|Any CPU
		{D800A90B-44BD-4C94-85AE-B31C9389D0D2}.Release|Any CPU.ActiveCfg = Release|Any CPU
		{D800A90B-44BD-4C94-85AE-B31C9389D0D2}.Release|Any CPU.Build.0 = Release|Any CPU
		{D800A90B-44BD-4C94-85AE-B31C9389D0D2}.Release|iPhone.ActiveCfg = Release|Any CPU
		{D800A90B-44BD-4C94-85AE-B31C9389D0D2}.Release|iPhone.Build.0 = Release|Any CPU
		{D800A90B-44BD-4C94-85AE-B31C9389D0D2}.Release|iPhoneSimulator.ActiveCfg = Release|Any CPU
		{D800A90B-44BD-4C94-85AE-B31C9389D0D2}.Release|iPhoneSimulator.Build.0 = Release|Any CPU
	EndGlobalSection
	GlobalSection(SolutionProperties) = preSolution
		HideSolutionNode = FALSE
	EndGlobalSection
	GlobalSection(NestedProjects) = preSolution
		{0F4964C7-A0DB-41E8-A8DE-01861F2FE09C} = {FBBB8608-7B63-4C07-9609-16DDEB01C081}
		{666C61C6-011C-407F-8D85-98DFD189651C} = {FBBB8608-7B63-4C07-9609-16DDEB01C081}
		{32C47342-CF7F-4FE6-A3BA-E12E5BE126E5} = {FBBB8608-7B63-4C07-9609-16DDEB01C081}
		{B523812B-9A7A-4D22-905E-878F93DC8FCF} = {FBBB8608-7B63-4C07-9609-16DDEB01C081}
		{DD591044-71E4-47D3-8580-3B995B59D9E6} = {B523812B-9A7A-4D22-905E-878F93DC8FCF}
		{C206E223-238E-44B5-A654-DACB38790FDD} = {24A9DC1C-F5B9-48D4-916E-DF7C0B0A0BBE}
		{F20C1377-D697-49DF-BFC6-29A09631AAD1} = {24A9DC1C-F5B9-48D4-916E-DF7C0B0A0BBE}
		{1998B69B-8AD6-4170-86D1-22CFF5685D8F} = {A334223E-6B2A-466D-94E6-D8CB637A5472}
		{D7004700-9E85-416C-A4B4-90F4B42F0CF4} = {24A9DC1C-F5B9-48D4-916E-DF7C0B0A0BBE}
		{AD306162-8DAD-4DBD-B264-BDA8765CC107} = {A334223E-6B2A-466D-94E6-D8CB637A5472}
		{02319977-D222-4DA2-AE49-05EEF92B3DBF} = {A334223E-6B2A-466D-94E6-D8CB637A5472}
		{88CC3650-709A-4A60-A43B-0FE2F6C4098D} = {0F4964C7-A0DB-41E8-A8DE-01861F2FE09C}
		{6B3ED949-8155-4029-89B0-68AEC8EDC255} = {0F4964C7-A0DB-41E8-A8DE-01861F2FE09C}
		{4E7F6BD9-33C0-4544-9186-7FDCD0047F4B} = {C206E223-238E-44B5-A654-DACB38790FDD}
		{635CB2B3-5ECA-4B22-B520-92111FEC6C3B} = {C206E223-238E-44B5-A654-DACB38790FDD}
		{80D20B03-FF89-47CF-A676-B67B9DE2DAF2} = {1998B69B-8AD6-4170-86D1-22CFF5685D8F}
		{DA803D6D-59D2-4BA0-8DEC-2C6B054B025C} = {1998B69B-8AD6-4170-86D1-22CFF5685D8F}
		{679912D4-692E-4EE0-AE47-84553C6A2607} = {666C61C6-011C-407F-8D85-98DFD189651C}
		{924FD7A2-5FE6-4EBF-B441-A75FFCF544F1} = {F20C1377-D697-49DF-BFC6-29A09631AAD1}
		{FCA2D62B-E44E-45F4-8AC8-12FCAC4B8A7A} = {D7004700-9E85-416C-A4B4-90F4B42F0CF4}
		{B72209A6-B110-468F-B4BE-BE424397E632} = {666C61C6-011C-407F-8D85-98DFD189651C}
		{FF8B355E-D31A-493E-AFE5-AEC979CC50AE} = {32C47342-CF7F-4FE6-A3BA-E12E5BE126E5}
		{52BE2EB0-7B17-4F27-AE71-9A5CBD9BBD81} = {32C47342-CF7F-4FE6-A3BA-E12E5BE126E5}
		{72D9836A-F902-46A3-8E71-6B327C5D24BB} = {32C47342-CF7F-4FE6-A3BA-E12E5BE126E5}
		{04785BB0-C497-4FA1-B3C9-5EE37E8DC29E} = {32C47342-CF7F-4FE6-A3BA-E12E5BE126E5}
		{DE4BA22B-5240-4253-8CDE-18FD4E46E256} = {666C61C6-011C-407F-8D85-98DFD189651C}
		{78F74604-DE32-4E7F-B18A-1EA98E389F6C} = {0F4964C7-A0DB-41E8-A8DE-01861F2FE09C}
		{1BAB954B-24A7-4AA9-94BE-72EAF9149C48} = {0F4964C7-A0DB-41E8-A8DE-01861F2FE09C}
		{E6102B86-E556-4377-9C05-1570C0DE1A63} = {0F4964C7-A0DB-41E8-A8DE-01861F2FE09C}
		{CB84521D-31BA-4604-A3A4-ACAD43BA5F20} = {0F4964C7-A0DB-41E8-A8DE-01861F2FE09C}
		{3DA391F2-2D9E-4CC5-B0EB-18560F91F113} = {0F4964C7-A0DB-41E8-A8DE-01861F2FE09C}
		{7899D298-F2BE-4724-94F4-D1ED51EF2743} = {666C61C6-011C-407F-8D85-98DFD189651C}
		{EC7B9112-9ACF-4856-966A-6AD0533E72B6} = {666C61C6-011C-407F-8D85-98DFD189651C}
		{1460810C-ACAE-4E95-AF45-67910CEFABF1} = {666C61C6-011C-407F-8D85-98DFD189651C}
		{8589C6BB-2C46-42E5-BFEA-FBC31930165D} = {666C61C6-011C-407F-8D85-98DFD189651C}
		{C16867FC-93FC-4E4C-B4DF-6F40D9615E01} = {A334223E-6B2A-466D-94E6-D8CB637A5472}
		{B07CCFAD-69FF-4F84-AAE6-EB007D996EDE} = {A334223E-6B2A-466D-94E6-D8CB637A5472}
		{97000B61-E504-4C9B-B5A8-81CB903D38C0} = {1998B69B-8AD6-4170-86D1-22CFF5685D8F}
		{C08688D4-46E7-42AC-8596-AB5431955006} = {1998B69B-8AD6-4170-86D1-22CFF5685D8F}
		{33358586-B39F-4B07-B42C-D6514DBF6F15} = {1998B69B-8AD6-4170-86D1-22CFF5685D8F}
		{5E6E72F1-49F2-4E98-9FDE-8166427EB28C} = {02319977-D222-4DA2-AE49-05EEF92B3DBF}
		{03E72A72-2DCF-4177-B049-2112CD58A4AC} = {A334223E-6B2A-466D-94E6-D8CB637A5472}
		{D800A90B-44BD-4C94-85AE-B31C9389D0D2} = {A334223E-6B2A-466D-94E6-D8CB637A5472}
	EndGlobalSection
	GlobalSection(ExtensibilityGlobals) = postSolution
		SolutionGuid = {AF39AB59-9991-4134-A69A-4A88A5503FC7}
	EndGlobalSection
	GlobalSection(MonoDevelopProperties) = preSolution
		Policies = $0
		$0.DotNetNamingPolicy = $1
		$1.DirectoryNamespaceAssociation = PrefixedHierarchical
	EndGlobalSection
EndGlobal
