Microsoft Visual Studio Solution File, Format Version 12.00
# Visual Studio 15
VisualStudioVersion = 15.0.28010.2019
MinimumVisualStudioVersion = 10.0.40219.1
Project("{FAE04EC0-301F-11D3-BF4B-00C04F79EFBC}") = "FigmaSharp", "FigmaSharp\FigmaSharp.csproj", "{AD306162-8DAD-4DBD-B264-BDA8765CC107}"
EndProject
Project("{FAE04EC0-301F-11D3-BF4B-00C04F79EFBC}") = "FigmaSharp.Cocoa", "FigmaSharp.Cocoa\FigmaSharp.Cocoa.csproj", "{C16867FC-93FC-4E4C-B4DF-6F40D9615E01}"
EndProject
Project("{2150E333-8FDC-42A3-9474-1A3956D46DE8}") = "Exporters", "Exporters", "{F20C1377-D697-49DF-BFC6-29A09631AAD1}"
EndProject
Project("{2150E333-8FDC-42A3-9474-1A3956D46DE8}") = "Samples", "Samples", "{FBBB8608-7B63-4C07-9609-16DDEB01C081}"
EndProject
Project("{2150E333-8FDC-42A3-9474-1A3956D46DE8}") = "FigmaSharp.NativeControls", "FigmaSharp.NativeControls", "{1998B69B-8AD6-4170-86D1-22CFF5685D8F}"
EndProject
Project("{2150E333-8FDC-42A3-9474-1A3956D46DE8}") = "Designers", "Designers", "{C206E223-238E-44B5-A654-DACB38790FDD}"
EndProject
Project("{FAE04EC0-301F-11D3-BF4B-00C04F79EFBC}") = "ToCode.Cocoa", "samples\to-code\ToCode.Cocoa\ToCode.Cocoa.csproj", "{DD591044-71E4-47D3-8580-3B995B59D9E6}"
EndProject
Project("{2150E333-8FDC-42A3-9474-1A3956D46DE8}") = "Tests", "Tests", "{02319977-D222-4DA2-AE49-05EEF92B3DBF}"
EndProject
Project("{2150E333-8FDC-42A3-9474-1A3956D46DE8}") = "FigmaSharp.Tools", "FigmaSharp.Tools", "{24A9DC1C-F5B9-48D4-916E-DF7C0B0A0BBE}"
EndProject
Project("{2150E333-8FDC-42A3-9474-1A3956D46DE8}") = "FigmaSharp", "FigmaSharp", "{A334223E-6B2A-466D-94E6-D8CB637A5472}"
EndProject
Project("{2150E333-8FDC-42A3-9474-1A3956D46DE8}") = "Extensions", "Extensions", "{D7004700-9E85-416C-A4B4-90F4B42F0CF4}"
EndProject
Project("{D954291E-2A0B-460D-934E-DC6B0785DB48}") = "Shared.BasicRendering", "samples\basic-rendering\BasicRendering.Shared\Shared.BasicRendering.shproj", "{88CC3650-709A-4A60-A43B-0FE2F6C4098D}"
EndProject
Project("{FAE04EC0-301F-11D3-BF4B-00C04F79EFBC}") = "BasicRendering.Cocoa", "samples\basic-rendering\BasicRendering.Cocoa\BasicRendering.Cocoa.csproj", "{6B3ED949-8155-4029-89B0-68AEC8EDC255}"
EndProject
Project("{FAE04EC0-301F-11D3-BF4B-00C04F79EFBC}") = "FigmaSharp.Designer", "FigmaSharp.Tools\FigmaSharp.Designer\FigmaSharp.Designer.csproj", "{4E7F6BD9-33C0-4544-9186-7FDCD0047F4B}"
EndProject
Project("{FAE04EC0-301F-11D3-BF4B-00C04F79EFBC}") = "StandaloneDesigner", "FigmaSharp.Tools\FigmaSharp.Designer\StandaloneDesigner\StandaloneDesigner.csproj", "{635CB2B3-5ECA-4B22-B520-92111FEC6C3B}"
EndProject
Project("{FAE04EC0-301F-11D3-BF4B-00C04F79EFBC}") = "FigmaSharp.NativeControls", "FigmaSharp.NativeControls\FigmaSharp.NativeControls\FigmaSharp.NativeControls.csproj", "{80D20B03-FF89-47CF-A676-B67B9DE2DAF2}"
EndProject
Project("{FAE04EC0-301F-11D3-BF4B-00C04F79EFBC}") = "FigmaSharp.NativeControls.Cocoa", "FigmaSharp.NativeControls\FigmaSharp.NativeControls.Cocoa\FigmaSharp.NativeControls.Cocoa.csproj", "{DA803D6D-59D2-4BA0-8DEC-2C6B054B025C}"
EndProject
Project("{FAE04EC0-301F-11D3-BF4B-00C04F79EFBC}") = "FigmaFileExporter", "FigmaSharp.Tools\FigmaFileExporter\FigmaFileExporter.csproj", "{924FD7A2-5FE6-4EBF-B441-A75FFCF544F1}"
EndProject
Project("{FAE04EC0-301F-11D3-BF4B-00C04F79EFBC}") = "MonoDevelop.Figma", "FigmaSharp.Tools\MonoDevelop.Figma\MonoDevelop.Figma.csproj", "{FCA2D62B-E44E-45F4-8AC8-12FCAC4B8A7A}"
EndProject
Project("{FAE04EC0-301F-11D3-BF4B-00C04F79EFBC}") = "LocalFile.Cocoa", "samples\local-file-rendering\LocalFile.Cocoa\LocalFile.Cocoa.csproj", "{B72209A6-B110-468F-B4BE-BE424397E632}"
EndProject
Project("{FAE04EC0-301F-11D3-BF4B-00C04F79EFBC}") = "NativeControls.Cocoa", "samples\native-controls\NativeControls.Cocoa\NativeControls.Cocoa.csproj", "{FF8B355E-D31A-493E-AFE5-AEC979CC50AE}"
EndProject
Project("{D954291E-2A0B-460D-934E-DC6B0785DB48}") = "Shared.LocalFile", "samples\local-file-rendering\LocalFile.Shared\Shared.LocalFile.shproj", "{DE4BA22B-5240-4253-8CDE-18FD4E46E256}"
EndProject
Project("{2150E333-8FDC-42A3-9474-1A3956D46DE8}") = "Cocoa", "Cocoa", "{C9D27015-1694-4E86-A3EF-010227C1F5BD}"
EndProject
Project("{2150E333-8FDC-42A3-9474-1A3956D46DE8}") = "Forms", "Forms", "{9939DB1A-BC37-40A7-91F5-B7C6B451E8B7}"
EndProject
Project("{2150E333-8FDC-42A3-9474-1A3956D46DE8}") = "Gtk", "Gtk", "{E01416A4-271D-4559-AF3F-CF632CEBEEA2}"
EndProject
Project("{2150E333-8FDC-42A3-9474-1A3956D46DE8}") = "iOS", "iOS", "{3094F813-36EA-4AA3-B553-2859768B1F3B}"
EndProject
Project("{2150E333-8FDC-42A3-9474-1A3956D46DE8}") = "Android", "Android", "{E0EA2AF6-E1FD-4299-AF45-C323661F805E}"
EndProject
Project("{9344BDBB-3E7F-41FC-A0DD-8665D75EE146}") = "BasicRendering.Forms", "samples\basic-rendering\BasicRendering.Forms\BasicRendering.Forms.csproj", "{A7D40952-7EBC-4B5D-8C00-60FE283029A5}"
EndProject
Project("{9344BDBB-3E7F-41FC-A0DD-8665D75EE146}") = "LocalFile.Forms", "samples\local-file-rendering\LocalFile.Forms\LocalFile.Forms.shproj", "{C4DFE7F3-1A34-49AF-9402-095088A29326}"
EndProject
Project("{9344BDBB-3E7F-41FC-A0DD-8665D75EE146}") = "NativeControls.Gtk", "samples\native-controls\NativeControls.GtkSharp\NativeControls.Gtk.csproj", "{835FFB41-7338-4933-B048-06F771383BB4}"
EndProject
Project("{9344BDBB-3E7F-41FC-A0DD-8665D75EE146}") = "BasicRendering.Gtk", "samples\basic-rendering\BasicRendering.Gtk\BasicRendering.Gtk.csproj", "{2834D105-879E-47DA-8121-C3220F391E4F}"
EndProject
Project("{9344BDBB-3E7F-41FC-A0DD-8665D75EE146}") = "LocalFile.Gtk", "samples\local-file-rendering\LocalFile.Gtk\LocalFile.Gtk.csproj", "{6F2A1F1B-EDAE-49E8-906D-2576D6905C6E}"
EndProject
Project("{9344BDBB-3E7F-41FC-A0DD-8665D75EE146}") = "LocalFile.Forms.iOS", "samples\local-file-rendering\LocalFile.Forms.iOS\LocalFile.Forms.iOS.csproj", "{7B6344A0-7059-4C3A-B435-5E2EDF749296}"
EndProject
Project("{9344BDBB-3E7F-41FC-A0DD-8665D75EE146}") = "NativeControls.iOS", "samples\native-controls\NativeControls.iOS\NativeControls.iOS.csproj", "{BAF6A325-F34A-4F26-B036-495CB5284DB4}"
EndProject
Project("{9344BDBB-3E7F-41FC-A0DD-8665D75EE146}") = "BasicRendering.Forms.iOS", "samples\basic-rendering\BasicRendering.Forms.iOS\BasicRendering.Forms.iOS.csproj", "{8299649E-DF61-4A74-9BF0-533ED6867FCE}"
EndProject
Project("{9344BDBB-3E7F-41FC-A0DD-8665D75EE146}") = "BasicRendering.iOS", "samples\basic-rendering\BasicRendering.iOS\BasicRendering.iOS.csproj", "{B0F80EF4-7CF9-4E85-B3BD-C7F0841F3CEF}"
EndProject
Project("{9344BDBB-3E7F-41FC-A0DD-8665D75EE146}") = "LocalFile.iOS", "samples\local-file-rendering\LocalFile.iOS\LocalFile.iOS.csproj", "{BD3AC592-DD86-4AB5-978E-9831A2BFCE1A}"
EndProject
Project("{9344BDBB-3E7F-41FC-A0DD-8665D75EE146}") = "BasicRendering.Forms.Android", "samples\basic-rendering\BasicRendering.Forms.Android\BasicRendering.Forms.Android.csproj", "{9F8B4A08-66D4-49AD-8961-7A42156BECE0}"
EndProject
Project("{9344BDBB-3E7F-41FC-A0DD-8665D75EE146}") = "LocalFile.Forms.Android", "samples\local-file-rendering\LocalFile.Forms.Android\LocalFile.Forms.Android.csproj", "{B1CE672B-6F71-4877-84DC-9E475B509955}"
EndProject
Project("{9344BDBB-3E7F-41FC-A0DD-8665D75EE146}") = "FigmaSharp.NativeControls.Forms", "FigmaSharp.NativeControls\FigmaSharp.NativeControls.Forms\FigmaSharp.NativeControls.Forms.csproj", "{C62475CC-1D84-479D-8DDA-51957D883422}"
EndProject
Project("{9344BDBB-3E7F-41FC-A0DD-8665D75EE146}") = "FigmaSharp.NativeControls.iOS", "FigmaSharp.NativeControls\FigmaSharp.NativeControls.iOS\FigmaSharp.NativeControls.iOS.csproj", "{095F4BE9-2B6F-4967-BE47-21A65258E290}"
EndProject
Project("{9344BDBB-3E7F-41FC-A0DD-8665D75EE146}") = "FigmaSharp.NativeControls.Gtk", "FigmaSharp.NativeControls\FigmaSharp.NativeControls.Gtk\FigmaSharp.NativeControls.Gtk.csproj", "{B93555E8-A8E3-46F5-AFC3-05CFC5B2C65E}"
EndProject
Project("{9344BDBB-3E7F-41FC-A0DD-8665D75EE146}") = "FigmaSharp.Tests", "FigmaSharp.Tests\FigmaSharp.Tests.csproj", "{BD863116-6FAE-4A2E-9C68-D2D7454E133D}"
EndProject
Project("{9344BDBB-3E7F-41FC-A0DD-8665D75EE146}") = "FigmaSharp.Forms", "FigmaSharp.Forms\FigmaSharp.Forms.csproj", "{2E4FA124-6026-4034-9BFC-760E39E08D3B}"
EndProject
Project("{9344BDBB-3E7F-41FC-A0DD-8665D75EE146}") = "FigmaSharp.Gtk", "FigmaSharp.Gtk\FigmaSharp.Gtk.csproj", "{143DBCF9-2A05-4570-8DBB-305C37EA9374}"
EndProject
Project("{9344BDBB-3E7F-41FC-A0DD-8665D75EE146}") = "FigmaSharp.iOS", "FigmaSharp.iOS\FigmaSharp.iOS.csproj", "{253EC149-670C-49FB-9831-D490CFF7407A}"
EndProject
Project("{D954291E-2A0B-460D-934E-DC6B0785DB48}") = "Shared.NativeControls", "samples\native-controls\NativeControls.Shared\Shared.NativeControls.shproj", "{04785BB0-C497-4FA1-B3C9-5EE37E8DC29E}"
EndProject
Global
	GlobalSection(SharedMSBuildProjectFiles) = preSolution
		ExampleFigma.Shared\ExampleFigma.Shared.projitems*{461b4a01-c603-4c8a-9763-642197569e9a}*SharedItemsImports = 4
		ExampleFigma.Shared\ExampleFigma.Shared.projitems*{6b3ed949-8155-4029-89b0-68aec8edc255}*SharedItemsImports = 4
		ExampleFigma.Shared\ExampleFigma.Shared.projitems*{72d9836a-f902-46a3-8e71-6b327c5d24bb}*SharedItemsImports = 4
		ExampleFigma.Shared\ExampleFigma.Shared.projitems*{88cc3650-709a-4a60-a43b-0fe2f6c4098d}*SharedItemsImports = 13
	EndGlobalSection
	GlobalSection(SolutionConfigurationPlatforms) = preSolution
		Debug|Any CPU = Debug|Any CPU
		Debug|iPhone = Debug|iPhone
		Debug|iPhoneSimulator = Debug|iPhoneSimulator
		Release|Any CPU = Release|Any CPU
		Release|iPhone = Release|iPhone
		Release|iPhoneSimulator = Release|iPhoneSimulator
	EndGlobalSection
	GlobalSection(ProjectConfigurationPlatforms) = postSolution
		{AD306162-8DAD-4DBD-B264-BDA8765CC107}.Debug|Any CPU.ActiveCfg = Debug|Any CPU
		{AD306162-8DAD-4DBD-B264-BDA8765CC107}.Debug|Any CPU.Build.0 = Debug|Any CPU
		{AD306162-8DAD-4DBD-B264-BDA8765CC107}.Debug|iPhone.ActiveCfg = Debug|Any CPU
		{AD306162-8DAD-4DBD-B264-BDA8765CC107}.Debug|iPhone.Build.0 = Debug|Any CPU
		{AD306162-8DAD-4DBD-B264-BDA8765CC107}.Debug|iPhoneSimulator.ActiveCfg = Debug|Any CPU
		{AD306162-8DAD-4DBD-B264-BDA8765CC107}.Debug|iPhoneSimulator.Build.0 = Debug|Any CPU
		{AD306162-8DAD-4DBD-B264-BDA8765CC107}.Release|Any CPU.ActiveCfg = Release|Any CPU
		{AD306162-8DAD-4DBD-B264-BDA8765CC107}.Release|Any CPU.Build.0 = Release|Any CPU
		{AD306162-8DAD-4DBD-B264-BDA8765CC107}.Release|iPhone.ActiveCfg = Release|Any CPU
		{AD306162-8DAD-4DBD-B264-BDA8765CC107}.Release|iPhone.Build.0 = Release|Any CPU
		{AD306162-8DAD-4DBD-B264-BDA8765CC107}.Release|iPhoneSimulator.ActiveCfg = Release|Any CPU
		{AD306162-8DAD-4DBD-B264-BDA8765CC107}.Release|iPhoneSimulator.Build.0 = Release|Any CPU
		{C16867FC-93FC-4E4C-B4DF-6F40D9615E01}.Debug|Any CPU.ActiveCfg = Debug|Any CPU
		{C16867FC-93FC-4E4C-B4DF-6F40D9615E01}.Debug|iPhone.ActiveCfg = Debug|Any CPU
		{C16867FC-93FC-4E4C-B4DF-6F40D9615E01}.Debug|iPhone.Build.0 = Debug|Any CPU
		{C16867FC-93FC-4E4C-B4DF-6F40D9615E01}.Debug|iPhoneSimulator.ActiveCfg = Debug|Any CPU
		{C16867FC-93FC-4E4C-B4DF-6F40D9615E01}.Debug|iPhoneSimulator.Build.0 = Debug|Any CPU
		{C16867FC-93FC-4E4C-B4DF-6F40D9615E01}.Release|Any CPU.ActiveCfg = Release|Any CPU
		{C16867FC-93FC-4E4C-B4DF-6F40D9615E01}.Release|iPhone.ActiveCfg = Release|Any CPU
		{C16867FC-93FC-4E4C-B4DF-6F40D9615E01}.Release|iPhone.Build.0 = Release|Any CPU
		{C16867FC-93FC-4E4C-B4DF-6F40D9615E01}.Release|iPhoneSimulator.ActiveCfg = Release|Any CPU
		{C16867FC-93FC-4E4C-B4DF-6F40D9615E01}.Release|iPhoneSimulator.Build.0 = Release|Any CPU
		{C16867FC-93FC-4E4C-B4DF-6F40D9615E01}.Debug|Any CPU.Build.0 = Debug|Any CPU
		{DD591044-71E4-47D3-8580-3B995B59D9E6}.Debug|Any CPU.ActiveCfg = Debug|Any CPU
		{DD591044-71E4-47D3-8580-3B995B59D9E6}.Debug|iPhone.ActiveCfg = Debug|Any CPU
		{DD591044-71E4-47D3-8580-3B995B59D9E6}.Debug|iPhone.Build.0 = Debug|Any CPU
		{DD591044-71E4-47D3-8580-3B995B59D9E6}.Debug|iPhoneSimulator.ActiveCfg = Debug|Any CPU
		{DD591044-71E4-47D3-8580-3B995B59D9E6}.Debug|iPhoneSimulator.Build.0 = Debug|Any CPU
		{DD591044-71E4-47D3-8580-3B995B59D9E6}.Release|Any CPU.ActiveCfg = Release|Any CPU
		{DD591044-71E4-47D3-8580-3B995B59D9E6}.Release|Any CPU.Build.0 = Release|Any CPU
		{DD591044-71E4-47D3-8580-3B995B59D9E6}.Release|iPhone.ActiveCfg = Release|Any CPU
		{DD591044-71E4-47D3-8580-3B995B59D9E6}.Release|iPhone.Build.0 = Release|Any CPU
		{DD591044-71E4-47D3-8580-3B995B59D9E6}.Release|iPhoneSimulator.ActiveCfg = Release|Any CPU
		{DD591044-71E4-47D3-8580-3B995B59D9E6}.Release|iPhoneSimulator.Build.0 = Release|Any CPU
		{DD591044-71E4-47D3-8580-3B995B59D9E6}.Debug|Any CPU.Build.0 = Debug|Any CPU
		{6B3ED949-8155-4029-89B0-68AEC8EDC255}.Debug|Any CPU.ActiveCfg = Debug|Any CPU
		{6B3ED949-8155-4029-89B0-68AEC8EDC255}.Debug|iPhone.ActiveCfg = Debug|Any CPU
		{6B3ED949-8155-4029-89B0-68AEC8EDC255}.Debug|iPhone.Build.0 = Debug|Any CPU
		{6B3ED949-8155-4029-89B0-68AEC8EDC255}.Debug|iPhoneSimulator.ActiveCfg = Debug|Any CPU
		{6B3ED949-8155-4029-89B0-68AEC8EDC255}.Debug|iPhoneSimulator.Build.0 = Debug|Any CPU
		{6B3ED949-8155-4029-89B0-68AEC8EDC255}.Release|Any CPU.ActiveCfg = Release|Any CPU
		{6B3ED949-8155-4029-89B0-68AEC8EDC255}.Release|Any CPU.Build.0 = Release|Any CPU
		{6B3ED949-8155-4029-89B0-68AEC8EDC255}.Release|iPhone.ActiveCfg = Release|Any CPU
		{6B3ED949-8155-4029-89B0-68AEC8EDC255}.Release|iPhone.Build.0 = Release|Any CPU
		{6B3ED949-8155-4029-89B0-68AEC8EDC255}.Release|iPhoneSimulator.ActiveCfg = Release|Any CPU
		{6B3ED949-8155-4029-89B0-68AEC8EDC255}.Release|iPhoneSimulator.Build.0 = Release|Any CPU
		{6B3ED949-8155-4029-89B0-68AEC8EDC255}.Debug|Any CPU.Build.0 = Debug|Any CPU
		{4E7F6BD9-33C0-4544-9186-7FDCD0047F4B}.Debug|Any CPU.ActiveCfg = Debug|Any CPU
		{4E7F6BD9-33C0-4544-9186-7FDCD0047F4B}.Debug|iPhone.ActiveCfg = Debug|Any CPU
		{4E7F6BD9-33C0-4544-9186-7FDCD0047F4B}.Debug|iPhone.Build.0 = Debug|Any CPU
		{4E7F6BD9-33C0-4544-9186-7FDCD0047F4B}.Debug|iPhoneSimulator.ActiveCfg = Debug|Any CPU
		{4E7F6BD9-33C0-4544-9186-7FDCD0047F4B}.Debug|iPhoneSimulator.Build.0 = Debug|Any CPU
		{4E7F6BD9-33C0-4544-9186-7FDCD0047F4B}.Release|Any CPU.ActiveCfg = Release|Any CPU
		{4E7F6BD9-33C0-4544-9186-7FDCD0047F4B}.Release|Any CPU.Build.0 = Release|Any CPU
		{4E7F6BD9-33C0-4544-9186-7FDCD0047F4B}.Release|iPhone.ActiveCfg = Release|Any CPU
		{4E7F6BD9-33C0-4544-9186-7FDCD0047F4B}.Release|iPhone.Build.0 = Release|Any CPU
		{4E7F6BD9-33C0-4544-9186-7FDCD0047F4B}.Release|iPhoneSimulator.ActiveCfg = Release|Any CPU
		{4E7F6BD9-33C0-4544-9186-7FDCD0047F4B}.Release|iPhoneSimulator.Build.0 = Release|Any CPU
		{4E7F6BD9-33C0-4544-9186-7FDCD0047F4B}.Debug|Any CPU.Build.0 = Debug|Any CPU
		{635CB2B3-5ECA-4B22-B520-92111FEC6C3B}.Debug|Any CPU.ActiveCfg = Debug|Any CPU
		{635CB2B3-5ECA-4B22-B520-92111FEC6C3B}.Debug|iPhone.ActiveCfg = Debug|Any CPU
		{635CB2B3-5ECA-4B22-B520-92111FEC6C3B}.Debug|iPhone.Build.0 = Debug|Any CPU
		{635CB2B3-5ECA-4B22-B520-92111FEC6C3B}.Debug|iPhoneSimulator.ActiveCfg = Debug|Any CPU
		{635CB2B3-5ECA-4B22-B520-92111FEC6C3B}.Debug|iPhoneSimulator.Build.0 = Debug|Any CPU
		{635CB2B3-5ECA-4B22-B520-92111FEC6C3B}.Release|Any CPU.ActiveCfg = Release|Any CPU
		{635CB2B3-5ECA-4B22-B520-92111FEC6C3B}.Release|Any CPU.Build.0 = Release|Any CPU
		{635CB2B3-5ECA-4B22-B520-92111FEC6C3B}.Release|iPhone.ActiveCfg = Release|Any CPU
		{635CB2B3-5ECA-4B22-B520-92111FEC6C3B}.Release|iPhone.Build.0 = Release|Any CPU
		{635CB2B3-5ECA-4B22-B520-92111FEC6C3B}.Release|iPhoneSimulator.ActiveCfg = Release|Any CPU
		{635CB2B3-5ECA-4B22-B520-92111FEC6C3B}.Release|iPhoneSimulator.Build.0 = Release|Any CPU
		{635CB2B3-5ECA-4B22-B520-92111FEC6C3B}.Debug|Any CPU.Build.0 = Debug|Any CPU
		{80D20B03-FF89-47CF-A676-B67B9DE2DAF2}.Debug|Any CPU.ActiveCfg = Debug|Any CPU
		{80D20B03-FF89-47CF-A676-B67B9DE2DAF2}.Debug|Any CPU.Build.0 = Debug|Any CPU
		{80D20B03-FF89-47CF-A676-B67B9DE2DAF2}.Debug|iPhone.ActiveCfg = Debug|Any CPU
		{80D20B03-FF89-47CF-A676-B67B9DE2DAF2}.Debug|iPhone.Build.0 = Debug|Any CPU
		{80D20B03-FF89-47CF-A676-B67B9DE2DAF2}.Debug|iPhoneSimulator.ActiveCfg = Debug|Any CPU
		{80D20B03-FF89-47CF-A676-B67B9DE2DAF2}.Debug|iPhoneSimulator.Build.0 = Debug|Any CPU
		{80D20B03-FF89-47CF-A676-B67B9DE2DAF2}.Release|Any CPU.ActiveCfg = Release|Any CPU
		{80D20B03-FF89-47CF-A676-B67B9DE2DAF2}.Release|Any CPU.Build.0 = Release|Any CPU
		{80D20B03-FF89-47CF-A676-B67B9DE2DAF2}.Release|iPhone.ActiveCfg = Release|Any CPU
		{80D20B03-FF89-47CF-A676-B67B9DE2DAF2}.Release|iPhone.Build.0 = Release|Any CPU
		{80D20B03-FF89-47CF-A676-B67B9DE2DAF2}.Release|iPhoneSimulator.ActiveCfg = Release|Any CPU
		{80D20B03-FF89-47CF-A676-B67B9DE2DAF2}.Release|iPhoneSimulator.Build.0 = Release|Any CPU
		{DA803D6D-59D2-4BA0-8DEC-2C6B054B025C}.Debug|Any CPU.ActiveCfg = Debug|Any CPU
		{DA803D6D-59D2-4BA0-8DEC-2C6B054B025C}.Debug|iPhone.ActiveCfg = Debug|Any CPU
		{DA803D6D-59D2-4BA0-8DEC-2C6B054B025C}.Debug|iPhone.Build.0 = Debug|Any CPU
		{DA803D6D-59D2-4BA0-8DEC-2C6B054B025C}.Debug|iPhoneSimulator.ActiveCfg = Debug|Any CPU
		{DA803D6D-59D2-4BA0-8DEC-2C6B054B025C}.Debug|iPhoneSimulator.Build.0 = Debug|Any CPU
		{DA803D6D-59D2-4BA0-8DEC-2C6B054B025C}.Release|Any CPU.ActiveCfg = Release|Any CPU
		{DA803D6D-59D2-4BA0-8DEC-2C6B054B025C}.Release|iPhone.ActiveCfg = Release|Any CPU
		{DA803D6D-59D2-4BA0-8DEC-2C6B054B025C}.Release|iPhone.Build.0 = Release|Any CPU
		{DA803D6D-59D2-4BA0-8DEC-2C6B054B025C}.Release|iPhoneSimulator.ActiveCfg = Release|Any CPU
		{DA803D6D-59D2-4BA0-8DEC-2C6B054B025C}.Release|iPhoneSimulator.Build.0 = Release|Any CPU
		{DA803D6D-59D2-4BA0-8DEC-2C6B054B025C}.Debug|Any CPU.Build.0 = Debug|Any CPU
		{924FD7A2-5FE6-4EBF-B441-A75FFCF544F1}.Debug|Any CPU.ActiveCfg = Debug|Any CPU
		{924FD7A2-5FE6-4EBF-B441-A75FFCF544F1}.Debug|Any CPU.Build.0 = Debug|Any CPU
		{924FD7A2-5FE6-4EBF-B441-A75FFCF544F1}.Debug|iPhone.ActiveCfg = Debug|Any CPU
		{924FD7A2-5FE6-4EBF-B441-A75FFCF544F1}.Debug|iPhone.Build.0 = Debug|Any CPU
		{924FD7A2-5FE6-4EBF-B441-A75FFCF544F1}.Debug|iPhoneSimulator.ActiveCfg = Debug|Any CPU
		{924FD7A2-5FE6-4EBF-B441-A75FFCF544F1}.Debug|iPhoneSimulator.Build.0 = Debug|Any CPU
		{924FD7A2-5FE6-4EBF-B441-A75FFCF544F1}.Release|Any CPU.ActiveCfg = Release|Any CPU
		{924FD7A2-5FE6-4EBF-B441-A75FFCF544F1}.Release|Any CPU.Build.0 = Release|Any CPU
		{924FD7A2-5FE6-4EBF-B441-A75FFCF544F1}.Release|iPhone.ActiveCfg = Release|Any CPU
		{924FD7A2-5FE6-4EBF-B441-A75FFCF544F1}.Release|iPhone.Build.0 = Release|Any CPU
		{924FD7A2-5FE6-4EBF-B441-A75FFCF544F1}.Release|iPhoneSimulator.ActiveCfg = Release|Any CPU
		{924FD7A2-5FE6-4EBF-B441-A75FFCF544F1}.Release|iPhoneSimulator.Build.0 = Release|Any CPU
		{FCA2D62B-E44E-45F4-8AC8-12FCAC4B8A7A}.Debug|Any CPU.ActiveCfg = Debug|Any CPU
		{FCA2D62B-E44E-45F4-8AC8-12FCAC4B8A7A}.Debug|Any CPU.Build.0 = Debug|Any CPU
		{FCA2D62B-E44E-45F4-8AC8-12FCAC4B8A7A}.Debug|iPhone.ActiveCfg = Debug|Any CPU
		{FCA2D62B-E44E-45F4-8AC8-12FCAC4B8A7A}.Debug|iPhone.Build.0 = Debug|Any CPU
		{FCA2D62B-E44E-45F4-8AC8-12FCAC4B8A7A}.Debug|iPhoneSimulator.ActiveCfg = Debug|Any CPU
		{FCA2D62B-E44E-45F4-8AC8-12FCAC4B8A7A}.Debug|iPhoneSimulator.Build.0 = Debug|Any CPU
		{FCA2D62B-E44E-45F4-8AC8-12FCAC4B8A7A}.Release|Any CPU.ActiveCfg = Release|Any CPU
		{FCA2D62B-E44E-45F4-8AC8-12FCAC4B8A7A}.Release|iPhone.ActiveCfg = Release|Any CPU
		{FCA2D62B-E44E-45F4-8AC8-12FCAC4B8A7A}.Release|iPhone.Build.0 = Release|Any CPU
		{FCA2D62B-E44E-45F4-8AC8-12FCAC4B8A7A}.Release|iPhoneSimulator.ActiveCfg = Release|Any CPU
		{FCA2D62B-E44E-45F4-8AC8-12FCAC4B8A7A}.Release|iPhoneSimulator.Build.0 = Release|Any CPU
		{B72209A6-B110-468F-B4BE-BE424397E632}.Debug|Any CPU.ActiveCfg = Debug|Any CPU
		{B72209A6-B110-468F-B4BE-BE424397E632}.Debug|Any CPU.Build.0 = Debug|Any CPU
		{B72209A6-B110-468F-B4BE-BE424397E632}.Debug|iPhone.ActiveCfg = Debug|Any CPU
		{B72209A6-B110-468F-B4BE-BE424397E632}.Debug|iPhone.Build.0 = Debug|Any CPU
		{B72209A6-B110-468F-B4BE-BE424397E632}.Debug|iPhoneSimulator.ActiveCfg = Debug|Any CPU
		{B72209A6-B110-468F-B4BE-BE424397E632}.Debug|iPhoneSimulator.Build.0 = Debug|Any CPU
		{B72209A6-B110-468F-B4BE-BE424397E632}.Release|Any CPU.ActiveCfg = Release|Any CPU
		{B72209A6-B110-468F-B4BE-BE424397E632}.Release|Any CPU.Build.0 = Release|Any CPU
		{B72209A6-B110-468F-B4BE-BE424397E632}.Release|iPhone.ActiveCfg = Release|Any CPU
		{B72209A6-B110-468F-B4BE-BE424397E632}.Release|iPhone.Build.0 = Release|Any CPU
		{B72209A6-B110-468F-B4BE-BE424397E632}.Release|iPhoneSimulator.ActiveCfg = Release|Any CPU
		{B72209A6-B110-468F-B4BE-BE424397E632}.Release|iPhoneSimulator.Build.0 = Release|Any CPU
		{FF8B355E-D31A-493E-AFE5-AEC979CC50AE}.Debug|Any CPU.ActiveCfg = Debug|Any CPU
		{FF8B355E-D31A-493E-AFE5-AEC979CC50AE}.Debug|Any CPU.Build.0 = Debug|Any CPU
		{FF8B355E-D31A-493E-AFE5-AEC979CC50AE}.Debug|iPhone.ActiveCfg = Debug|Any CPU
		{FF8B355E-D31A-493E-AFE5-AEC979CC50AE}.Debug|iPhone.Build.0 = Debug|Any CPU
		{FF8B355E-D31A-493E-AFE5-AEC979CC50AE}.Debug|iPhoneSimulator.ActiveCfg = Debug|Any CPU
		{FF8B355E-D31A-493E-AFE5-AEC979CC50AE}.Debug|iPhoneSimulator.Build.0 = Debug|Any CPU
		{FF8B355E-D31A-493E-AFE5-AEC979CC50AE}.Release|Any CPU.ActiveCfg = Release|Any CPU
		{FF8B355E-D31A-493E-AFE5-AEC979CC50AE}.Release|Any CPU.Build.0 = Release|Any CPU
		{FF8B355E-D31A-493E-AFE5-AEC979CC50AE}.Release|iPhone.ActiveCfg = Release|Any CPU
		{FF8B355E-D31A-493E-AFE5-AEC979CC50AE}.Release|iPhone.Build.0 = Release|Any CPU
		{FF8B355E-D31A-493E-AFE5-AEC979CC50AE}.Release|iPhoneSimulator.ActiveCfg = Release|Any CPU
		{FF8B355E-D31A-493E-AFE5-AEC979CC50AE}.Release|iPhoneSimulator.Build.0 = Release|Any CPU
		{A7D40952-7EBC-4B5D-8C00-60FE283029A5}.Debug|Any CPU.ActiveCfg = Debug|Any CPU
		{A7D40952-7EBC-4B5D-8C00-60FE283029A5}.Debug|Any CPU.Build.0 = Debug|Any CPU
		{835FFB41-7338-4933-B048-06F771383BB4}.Debug|Any CPU.ActiveCfg = Debug|Any CPU
		{835FFB41-7338-4933-B048-06F771383BB4}.Debug|Any CPU.Build.0 = Debug|Any CPU
		{835FFB41-7338-4933-B048-06F771383BB4}.Debug|iPhone.ActiveCfg = Debug|Any CPU
		{835FFB41-7338-4933-B048-06F771383BB4}.Debug|iPhone.Build.0 = Debug|Any CPU
		{835FFB41-7338-4933-B048-06F771383BB4}.Debug|iPhoneSimulator.ActiveCfg = Debug|Any CPU
		{835FFB41-7338-4933-B048-06F771383BB4}.Debug|iPhoneSimulator.Build.0 = Debug|Any CPU
		{835FFB41-7338-4933-B048-06F771383BB4}.Release|Any CPU.ActiveCfg = Release|Any CPU
		{835FFB41-7338-4933-B048-06F771383BB4}.Release|Any CPU.Build.0 = Release|Any CPU
		{835FFB41-7338-4933-B048-06F771383BB4}.Release|iPhone.ActiveCfg = Release|Any CPU
		{835FFB41-7338-4933-B048-06F771383BB4}.Release|iPhone.Build.0 = Release|Any CPU
		{835FFB41-7338-4933-B048-06F771383BB4}.Release|iPhoneSimulator.ActiveCfg = Release|Any CPU
		{835FFB41-7338-4933-B048-06F771383BB4}.Release|iPhoneSimulator.Build.0 = Release|Any CPU
		{2834D105-879E-47DA-8121-C3220F391E4F}.Debug|Any CPU.ActiveCfg = Debug|Any CPU
		{2834D105-879E-47DA-8121-C3220F391E4F}.Debug|Any CPU.Build.0 = Debug|Any CPU
		{2834D105-879E-47DA-8121-C3220F391E4F}.Debug|iPhone.ActiveCfg = Debug|Any CPU
		{2834D105-879E-47DA-8121-C3220F391E4F}.Debug|iPhone.Build.0 = Debug|Any CPU
		{2834D105-879E-47DA-8121-C3220F391E4F}.Debug|iPhoneSimulator.ActiveCfg = Debug|Any CPU
		{2834D105-879E-47DA-8121-C3220F391E4F}.Debug|iPhoneSimulator.Build.0 = Debug|Any CPU
		{2834D105-879E-47DA-8121-C3220F391E4F}.Release|Any CPU.ActiveCfg = Release|Any CPU
		{2834D105-879E-47DA-8121-C3220F391E4F}.Release|Any CPU.Build.0 = Release|Any CPU
		{2834D105-879E-47DA-8121-C3220F391E4F}.Release|iPhone.ActiveCfg = Release|Any CPU
		{2834D105-879E-47DA-8121-C3220F391E4F}.Release|iPhone.Build.0 = Release|Any CPU
		{2834D105-879E-47DA-8121-C3220F391E4F}.Release|iPhoneSimulator.ActiveCfg = Release|Any CPU
		{2834D105-879E-47DA-8121-C3220F391E4F}.Release|iPhoneSimulator.Build.0 = Release|Any CPU
		{6F2A1F1B-EDAE-49E8-906D-2576D6905C6E}.Debug|Any CPU.ActiveCfg = Debug|Any CPU
		{6F2A1F1B-EDAE-49E8-906D-2576D6905C6E}.Debug|Any CPU.Build.0 = Debug|Any CPU
		{6F2A1F1B-EDAE-49E8-906D-2576D6905C6E}.Debug|iPhone.ActiveCfg = Debug|Any CPU
		{6F2A1F1B-EDAE-49E8-906D-2576D6905C6E}.Debug|iPhone.Build.0 = Debug|Any CPU
		{6F2A1F1B-EDAE-49E8-906D-2576D6905C6E}.Debug|iPhoneSimulator.ActiveCfg = Debug|Any CPU
		{6F2A1F1B-EDAE-49E8-906D-2576D6905C6E}.Debug|iPhoneSimulator.Build.0 = Debug|Any CPU
		{6F2A1F1B-EDAE-49E8-906D-2576D6905C6E}.Release|Any CPU.ActiveCfg = Release|Any CPU
		{6F2A1F1B-EDAE-49E8-906D-2576D6905C6E}.Release|Any CPU.Build.0 = Release|Any CPU
		{6F2A1F1B-EDAE-49E8-906D-2576D6905C6E}.Release|iPhone.ActiveCfg = Release|Any CPU
		{6F2A1F1B-EDAE-49E8-906D-2576D6905C6E}.Release|iPhone.Build.0 = Release|Any CPU
		{6F2A1F1B-EDAE-49E8-906D-2576D6905C6E}.Release|iPhoneSimulator.ActiveCfg = Release|Any CPU
		{6F2A1F1B-EDAE-49E8-906D-2576D6905C6E}.Release|iPhoneSimulator.Build.0 = Release|Any CPU
		{7B6344A0-7059-4C3A-B435-5E2EDF749296}.Debug|Any CPU.ActiveCfg = Debug|iPhoneSimulator
		{7B6344A0-7059-4C3A-B435-5E2EDF749296}.Debug|Any CPU.Build.0 = Debug|iPhoneSimulator
		{7B6344A0-7059-4C3A-B435-5E2EDF749296}.Debug|iPhone.ActiveCfg = Debug|iPhone
		{7B6344A0-7059-4C3A-B435-5E2EDF749296}.Debug|iPhone.Build.0 = Debug|iPhone
		{7B6344A0-7059-4C3A-B435-5E2EDF749296}.Debug|iPhoneSimulator.ActiveCfg = Debug|iPhoneSimulator
		{7B6344A0-7059-4C3A-B435-5E2EDF749296}.Debug|iPhoneSimulator.Build.0 = Debug|iPhoneSimulator
		{7B6344A0-7059-4C3A-B435-5E2EDF749296}.Release|Any CPU.ActiveCfg = Release|iPhoneSimulator
		{7B6344A0-7059-4C3A-B435-5E2EDF749296}.Release|Any CPU.Build.0 = Release|iPhoneSimulator
		{7B6344A0-7059-4C3A-B435-5E2EDF749296}.Release|iPhone.ActiveCfg = Release|iPhone
		{7B6344A0-7059-4C3A-B435-5E2EDF749296}.Release|iPhone.Build.0 = Release|iPhone
		{7B6344A0-7059-4C3A-B435-5E2EDF749296}.Release|iPhoneSimulator.ActiveCfg = Release|iPhoneSimulator
		{7B6344A0-7059-4C3A-B435-5E2EDF749296}.Release|iPhoneSimulator.Build.0 = Release|iPhoneSimulator
		{BAF6A325-F34A-4F26-B036-495CB5284DB4}.Debug|Any CPU.ActiveCfg = Debug|iPhoneSimulator
		{BAF6A325-F34A-4F26-B036-495CB5284DB4}.Debug|Any CPU.Build.0 = Debug|iPhoneSimulator
		{BAF6A325-F34A-4F26-B036-495CB5284DB4}.Debug|iPhone.ActiveCfg = Debug|iPhone
		{BAF6A325-F34A-4F26-B036-495CB5284DB4}.Debug|iPhone.Build.0 = Debug|iPhone
		{BAF6A325-F34A-4F26-B036-495CB5284DB4}.Debug|iPhoneSimulator.ActiveCfg = Debug|iPhoneSimulator
		{BAF6A325-F34A-4F26-B036-495CB5284DB4}.Debug|iPhoneSimulator.Build.0 = Debug|iPhoneSimulator
		{BAF6A325-F34A-4F26-B036-495CB5284DB4}.Release|Any CPU.ActiveCfg = Release|iPhone
		{BAF6A325-F34A-4F26-B036-495CB5284DB4}.Release|Any CPU.Build.0 = Release|iPhone
		{BAF6A325-F34A-4F26-B036-495CB5284DB4}.Release|iPhone.ActiveCfg = Release|iPhone
		{BAF6A325-F34A-4F26-B036-495CB5284DB4}.Release|iPhone.Build.0 = Release|iPhone
		{BAF6A325-F34A-4F26-B036-495CB5284DB4}.Release|iPhoneSimulator.ActiveCfg = Release|iPhoneSimulator
		{BAF6A325-F34A-4F26-B036-495CB5284DB4}.Release|iPhoneSimulator.Build.0 = Release|iPhoneSimulator
		{8299649E-DF61-4A74-9BF0-533ED6867FCE}.Debug|Any CPU.ActiveCfg = Debug|iPhoneSimulator
		{8299649E-DF61-4A74-9BF0-533ED6867FCE}.Debug|Any CPU.Build.0 = Debug|iPhoneSimulator
		{8299649E-DF61-4A74-9BF0-533ED6867FCE}.Debug|iPhone.ActiveCfg = Debug|iPhone
		{8299649E-DF61-4A74-9BF0-533ED6867FCE}.Debug|iPhone.Build.0 = Debug|iPhone
		{8299649E-DF61-4A74-9BF0-533ED6867FCE}.Debug|iPhoneSimulator.ActiveCfg = Debug|iPhoneSimulator
		{8299649E-DF61-4A74-9BF0-533ED6867FCE}.Debug|iPhoneSimulator.Build.0 = Debug|iPhoneSimulator
		{8299649E-DF61-4A74-9BF0-533ED6867FCE}.Release|Any CPU.ActiveCfg = Release|iPhoneSimulator
		{8299649E-DF61-4A74-9BF0-533ED6867FCE}.Release|Any CPU.Build.0 = Release|iPhoneSimulator
		{8299649E-DF61-4A74-9BF0-533ED6867FCE}.Release|iPhone.ActiveCfg = Release|iPhone
		{8299649E-DF61-4A74-9BF0-533ED6867FCE}.Release|iPhone.Build.0 = Release|iPhone
		{8299649E-DF61-4A74-9BF0-533ED6867FCE}.Release|iPhoneSimulator.ActiveCfg = Release|iPhoneSimulator
		{8299649E-DF61-4A74-9BF0-533ED6867FCE}.Release|iPhoneSimulator.Build.0 = Release|iPhoneSimulator
		{B0F80EF4-7CF9-4E85-B3BD-C7F0841F3CEF}.Debug|Any CPU.ActiveCfg = Debug|iPhoneSimulator
		{B0F80EF4-7CF9-4E85-B3BD-C7F0841F3CEF}.Debug|Any CPU.Build.0 = Debug|iPhoneSimulator
		{BD3AC592-DD86-4AB5-978E-9831A2BFCE1A}.Debug|Any CPU.ActiveCfg = Debug|iPhoneSimulator
		{BD3AC592-DD86-4AB5-978E-9831A2BFCE1A}.Debug|Any CPU.Build.0 = Debug|iPhoneSimulator
		{BD3AC592-DD86-4AB5-978E-9831A2BFCE1A}.Debug|iPhone.ActiveCfg = Debug|iPhone
		{BD3AC592-DD86-4AB5-978E-9831A2BFCE1A}.Debug|iPhone.Build.0 = Debug|iPhone
		{BD3AC592-DD86-4AB5-978E-9831A2BFCE1A}.Debug|iPhoneSimulator.ActiveCfg = Debug|iPhoneSimulator
		{BD3AC592-DD86-4AB5-978E-9831A2BFCE1A}.Debug|iPhoneSimulator.Build.0 = Debug|iPhoneSimulator
		{BD3AC592-DD86-4AB5-978E-9831A2BFCE1A}.Release|Any CPU.ActiveCfg = Release|iPhoneSimulator
		{BD3AC592-DD86-4AB5-978E-9831A2BFCE1A}.Release|Any CPU.Build.0 = Release|iPhoneSimulator
		{BD3AC592-DD86-4AB5-978E-9831A2BFCE1A}.Release|iPhone.ActiveCfg = Release|iPhone
		{BD3AC592-DD86-4AB5-978E-9831A2BFCE1A}.Release|iPhone.Build.0 = Release|iPhone
		{BD3AC592-DD86-4AB5-978E-9831A2BFCE1A}.Release|iPhoneSimulator.ActiveCfg = Release|iPhoneSimulator
		{BD3AC592-DD86-4AB5-978E-9831A2BFCE1A}.Release|iPhoneSimulator.Build.0 = Release|iPhoneSimulator
		{9F8B4A08-66D4-49AD-8961-7A42156BECE0}.Debug|Any CPU.ActiveCfg = Debug|Any CPU
		{9F8B4A08-66D4-49AD-8961-7A42156BECE0}.Debug|Any CPU.Build.0 = Debug|Any CPU
		{B1CE672B-6F71-4877-84DC-9E475B509955}.Debug|Any CPU.ActiveCfg = Debug|Any CPU
		{B1CE672B-6F71-4877-84DC-9E475B509955}.Debug|Any CPU.Build.0 = Debug|Any CPU
		{B1CE672B-6F71-4877-84DC-9E475B509955}.Debug|iPhone.ActiveCfg = Debug|Any CPU
		{B1CE672B-6F71-4877-84DC-9E475B509955}.Debug|iPhone.Build.0 = Debug|Any CPU
		{B1CE672B-6F71-4877-84DC-9E475B509955}.Debug|iPhoneSimulator.ActiveCfg = Debug|Any CPU
		{B1CE672B-6F71-4877-84DC-9E475B509955}.Debug|iPhoneSimulator.Build.0 = Debug|Any CPU
		{B1CE672B-6F71-4877-84DC-9E475B509955}.Release|Any CPU.ActiveCfg = Release|Any CPU
		{B1CE672B-6F71-4877-84DC-9E475B509955}.Release|Any CPU.Build.0 = Release|Any CPU
		{B1CE672B-6F71-4877-84DC-9E475B509955}.Release|iPhone.ActiveCfg = Release|Any CPU
		{B1CE672B-6F71-4877-84DC-9E475B509955}.Release|iPhone.Build.0 = Release|Any CPU
		{B1CE672B-6F71-4877-84DC-9E475B509955}.Release|iPhoneSimulator.ActiveCfg = Release|Any CPU
		{B1CE672B-6F71-4877-84DC-9E475B509955}.Release|iPhoneSimulator.Build.0 = Release|Any CPU
		{C62475CC-1D84-479D-8DDA-51957D883422}.Debug|Any CPU.ActiveCfg = Debug|Any CPU
		{C62475CC-1D84-479D-8DDA-51957D883422}.Debug|Any CPU.Build.0 = Debug|Any CPU
		{095F4BE9-2B6F-4967-BE47-21A65258E290}.Debug|Any CPU.ActiveCfg = Debug|Any CPU
		{095F4BE9-2B6F-4967-BE47-21A65258E290}.Debug|Any CPU.Build.0 = Debug|Any CPU
		{095F4BE9-2B6F-4967-BE47-21A65258E290}.Debug|iPhone.ActiveCfg = Debug|Any CPU
		{095F4BE9-2B6F-4967-BE47-21A65258E290}.Debug|iPhone.Build.0 = Debug|Any CPU
		{095F4BE9-2B6F-4967-BE47-21A65258E290}.Debug|iPhoneSimulator.ActiveCfg = Debug|Any CPU
		{095F4BE9-2B6F-4967-BE47-21A65258E290}.Debug|iPhoneSimulator.Build.0 = Debug|Any CPU
		{095F4BE9-2B6F-4967-BE47-21A65258E290}.Release|Any CPU.ActiveCfg = Release|Any CPU
		{095F4BE9-2B6F-4967-BE47-21A65258E290}.Release|Any CPU.Build.0 = Release|Any CPU
		{095F4BE9-2B6F-4967-BE47-21A65258E290}.Release|iPhone.ActiveCfg = Release|Any CPU
		{095F4BE9-2B6F-4967-BE47-21A65258E290}.Release|iPhone.Build.0 = Release|Any CPU
		{095F4BE9-2B6F-4967-BE47-21A65258E290}.Release|iPhoneSimulator.ActiveCfg = Release|Any CPU
		{095F4BE9-2B6F-4967-BE47-21A65258E290}.Release|iPhoneSimulator.Build.0 = Release|Any CPU
		{B93555E8-A8E3-46F5-AFC3-05CFC5B2C65E}.Debug|Any CPU.ActiveCfg = Debug|Any CPU
		{B93555E8-A8E3-46F5-AFC3-05CFC5B2C65E}.Debug|Any CPU.Build.0 = Debug|Any CPU
		{B93555E8-A8E3-46F5-AFC3-05CFC5B2C65E}.Debug|iPhone.ActiveCfg = Debug|Any CPU
		{B93555E8-A8E3-46F5-AFC3-05CFC5B2C65E}.Debug|iPhone.Build.0 = Debug|Any CPU
		{B93555E8-A8E3-46F5-AFC3-05CFC5B2C65E}.Debug|iPhoneSimulator.ActiveCfg = Debug|Any CPU
		{B93555E8-A8E3-46F5-AFC3-05CFC5B2C65E}.Debug|iPhoneSimulator.Build.0 = Debug|Any CPU
		{B93555E8-A8E3-46F5-AFC3-05CFC5B2C65E}.Release|Any CPU.ActiveCfg = Release|Any CPU
		{B93555E8-A8E3-46F5-AFC3-05CFC5B2C65E}.Release|Any CPU.Build.0 = Release|Any CPU
		{B93555E8-A8E3-46F5-AFC3-05CFC5B2C65E}.Release|iPhone.ActiveCfg = Release|Any CPU
		{B93555E8-A8E3-46F5-AFC3-05CFC5B2C65E}.Release|iPhone.Build.0 = Release|Any CPU
		{B93555E8-A8E3-46F5-AFC3-05CFC5B2C65E}.Release|iPhoneSimulator.ActiveCfg = Release|Any CPU
		{B93555E8-A8E3-46F5-AFC3-05CFC5B2C65E}.Release|iPhoneSimulator.Build.0 = Release|Any CPU
		{BD863116-6FAE-4A2E-9C68-D2D7454E133D}.Debug|Any CPU.ActiveCfg = Debug|Any CPU
		{BD863116-6FAE-4A2E-9C68-D2D7454E133D}.Debug|Any CPU.Build.0 = Debug|Any CPU
		{BD863116-6FAE-4A2E-9C68-D2D7454E133D}.Debug|iPhone.ActiveCfg = Debug|Any CPU
		{BD863116-6FAE-4A2E-9C68-D2D7454E133D}.Debug|iPhone.Build.0 = Debug|Any CPU
		{BD863116-6FAE-4A2E-9C68-D2D7454E133D}.Debug|iPhoneSimulator.ActiveCfg = Debug|Any CPU
		{BD863116-6FAE-4A2E-9C68-D2D7454E133D}.Debug|iPhoneSimulator.Build.0 = Debug|Any CPU
		{BD863116-6FAE-4A2E-9C68-D2D7454E133D}.Release|Any CPU.ActiveCfg = Release|Any CPU
		{BD863116-6FAE-4A2E-9C68-D2D7454E133D}.Release|Any CPU.Build.0 = Release|Any CPU
		{BD863116-6FAE-4A2E-9C68-D2D7454E133D}.Release|iPhone.ActiveCfg = Release|Any CPU
		{BD863116-6FAE-4A2E-9C68-D2D7454E133D}.Release|iPhone.Build.0 = Release|Any CPU
		{BD863116-6FAE-4A2E-9C68-D2D7454E133D}.Release|iPhoneSimulator.ActiveCfg = Release|Any CPU
		{BD863116-6FAE-4A2E-9C68-D2D7454E133D}.Release|iPhoneSimulator.Build.0 = Release|Any CPU
		{2E4FA124-6026-4034-9BFC-760E39E08D3B}.Debug|Any CPU.ActiveCfg = Debug|Any CPU
		{2E4FA124-6026-4034-9BFC-760E39E08D3B}.Debug|Any CPU.Build.0 = Debug|Any CPU
		{143DBCF9-2A05-4570-8DBB-305C37EA9374}.Debug|Any CPU.ActiveCfg = Debug|Any CPU
		{143DBCF9-2A05-4570-8DBB-305C37EA9374}.Debug|Any CPU.Build.0 = Debug|Any CPU
		{143DBCF9-2A05-4570-8DBB-305C37EA9374}.Debug|iPhone.ActiveCfg = Debug|Any CPU
		{143DBCF9-2A05-4570-8DBB-305C37EA9374}.Debug|iPhone.Build.0 = Debug|Any CPU
		{143DBCF9-2A05-4570-8DBB-305C37EA9374}.Debug|iPhoneSimulator.ActiveCfg = Debug|Any CPU
		{143DBCF9-2A05-4570-8DBB-305C37EA9374}.Debug|iPhoneSimulator.Build.0 = Debug|Any CPU
		{143DBCF9-2A05-4570-8DBB-305C37EA9374}.Release|Any CPU.ActiveCfg = Release|Any CPU
		{143DBCF9-2A05-4570-8DBB-305C37EA9374}.Release|Any CPU.Build.0 = Release|Any CPU
		{143DBCF9-2A05-4570-8DBB-305C37EA9374}.Release|iPhone.ActiveCfg = Release|Any CPU
		{143DBCF9-2A05-4570-8DBB-305C37EA9374}.Release|iPhone.Build.0 = Release|Any CPU
		{143DBCF9-2A05-4570-8DBB-305C37EA9374}.Release|iPhoneSimulator.ActiveCfg = Release|Any CPU
		{143DBCF9-2A05-4570-8DBB-305C37EA9374}.Release|iPhoneSimulator.Build.0 = Release|Any CPU
		{253EC149-670C-49FB-9831-D490CFF7407A}.Debug|Any CPU.ActiveCfg = Debug|Any CPU
		{253EC149-670C-49FB-9831-D490CFF7407A}.Debug|Any CPU.Build.0 = Debug|Any CPU
		{253EC149-670C-49FB-9831-D490CFF7407A}.Debug|iPhone.ActiveCfg = Debug|Any CPU
		{253EC149-670C-49FB-9831-D490CFF7407A}.Debug|iPhone.Build.0 = Debug|Any CPU
		{253EC149-670C-49FB-9831-D490CFF7407A}.Debug|iPhoneSimulator.ActiveCfg = Debug|Any CPU
		{253EC149-670C-49FB-9831-D490CFF7407A}.Debug|iPhoneSimulator.Build.0 = Debug|Any CPU
		{253EC149-670C-49FB-9831-D490CFF7407A}.Release|Any CPU.ActiveCfg = Release|Any CPU
		{253EC149-670C-49FB-9831-D490CFF7407A}.Release|Any CPU.Build.0 = Release|Any CPU
		{253EC149-670C-49FB-9831-D490CFF7407A}.Release|iPhone.ActiveCfg = Release|Any CPU
		{253EC149-670C-49FB-9831-D490CFF7407A}.Release|iPhone.Build.0 = Release|Any CPU
		{253EC149-670C-49FB-9831-D490CFF7407A}.Release|iPhoneSimulator.ActiveCfg = Release|Any CPU
		{253EC149-670C-49FB-9831-D490CFF7407A}.Release|iPhoneSimulator.Build.0 = Release|Any CPU
	EndGlobalSection
	GlobalSection(SolutionProperties) = preSolution
		HideSolutionNode = FALSE
	EndGlobalSection
	GlobalSection(NestedProjects) = preSolution
		{DD591044-71E4-47D3-8580-3B995B59D9E6} = {C9D27015-1694-4E86-A3EF-010227C1F5BD}
		{C206E223-238E-44B5-A654-DACB38790FDD} = {24A9DC1C-F5B9-48D4-916E-DF7C0B0A0BBE}
		{F20C1377-D697-49DF-BFC6-29A09631AAD1} = {24A9DC1C-F5B9-48D4-916E-DF7C0B0A0BBE}
		{D7004700-9E85-416C-A4B4-90F4B42F0CF4} = {24A9DC1C-F5B9-48D4-916E-DF7C0B0A0BBE}
		{AD306162-8DAD-4DBD-B264-BDA8765CC107} = {A334223E-6B2A-466D-94E6-D8CB637A5472}
		{C16867FC-93FC-4E4C-B4DF-6F40D9615E01} = {A334223E-6B2A-466D-94E6-D8CB637A5472}
		{88CC3650-709A-4A60-A43B-0FE2F6C4098D} = {FBBB8608-7B63-4C07-9609-16DDEB01C081}
		{6B3ED949-8155-4029-89B0-68AEC8EDC255} = {C9D27015-1694-4E86-A3EF-010227C1F5BD}
		{4E7F6BD9-33C0-4544-9186-7FDCD0047F4B} = {C206E223-238E-44B5-A654-DACB38790FDD}
		{635CB2B3-5ECA-4B22-B520-92111FEC6C3B} = {C206E223-238E-44B5-A654-DACB38790FDD}
		{80D20B03-FF89-47CF-A676-B67B9DE2DAF2} = {1998B69B-8AD6-4170-86D1-22CFF5685D8F}
		{DA803D6D-59D2-4BA0-8DEC-2C6B054B025C} = {1998B69B-8AD6-4170-86D1-22CFF5685D8F}
		{924FD7A2-5FE6-4EBF-B441-A75FFCF544F1} = {F20C1377-D697-49DF-BFC6-29A09631AAD1}
		{FCA2D62B-E44E-45F4-8AC8-12FCAC4B8A7A} = {D7004700-9E85-416C-A4B4-90F4B42F0CF4}
		{B72209A6-B110-468F-B4BE-BE424397E632} = {C9D27015-1694-4E86-A3EF-010227C1F5BD}
		{FF8B355E-D31A-493E-AFE5-AEC979CC50AE} = {C9D27015-1694-4E86-A3EF-010227C1F5BD}
		{DE4BA22B-5240-4253-8CDE-18FD4E46E256} = {FBBB8608-7B63-4C07-9609-16DDEB01C081}
		{C9D27015-1694-4E86-A3EF-010227C1F5BD} = {FBBB8608-7B63-4C07-9609-16DDEB01C081}
		{9939DB1A-BC37-40A7-91F5-B7C6B451E8B7} = {FBBB8608-7B63-4C07-9609-16DDEB01C081}
		{E01416A4-271D-4559-AF3F-CF632CEBEEA2} = {FBBB8608-7B63-4C07-9609-16DDEB01C081}
		{3094F813-36EA-4AA3-B553-2859768B1F3B} = {FBBB8608-7B63-4C07-9609-16DDEB01C081}
		{E0EA2AF6-E1FD-4299-AF45-C323661F805E} = {FBBB8608-7B63-4C07-9609-16DDEB01C081}
		{A7D40952-7EBC-4B5D-8C00-60FE283029A5} = {9939DB1A-BC37-40A7-91F5-B7C6B451E8B7}
		{C4DFE7F3-1A34-49AF-9402-095088A29326} = {9939DB1A-BC37-40A7-91F5-B7C6B451E8B7}
		{835FFB41-7338-4933-B048-06F771383BB4} = {E01416A4-271D-4559-AF3F-CF632CEBEEA2}
		{2834D105-879E-47DA-8121-C3220F391E4F} = {E01416A4-271D-4559-AF3F-CF632CEBEEA2}
		{6F2A1F1B-EDAE-49E8-906D-2576D6905C6E} = {E01416A4-271D-4559-AF3F-CF632CEBEEA2}
		{7B6344A0-7059-4C3A-B435-5E2EDF749296} = {3094F813-36EA-4AA3-B553-2859768B1F3B}
		{BAF6A325-F34A-4F26-B036-495CB5284DB4} = {3094F813-36EA-4AA3-B553-2859768B1F3B}
		{8299649E-DF61-4A74-9BF0-533ED6867FCE} = {3094F813-36EA-4AA3-B553-2859768B1F3B}
		{B0F80EF4-7CF9-4E85-B3BD-C7F0841F3CEF} = {3094F813-36EA-4AA3-B553-2859768B1F3B}
		{BD3AC592-DD86-4AB5-978E-9831A2BFCE1A} = {3094F813-36EA-4AA3-B553-2859768B1F3B}
		{9F8B4A08-66D4-49AD-8961-7A42156BECE0} = {E0EA2AF6-E1FD-4299-AF45-C323661F805E}
		{B1CE672B-6F71-4877-84DC-9E475B509955} = {E0EA2AF6-E1FD-4299-AF45-C323661F805E}
		{C62475CC-1D84-479D-8DDA-51957D883422} = {1998B69B-8AD6-4170-86D1-22CFF5685D8F}
		{095F4BE9-2B6F-4967-BE47-21A65258E290} = {1998B69B-8AD6-4170-86D1-22CFF5685D8F}
		{B93555E8-A8E3-46F5-AFC3-05CFC5B2C65E} = {1998B69B-8AD6-4170-86D1-22CFF5685D8F}
		{BD863116-6FAE-4A2E-9C68-D2D7454E133D} = {02319977-D222-4DA2-AE49-05EEF92B3DBF}
		{2E4FA124-6026-4034-9BFC-760E39E08D3B} = {A334223E-6B2A-466D-94E6-D8CB637A5472}
		{143DBCF9-2A05-4570-8DBB-305C37EA9374} = {A334223E-6B2A-466D-94E6-D8CB637A5472}
		{253EC149-670C-49FB-9831-D490CFF7407A} = {A334223E-6B2A-466D-94E6-D8CB637A5472}
		{04785BB0-C497-4FA1-B3C9-5EE37E8DC29E} = {FBBB8608-7B63-4C07-9609-16DDEB01C081}
	EndGlobalSection
	GlobalSection(ExtensibilityGlobals) = postSolution
		SolutionGuid = {AF39AB59-9991-4134-A69A-4A88A5503FC7}
	EndGlobalSection
	GlobalSection(MonoDevelopProperties) = preSolution
		Policies = $0
		$0.DotNetNamingPolicy = $1
		$1.DirectoryNamespaceAssociation = PrefixedHierarchical
	EndGlobalSection
EndGlobal
