
Microsoft Visual Studio Solution File, Format Version 12.00
# Visual Studio Version 16
VisualStudioVersion = 16.0.30011.22
MinimumVisualStudioVersion = 10.0.40219.1
Project("{2150E333-8FDC-42A3-9474-1A3956D46DE8}") = "Samples", "Samples", "{FBBB8608-7B63-4C07-9609-16DDEB01C081}"
EndProject
Project("{FAE04EC0-301F-11D3-BF4B-00C04F79EFBC}") = "BasicRendering.WinForms", "samples\basic-rendering\BasicRendering.WinForms\BasicRendering.WinForms.csproj", "{461B4A01-C603-4C8A-9763-642197569E9A}"
EndProject
Project("{9A19103F-16F7-4668-BE54-9A1E7A4F7556}") = "FigmaSharp.NativeControls", "FigmaSharp.NativeControls\FigmaSharp.NativeControls\FigmaSharp.NativeControls.csproj", "{E9891F05-7A3B-40A2-9388-505354D6D4C3}"
EndProject
Project("{2150E333-8FDC-42A3-9474-1A3956D46DE8}") = "BasicRendering", "BasicRendering", "{0F4964C7-A0DB-41E8-A8DE-01861F2FE09C}"
EndProject
Project("{2150E333-8FDC-42A3-9474-1A3956D46DE8}") = "LocalFile", "LocalFile", "{666C61C6-011C-407F-8D85-98DFD189651C}"
EndProject
Project("{2150E333-8FDC-42A3-9474-1A3956D46DE8}") = "NativeControls", "NativeControls", "{32C47342-CF7F-4FE6-A3BA-E12E5BE126E5}"
EndProject
Project("{2150E333-8FDC-42A3-9474-1A3956D46DE8}") = "ToCode", "ToCode", "{B523812B-9A7A-4D22-905E-878F93DC8FCF}"
EndProject
Project("{2150E333-8FDC-42A3-9474-1A3956D46DE8}") = "Tests", "Tests", "{02319977-D222-4DA2-AE49-05EEF92B3DBF}"
EndProject
Project("{2150E333-8FDC-42A3-9474-1A3956D46DE8}") = "Tools", "Tools", "{CB8D35CB-1AA1-4D57-B8B5-E7A167A8CD35}"
EndProject
Project("{9A19103F-16F7-4668-BE54-9A1E7A4F7556}") = "FigmaSharp", "FigmaSharp\FigmaSharp\FigmaSharp.csproj", "{501083B2-B62E-4150-BC0F-5D049DFC6E42}"
EndProject
Project("{9A19103F-16F7-4668-BE54-9A1E7A4F7556}") = "FigmaSharp.Views", "FigmaSharp.Views\FigmaSharp.Views\FigmaSharp.Views.csproj", "{558ECD10-2DD2-4E41-B07B-CBF755C80486}"
EndProject
Project("{FAE04EC0-301F-11D3-BF4B-00C04F79EFBC}") = "FigmaSharp.Wpf", "FigmaSharp\FigmaSharp.Wpf\FigmaSharp.Wpf.csproj", "{F7968A6F-1358-45FE-8BE4-957FFBBE50EF}"
EndProject
Project("{FAE04EC0-301F-11D3-BF4B-00C04F79EFBC}") = "BasicRendering.Wpf", "samples\FigmaSharp\BasicRendering\BasicRendering.Wpf\BasicRendering.Wpf.csproj", "{D19CA994-F936-418C-BE42-4699F80C651D}"
EndProject
Project("{FAE04EC0-301F-11D3-BF4B-00C04F79EFBC}") = "FigmaSharp.Tests", "tests\FigmaSharp.Tests.csproj", "{97A18BDA-8AA6-40E6-9928-B30B49C134E2}"
EndProject
Project("{9A19103F-16F7-4668-BE54-9A1E7A4F7556}") = "FigmaFileExporter", "tools\FigmaFileExporter\FigmaFileExporter.csproj", "{316FE214-6944-457B-8060-BAA55D4B7309}"
EndProject
Project("{FAE04EC0-301F-11D3-BF4B-00C04F79EFBC}") = "FigmaSharp.Views.Wpf", "FigmaSharp.Views\FigmaSharp.Views.Wpf\FigmaSharp.Views.Wpf.csproj", "{8BCCA4D3-0725-46B8-868D-BC56A8385A7B}"
EndProject
Global
	GlobalSection(SharedMSBuildProjectFiles) = preSolution
		samples\basic-rendering\BasicRendering.Shared\BasicRendering.Shared.projitems*{461b4a01-c603-4c8a-9763-642197569e9a}*SharedItemsImports = 4
	EndGlobalSection
	GlobalSection(SolutionConfigurationPlatforms) = preSolution
		Debug|Any CPU = Debug|Any CPU
		Debug|iPhone = Debug|iPhone
		Debug|iPhoneSimulator = Debug|iPhoneSimulator
		MacDebug|Any CPU = MacDebug|Any CPU
		MacDebug|iPhone = MacDebug|iPhone
		MacDebug|iPhoneSimulator = MacDebug|iPhoneSimulator
		Release|Any CPU = Release|Any CPU
		Release|iPhone = Release|iPhone
		Release|iPhoneSimulator = Release|iPhoneSimulator
	EndGlobalSection
	GlobalSection(ProjectConfigurationPlatforms) = postSolution
		{461B4A01-C603-4C8A-9763-642197569E9A}.Debug|Any CPU.ActiveCfg = Debug|Any CPU
		{461B4A01-C603-4C8A-9763-642197569E9A}.Debug|Any CPU.Build.0 = Debug|Any CPU
		{461B4A01-C603-4C8A-9763-642197569E9A}.Debug|iPhone.ActiveCfg = Debug|Any CPU
		{461B4A01-C603-4C8A-9763-642197569E9A}.Debug|iPhone.Build.0 = Debug|Any CPU
		{461B4A01-C603-4C8A-9763-642197569E9A}.Debug|iPhoneSimulator.ActiveCfg = Debug|Any CPU
		{461B4A01-C603-4C8A-9763-642197569E9A}.Debug|iPhoneSimulator.Build.0 = Debug|Any CPU
		{461B4A01-C603-4C8A-9763-642197569E9A}.MacDebug|Any CPU.ActiveCfg = MacDebug|Any CPU
		{461B4A01-C603-4C8A-9763-642197569E9A}.MacDebug|Any CPU.Build.0 = MacDebug|Any CPU
		{461B4A01-C603-4C8A-9763-642197569E9A}.MacDebug|iPhone.ActiveCfg = MacDebug|Any CPU
		{461B4A01-C603-4C8A-9763-642197569E9A}.MacDebug|iPhone.Build.0 = MacDebug|Any CPU
		{461B4A01-C603-4C8A-9763-642197569E9A}.MacDebug|iPhoneSimulator.ActiveCfg = MacDebug|Any CPU
		{461B4A01-C603-4C8A-9763-642197569E9A}.MacDebug|iPhoneSimulator.Build.0 = MacDebug|Any CPU
		{461B4A01-C603-4C8A-9763-642197569E9A}.Release|Any CPU.ActiveCfg = Release|Any CPU
		{461B4A01-C603-4C8A-9763-642197569E9A}.Release|Any CPU.Build.0 = Release|Any CPU
		{461B4A01-C603-4C8A-9763-642197569E9A}.Release|iPhone.ActiveCfg = Release|Any CPU
		{461B4A01-C603-4C8A-9763-642197569E9A}.Release|iPhone.Build.0 = Release|Any CPU
		{461B4A01-C603-4C8A-9763-642197569E9A}.Release|iPhoneSimulator.ActiveCfg = Release|Any CPU
		{461B4A01-C603-4C8A-9763-642197569E9A}.Release|iPhoneSimulator.Build.0 = Release|Any CPU
		{E9891F05-7A3B-40A2-9388-505354D6D4C3}.Debug|Any CPU.ActiveCfg = Debug|Any CPU
		{E9891F05-7A3B-40A2-9388-505354D6D4C3}.Debug|Any CPU.Build.0 = Debug|Any CPU
		{E9891F05-7A3B-40A2-9388-505354D6D4C3}.Debug|iPhone.ActiveCfg = Debug|Any CPU
		{E9891F05-7A3B-40A2-9388-505354D6D4C3}.Debug|iPhone.Build.0 = Debug|Any CPU
		{E9891F05-7A3B-40A2-9388-505354D6D4C3}.Debug|iPhoneSimulator.ActiveCfg = Debug|Any CPU
		{E9891F05-7A3B-40A2-9388-505354D6D4C3}.Debug|iPhoneSimulator.Build.0 = Debug|Any CPU
		{E9891F05-7A3B-40A2-9388-505354D6D4C3}.MacDebug|Any CPU.ActiveCfg = Debug|Any CPU
		{E9891F05-7A3B-40A2-9388-505354D6D4C3}.MacDebug|Any CPU.Build.0 = Debug|Any CPU
		{E9891F05-7A3B-40A2-9388-505354D6D4C3}.MacDebug|iPhone.ActiveCfg = Debug|Any CPU
		{E9891F05-7A3B-40A2-9388-505354D6D4C3}.MacDebug|iPhone.Build.0 = Debug|Any CPU
		{E9891F05-7A3B-40A2-9388-505354D6D4C3}.MacDebug|iPhoneSimulator.ActiveCfg = Debug|Any CPU
		{E9891F05-7A3B-40A2-9388-505354D6D4C3}.MacDebug|iPhoneSimulator.Build.0 = Debug|Any CPU
		{E9891F05-7A3B-40A2-9388-505354D6D4C3}.Release|Any CPU.ActiveCfg = Release|Any CPU
		{E9891F05-7A3B-40A2-9388-505354D6D4C3}.Release|Any CPU.Build.0 = Release|Any CPU
		{E9891F05-7A3B-40A2-9388-505354D6D4C3}.Release|iPhone.ActiveCfg = Release|Any CPU
		{E9891F05-7A3B-40A2-9388-505354D6D4C3}.Release|iPhone.Build.0 = Release|Any CPU
		{E9891F05-7A3B-40A2-9388-505354D6D4C3}.Release|iPhoneSimulator.ActiveCfg = Release|Any CPU
		{E9891F05-7A3B-40A2-9388-505354D6D4C3}.Release|iPhoneSimulator.Build.0 = Release|Any CPU
		{501083B2-B62E-4150-BC0F-5D049DFC6E42}.Debug|Any CPU.ActiveCfg = Debug|Any CPU
		{501083B2-B62E-4150-BC0F-5D049DFC6E42}.Debug|Any CPU.Build.0 = Debug|Any CPU
		{501083B2-B62E-4150-BC0F-5D049DFC6E42}.Debug|iPhone.ActiveCfg = Debug|Any CPU
		{501083B2-B62E-4150-BC0F-5D049DFC6E42}.Debug|iPhone.Build.0 = Debug|Any CPU
		{501083B2-B62E-4150-BC0F-5D049DFC6E42}.Debug|iPhoneSimulator.ActiveCfg = Debug|Any CPU
		{501083B2-B62E-4150-BC0F-5D049DFC6E42}.Debug|iPhoneSimulator.Build.0 = Debug|Any CPU
		{501083B2-B62E-4150-BC0F-5D049DFC6E42}.MacDebug|Any CPU.ActiveCfg = Release|Any CPU
		{501083B2-B62E-4150-BC0F-5D049DFC6E42}.MacDebug|Any CPU.Build.0 = Release|Any CPU
		{501083B2-B62E-4150-BC0F-5D049DFC6E42}.MacDebug|iPhone.ActiveCfg = Release|Any CPU
		{501083B2-B62E-4150-BC0F-5D049DFC6E42}.MacDebug|iPhone.Build.0 = Release|Any CPU
		{501083B2-B62E-4150-BC0F-5D049DFC6E42}.MacDebug|iPhoneSimulator.ActiveCfg = Release|Any CPU
		{501083B2-B62E-4150-BC0F-5D049DFC6E42}.MacDebug|iPhoneSimulator.Build.0 = Release|Any CPU
		{501083B2-B62E-4150-BC0F-5D049DFC6E42}.Release|Any CPU.ActiveCfg = Release|Any CPU
		{501083B2-B62E-4150-BC0F-5D049DFC6E42}.Release|Any CPU.Build.0 = Release|Any CPU
		{501083B2-B62E-4150-BC0F-5D049DFC6E42}.Release|iPhone.ActiveCfg = Release|Any CPU
		{501083B2-B62E-4150-BC0F-5D049DFC6E42}.Release|iPhone.Build.0 = Release|Any CPU
		{501083B2-B62E-4150-BC0F-5D049DFC6E42}.Release|iPhoneSimulator.ActiveCfg = Release|Any CPU
		{501083B2-B62E-4150-BC0F-5D049DFC6E42}.Release|iPhoneSimulator.Build.0 = Release|Any CPU
		{558ECD10-2DD2-4E41-B07B-CBF755C80486}.Debug|Any CPU.ActiveCfg = Debug|Any CPU
		{558ECD10-2DD2-4E41-B07B-CBF755C80486}.Debug|Any CPU.Build.0 = Debug|Any CPU
		{558ECD10-2DD2-4E41-B07B-CBF755C80486}.Debug|iPhone.ActiveCfg = Debug|Any CPU
		{558ECD10-2DD2-4E41-B07B-CBF755C80486}.Debug|iPhone.Build.0 = Debug|Any CPU
		{558ECD10-2DD2-4E41-B07B-CBF755C80486}.Debug|iPhoneSimulator.ActiveCfg = Debug|Any CPU
		{558ECD10-2DD2-4E41-B07B-CBF755C80486}.Debug|iPhoneSimulator.Build.0 = Debug|Any CPU
		{558ECD10-2DD2-4E41-B07B-CBF755C80486}.MacDebug|Any CPU.ActiveCfg = Debug|Any CPU
		{558ECD10-2DD2-4E41-B07B-CBF755C80486}.MacDebug|Any CPU.Build.0 = Debug|Any CPU
		{558ECD10-2DD2-4E41-B07B-CBF755C80486}.MacDebug|iPhone.ActiveCfg = Debug|Any CPU
		{558ECD10-2DD2-4E41-B07B-CBF755C80486}.MacDebug|iPhone.Build.0 = Debug|Any CPU
		{558ECD10-2DD2-4E41-B07B-CBF755C80486}.MacDebug|iPhoneSimulator.ActiveCfg = Debug|Any CPU
		{558ECD10-2DD2-4E41-B07B-CBF755C80486}.MacDebug|iPhoneSimulator.Build.0 = Debug|Any CPU
		{558ECD10-2DD2-4E41-B07B-CBF755C80486}.Release|Any CPU.ActiveCfg = Release|Any CPU
		{558ECD10-2DD2-4E41-B07B-CBF755C80486}.Release|Any CPU.Build.0 = Release|Any CPU
		{558ECD10-2DD2-4E41-B07B-CBF755C80486}.Release|iPhone.ActiveCfg = Release|Any CPU
		{558ECD10-2DD2-4E41-B07B-CBF755C80486}.Release|iPhone.Build.0 = Release|Any CPU
		{558ECD10-2DD2-4E41-B07B-CBF755C80486}.Release|iPhoneSimulator.ActiveCfg = Release|Any CPU
		{558ECD10-2DD2-4E41-B07B-CBF755C80486}.Release|iPhoneSimulator.Build.0 = Release|Any CPU
		{F7968A6F-1358-45FE-8BE4-957FFBBE50EF}.Debug|Any CPU.ActiveCfg = Debug|Any CPU
		{F7968A6F-1358-45FE-8BE4-957FFBBE50EF}.Debug|Any CPU.Build.0 = Debug|Any CPU
		{F7968A6F-1358-45FE-8BE4-957FFBBE50EF}.Debug|iPhone.ActiveCfg = Debug|Any CPU
		{F7968A6F-1358-45FE-8BE4-957FFBBE50EF}.Debug|iPhone.Build.0 = Debug|Any CPU
		{F7968A6F-1358-45FE-8BE4-957FFBBE50EF}.Debug|iPhoneSimulator.ActiveCfg = Debug|Any CPU
		{F7968A6F-1358-45FE-8BE4-957FFBBE50EF}.Debug|iPhoneSimulator.Build.0 = Debug|Any CPU
		{F7968A6F-1358-45FE-8BE4-957FFBBE50EF}.MacDebug|Any CPU.ActiveCfg = Debug|Any CPU
		{F7968A6F-1358-45FE-8BE4-957FFBBE50EF}.MacDebug|Any CPU.Build.0 = Debug|Any CPU
		{F7968A6F-1358-45FE-8BE4-957FFBBE50EF}.MacDebug|iPhone.ActiveCfg = Debug|Any CPU
		{F7968A6F-1358-45FE-8BE4-957FFBBE50EF}.MacDebug|iPhone.Build.0 = Debug|Any CPU
		{F7968A6F-1358-45FE-8BE4-957FFBBE50EF}.MacDebug|iPhoneSimulator.ActiveCfg = Debug|Any CPU
		{F7968A6F-1358-45FE-8BE4-957FFBBE50EF}.MacDebug|iPhoneSimulator.Build.0 = Debug|Any CPU
		{F7968A6F-1358-45FE-8BE4-957FFBBE50EF}.Release|Any CPU.ActiveCfg = Release|Any CPU
		{F7968A6F-1358-45FE-8BE4-957FFBBE50EF}.Release|Any CPU.Build.0 = Release|Any CPU
		{F7968A6F-1358-45FE-8BE4-957FFBBE50EF}.Release|iPhone.ActiveCfg = Release|Any CPU
		{F7968A6F-1358-45FE-8BE4-957FFBBE50EF}.Release|iPhone.Build.0 = Release|Any CPU
		{F7968A6F-1358-45FE-8BE4-957FFBBE50EF}.Release|iPhoneSimulator.ActiveCfg = Release|Any CPU
		{F7968A6F-1358-45FE-8BE4-957FFBBE50EF}.Release|iPhoneSimulator.Build.0 = Release|Any CPU
		{D19CA994-F936-418C-BE42-4699F80C651D}.Debug|Any CPU.ActiveCfg = Debug|Any CPU
		{D19CA994-F936-418C-BE42-4699F80C651D}.Debug|Any CPU.Build.0 = Debug|Any CPU
		{D19CA994-F936-418C-BE42-4699F80C651D}.Debug|iPhone.ActiveCfg = Debug|Any CPU
		{D19CA994-F936-418C-BE42-4699F80C651D}.Debug|iPhone.Build.0 = Debug|Any CPU
		{D19CA994-F936-418C-BE42-4699F80C651D}.Debug|iPhoneSimulator.ActiveCfg = Debug|Any CPU
		{D19CA994-F936-418C-BE42-4699F80C651D}.Debug|iPhoneSimulator.Build.0 = Debug|Any CPU
		{D19CA994-F936-418C-BE42-4699F80C651D}.MacDebug|Any CPU.ActiveCfg = Debug|Any CPU
		{D19CA994-F936-418C-BE42-4699F80C651D}.MacDebug|Any CPU.Build.0 = Debug|Any CPU
		{D19CA994-F936-418C-BE42-4699F80C651D}.MacDebug|iPhone.ActiveCfg = Debug|Any CPU
		{D19CA994-F936-418C-BE42-4699F80C651D}.MacDebug|iPhone.Build.0 = Debug|Any CPU
		{D19CA994-F936-418C-BE42-4699F80C651D}.MacDebug|iPhoneSimulator.ActiveCfg = Debug|Any CPU
		{D19CA994-F936-418C-BE42-4699F80C651D}.MacDebug|iPhoneSimulator.Build.0 = Debug|Any CPU
		{D19CA994-F936-418C-BE42-4699F80C651D}.Release|Any CPU.ActiveCfg = Release|Any CPU
		{D19CA994-F936-418C-BE42-4699F80C651D}.Release|Any CPU.Build.0 = Release|Any CPU
		{D19CA994-F936-418C-BE42-4699F80C651D}.Release|iPhone.ActiveCfg = Release|Any CPU
		{D19CA994-F936-418C-BE42-4699F80C651D}.Release|iPhone.Build.0 = Release|Any CPU
		{D19CA994-F936-418C-BE42-4699F80C651D}.Release|iPhoneSimulator.ActiveCfg = Release|Any CPU
		{D19CA994-F936-418C-BE42-4699F80C651D}.Release|iPhoneSimulator.Build.0 = Release|Any CPU
		{97A18BDA-8AA6-40E6-9928-B30B49C134E2}.Debug|Any CPU.ActiveCfg = Debug|Any CPU
		{97A18BDA-8AA6-40E6-9928-B30B49C134E2}.Debug|Any CPU.Build.0 = Debug|Any CPU
		{97A18BDA-8AA6-40E6-9928-B30B49C134E2}.Debug|iPhone.ActiveCfg = Debug|Any CPU
		{97A18BDA-8AA6-40E6-9928-B30B49C134E2}.Debug|iPhone.Build.0 = Debug|Any CPU
		{97A18BDA-8AA6-40E6-9928-B30B49C134E2}.Debug|iPhoneSimulator.ActiveCfg = Debug|Any CPU
		{97A18BDA-8AA6-40E6-9928-B30B49C134E2}.Debug|iPhoneSimulator.Build.0 = Debug|Any CPU
		{97A18BDA-8AA6-40E6-9928-B30B49C134E2}.MacDebug|Any CPU.ActiveCfg = Debug|Any CPU
		{97A18BDA-8AA6-40E6-9928-B30B49C134E2}.MacDebug|Any CPU.Build.0 = Debug|Any CPU
		{97A18BDA-8AA6-40E6-9928-B30B49C134E2}.MacDebug|iPhone.ActiveCfg = Debug|Any CPU
		{97A18BDA-8AA6-40E6-9928-B30B49C134E2}.MacDebug|iPhone.Build.0 = Debug|Any CPU
		{97A18BDA-8AA6-40E6-9928-B30B49C134E2}.MacDebug|iPhoneSimulator.ActiveCfg = Debug|Any CPU
		{97A18BDA-8AA6-40E6-9928-B30B49C134E2}.MacDebug|iPhoneSimulator.Build.0 = Debug|Any CPU
		{97A18BDA-8AA6-40E6-9928-B30B49C134E2}.Release|Any CPU.ActiveCfg = Release|Any CPU
		{97A18BDA-8AA6-40E6-9928-B30B49C134E2}.Release|Any CPU.Build.0 = Release|Any CPU
		{97A18BDA-8AA6-40E6-9928-B30B49C134E2}.Release|iPhone.ActiveCfg = Release|Any CPU
		{97A18BDA-8AA6-40E6-9928-B30B49C134E2}.Release|iPhone.Build.0 = Release|Any CPU
		{97A18BDA-8AA6-40E6-9928-B30B49C134E2}.Release|iPhoneSimulator.ActiveCfg = Release|Any CPU
		{97A18BDA-8AA6-40E6-9928-B30B49C134E2}.Release|iPhoneSimulator.Build.0 = Release|Any CPU
		{316FE214-6944-457B-8060-BAA55D4B7309}.Debug|Any CPU.ActiveCfg = Debug|Any CPU
		{316FE214-6944-457B-8060-BAA55D4B7309}.Debug|Any CPU.Build.0 = Debug|Any CPU
		{316FE214-6944-457B-8060-BAA55D4B7309}.Debug|iPhone.ActiveCfg = Debug|Any CPU
		{316FE214-6944-457B-8060-BAA55D4B7309}.Debug|iPhone.Build.0 = Debug|Any CPU
		{316FE214-6944-457B-8060-BAA55D4B7309}.Debug|iPhoneSimulator.ActiveCfg = Debug|Any CPU
		{316FE214-6944-457B-8060-BAA55D4B7309}.Debug|iPhoneSimulator.Build.0 = Debug|Any CPU
		{316FE214-6944-457B-8060-BAA55D4B7309}.MacDebug|Any CPU.ActiveCfg = Debug|Any CPU
		{316FE214-6944-457B-8060-BAA55D4B7309}.MacDebug|Any CPU.Build.0 = Debug|Any CPU
		{316FE214-6944-457B-8060-BAA55D4B7309}.MacDebug|iPhone.ActiveCfg = Debug|Any CPU
		{316FE214-6944-457B-8060-BAA55D4B7309}.MacDebug|iPhone.Build.0 = Debug|Any CPU
		{316FE214-6944-457B-8060-BAA55D4B7309}.MacDebug|iPhoneSimulator.ActiveCfg = Debug|Any CPU
		{316FE214-6944-457B-8060-BAA55D4B7309}.MacDebug|iPhoneSimulator.Build.0 = Debug|Any CPU
		{316FE214-6944-457B-8060-BAA55D4B7309}.Release|Any CPU.ActiveCfg = Release|Any CPU
		{316FE214-6944-457B-8060-BAA55D4B7309}.Release|Any CPU.Build.0 = Release|Any CPU
		{316FE214-6944-457B-8060-BAA55D4B7309}.Release|iPhone.ActiveCfg = Release|Any CPU
		{316FE214-6944-457B-8060-BAA55D4B7309}.Release|iPhone.Build.0 = Release|Any CPU
		{316FE214-6944-457B-8060-BAA55D4B7309}.Release|iPhoneSimulator.ActiveCfg = Release|Any CPU
		{316FE214-6944-457B-8060-BAA55D4B7309}.Release|iPhoneSimulator.Build.0 = Release|Any CPU
		{8BCCA4D3-0725-46B8-868D-BC56A8385A7B}.Debug|Any CPU.ActiveCfg = Debug|Any CPU
		{8BCCA4D3-0725-46B8-868D-BC56A8385A7B}.Debug|Any CPU.Build.0 = Debug|Any CPU
		{8BCCA4D3-0725-46B8-868D-BC56A8385A7B}.Debug|iPhone.ActiveCfg = Debug|Any CPU
		{8BCCA4D3-0725-46B8-868D-BC56A8385A7B}.Debug|iPhone.Build.0 = Debug|Any CPU
		{8BCCA4D3-0725-46B8-868D-BC56A8385A7B}.Debug|iPhoneSimulator.ActiveCfg = Debug|Any CPU
		{8BCCA4D3-0725-46B8-868D-BC56A8385A7B}.Debug|iPhoneSimulator.Build.0 = Debug|Any CPU
		{8BCCA4D3-0725-46B8-868D-BC56A8385A7B}.MacDebug|Any CPU.ActiveCfg = Debug|Any CPU
		{8BCCA4D3-0725-46B8-868D-BC56A8385A7B}.MacDebug|Any CPU.Build.0 = Debug|Any CPU
		{8BCCA4D3-0725-46B8-868D-BC56A8385A7B}.MacDebug|iPhone.ActiveCfg = Debug|Any CPU
		{8BCCA4D3-0725-46B8-868D-BC56A8385A7B}.MacDebug|iPhone.Build.0 = Debug|Any CPU
		{8BCCA4D3-0725-46B8-868D-BC56A8385A7B}.MacDebug|iPhoneSimulator.ActiveCfg = Debug|Any CPU
		{8BCCA4D3-0725-46B8-868D-BC56A8385A7B}.MacDebug|iPhoneSimulator.Build.0 = Debug|Any CPU
		{8BCCA4D3-0725-46B8-868D-BC56A8385A7B}.Release|Any CPU.ActiveCfg = Release|Any CPU
		{8BCCA4D3-0725-46B8-868D-BC56A8385A7B}.Release|Any CPU.Build.0 = Release|Any CPU
		{8BCCA4D3-0725-46B8-868D-BC56A8385A7B}.Release|iPhone.ActiveCfg = Release|Any CPU
		{8BCCA4D3-0725-46B8-868D-BC56A8385A7B}.Release|iPhone.Build.0 = Release|Any CPU
		{8BCCA4D3-0725-46B8-868D-BC56A8385A7B}.Release|iPhoneSimulator.ActiveCfg = Release|Any CPU
		{8BCCA4D3-0725-46B8-868D-BC56A8385A7B}.Release|iPhoneSimulator.Build.0 = Release|Any CPU
	EndGlobalSection
	GlobalSection(SolutionProperties) = preSolution
		HideSolutionNode = FALSE
	EndGlobalSection
	GlobalSection(NestedProjects) = preSolution
		{461B4A01-C603-4C8A-9763-642197569E9A} = {0F4964C7-A0DB-41E8-A8DE-01861F2FE09C}
		{0F4964C7-A0DB-41E8-A8DE-01861F2FE09C} = {FBBB8608-7B63-4C07-9609-16DDEB01C081}
		{666C61C6-011C-407F-8D85-98DFD189651C} = {FBBB8608-7B63-4C07-9609-16DDEB01C081}
		{32C47342-CF7F-4FE6-A3BA-E12E5BE126E5} = {FBBB8608-7B63-4C07-9609-16DDEB01C081}
		{B523812B-9A7A-4D22-905E-878F93DC8FCF} = {FBBB8608-7B63-4C07-9609-16DDEB01C081}
		{D19CA994-F936-418C-BE42-4699F80C651D} = {0F4964C7-A0DB-41E8-A8DE-01861F2FE09C}
		{97A18BDA-8AA6-40E6-9928-B30B49C134E2} = {02319977-D222-4DA2-AE49-05EEF92B3DBF}
		{316FE214-6944-457B-8060-BAA55D4B7309} = {CB8D35CB-1AA1-4D57-B8B5-E7A167A8CD35}
	EndGlobalSection
	GlobalSection(ExtensibilityGlobals) = postSolution
		SolutionGuid = {AF39AB59-9991-4134-A69A-4A88A5503FC7}
	EndGlobalSection
EndGlobal
