
Microsoft Visual Studio Solution File, Format Version 12.00
# Visual Studio 15
VisualStudioVersion = 15.0.28307.421
MinimumVisualStudioVersion = 10.0.40219.1
Project("{9A19103F-16F7-4668-BE54-9A1E7A4F7556}") = "FigmaSharp", "FigmaSharp\FigmaSharp.csproj", "{AD306162-8DAD-4DBD-B264-BDA8765CC107}"
EndProject
Project("{2150E333-8FDC-42A3-9474-1A3956D46DE8}") = "Exporters", "Exporters", "{F20C1377-D697-49DF-BFC6-29A09631AAD1}"
EndProject
Project("{2150E333-8FDC-42A3-9474-1A3956D46DE8}") = "Examples", "Examples", "{FBBB8608-7B63-4C07-9609-16DDEB01C081}"
EndProject
Project("{FAE04EC0-301F-11D3-BF4B-00C04F79EFBC}") = "FigmaSharp.WinForms", "FigmaSharp.WinForms\FigmaSharp.WinForms.csproj", "{2A1576D3-AE03-47D6-BEC6-C8A0CAF229F6}"
EndProject
Project("{2150E333-8FDC-42A3-9474-1A3956D46DE8}") = "NativeControls", "NativeControls", "{1998B69B-8AD6-4170-86D1-22CFF5685D8F}"
EndProject
Project("{FAE04EC0-301F-11D3-BF4B-00C04F79EFBC}") = "BasicRendering.WinForms", "samples\basic-rendering\BasicRendering.WinForms\BasicRendering.WinForms.csproj", "{461B4A01-C603-4C8A-9763-642197569E9A}"
EndProject
Project("{9A19103F-16F7-4668-BE54-9A1E7A4F7556}") = "FigmaSharp.NativeControls", "FigmaSharp.NativeControls\FigmaSharp.NativeControls\FigmaSharp.NativeControls.csproj", "{E9891F05-7A3B-40A2-9388-505354D6D4C3}"
EndProject
Project("{9A19103F-16F7-4668-BE54-9A1E7A4F7556}") = "FigmaFileExporter", "FigmaSharp.Tools\FigmaFileExporter\FigmaFileExporter.csproj", "{ABA247D4-9F9F-4A31-80D1-110BEA32E12C}"
EndProject
Project("{2150E333-8FDC-42A3-9474-1A3956D46DE8}") = "BasicRendering", "BasicRendering", "{0F4964C7-A0DB-41E8-A8DE-01861F2FE09C}"
EndProject
Project("{2150E333-8FDC-42A3-9474-1A3956D46DE8}") = "LocalFile", "LocalFile", "{666C61C6-011C-407F-8D85-98DFD189651C}"
EndProject
Project("{2150E333-8FDC-42A3-9474-1A3956D46DE8}") = "NativeControls", "NativeControls", "{32C47342-CF7F-4FE6-A3BA-E12E5BE126E5}"
EndProject
Project("{2150E333-8FDC-42A3-9474-1A3956D46DE8}") = "ToCode", "ToCode", "{B523812B-9A7A-4D22-905E-878F93DC8FCF}"
EndProject
Project("{2150E333-8FDC-42A3-9474-1A3956D46DE8}") = "Tests", "Tests", "{02319977-D222-4DA2-AE49-05EEF92B3DBF}"
EndProject
Project("{FAE04EC0-301F-11D3-BF4B-00C04F79EFBC}") = "FigmaSharp.NativeControls.WinForms", "FigmaSharp.NativeControls\FigmaSharp.NativeControls.WinForms\FigmaSharp.NativeControls.WinForms.csproj", "{35E78532-DDB1-4EF6-9559-9A47BD7175F2}"
EndProject
Project("{FAE04EC0-301F-11D3-BF4B-00C04F79EFBC}") = "FigmaSharp.Tests", "FigmaSharp.Tests\FigmaSharp.Tests.csproj", "{97A18BDA-8AA6-40E6-9928-B30B49C134E2}"
EndProject
Project("{FAE04EC0-301F-11D3-BF4B-00C04F79EFBC}") = "FigmaSharp.Wpf", "FigmaSharp.Wpf\FigmaSharp.Wpf.csproj", "{F7968A6F-1358-45FE-8BE4-957FFBBE50EF}"
EndProject
Project("{FAE04EC0-301F-11D3-BF4B-00C04F79EFBC}") = "BasicRendering.Wpf", "samples\basic-rendering\BasicRendering.Wpf\BasicRendering.Wpf.csproj", "{D19CA994-F936-418C-BE42-4699F80C651D}"
EndProject
Project("{D954291E-2A0B-460D-934E-DC6B0785DB48}") = "Shared.BasicRendering", "samples\basic-rendering\BasicRendering.Shared\Shared.BasicRendering.shproj", "{88CC3650-709A-4A60-A43B-0FE2F6C4098D}"
EndProject
Global
	GlobalSection(SharedMSBuildProjectFiles) = preSolution
		samples\basic-rendering\BasicRendering.Shared\BasicRendering.Shared.projitems*{461b4a01-c603-4c8a-9763-642197569e9a}*SharedItemsImports = 4
		samples\basic-rendering\BasicRendering.Shared\BasicRendering.Shared.projitems*{88cc3650-709a-4a60-a43b-0fe2f6c4098d}*SharedItemsImports = 13
		samples\basic-rendering\BasicRendering.Shared\BasicRendering.Shared.projitems*{d19ca994-f936-418c-be42-4699f80c651d}*SharedItemsImports = 4
	EndGlobalSection
	GlobalSection(SolutionConfigurationPlatforms) = preSolution
		Debug|Any CPU = Debug|Any CPU
		Debug|iPhone = Debug|iPhone
		Debug|iPhoneSimulator = Debug|iPhoneSimulator
		MacDebug|Any CPU = MacDebug|Any CPU
		MacDebug|iPhone = MacDebug|iPhone
		MacDebug|iPhoneSimulator = MacDebug|iPhoneSimulator
		Release|Any CPU = Release|Any CPU
		Release|iPhone = Release|iPhone
		Release|iPhoneSimulator = Release|iPhoneSimulator
	EndGlobalSection
	GlobalSection(ProjectConfigurationPlatforms) = postSolution
		{AD306162-8DAD-4DBD-B264-BDA8765CC107}.Debug|Any CPU.ActiveCfg = Debug|Any CPU
		{AD306162-8DAD-4DBD-B264-BDA8765CC107}.Debug|Any CPU.Build.0 = Debug|Any CPU
		{AD306162-8DAD-4DBD-B264-BDA8765CC107}.Debug|iPhone.ActiveCfg = Debug|Any CPU
		{AD306162-8DAD-4DBD-B264-BDA8765CC107}.Debug|iPhone.Build.0 = Debug|Any CPU
		{AD306162-8DAD-4DBD-B264-BDA8765CC107}.Debug|iPhoneSimulator.ActiveCfg = Debug|Any CPU
		{AD306162-8DAD-4DBD-B264-BDA8765CC107}.Debug|iPhoneSimulator.Build.0 = Debug|Any CPU
		{AD306162-8DAD-4DBD-B264-BDA8765CC107}.MacDebug|Any CPU.ActiveCfg = Debug|Any CPU
		{AD306162-8DAD-4DBD-B264-BDA8765CC107}.MacDebug|Any CPU.Build.0 = Debug|Any CPU
		{AD306162-8DAD-4DBD-B264-BDA8765CC107}.MacDebug|iPhone.ActiveCfg = Debug|Any CPU
		{AD306162-8DAD-4DBD-B264-BDA8765CC107}.MacDebug|iPhone.Build.0 = Debug|Any CPU
		{AD306162-8DAD-4DBD-B264-BDA8765CC107}.MacDebug|iPhoneSimulator.ActiveCfg = Debug|Any CPU
		{AD306162-8DAD-4DBD-B264-BDA8765CC107}.MacDebug|iPhoneSimulator.Build.0 = Debug|Any CPU
		{AD306162-8DAD-4DBD-B264-BDA8765CC107}.Release|Any CPU.ActiveCfg = Release|Any CPU
		{AD306162-8DAD-4DBD-B264-BDA8765CC107}.Release|Any CPU.Build.0 = Release|Any CPU
		{AD306162-8DAD-4DBD-B264-BDA8765CC107}.Release|iPhone.ActiveCfg = Release|Any CPU
		{AD306162-8DAD-4DBD-B264-BDA8765CC107}.Release|iPhone.Build.0 = Release|Any CPU
		{AD306162-8DAD-4DBD-B264-BDA8765CC107}.Release|iPhoneSimulator.ActiveCfg = Release|Any CPU
		{AD306162-8DAD-4DBD-B264-BDA8765CC107}.Release|iPhoneSimulator.Build.0 = Release|Any CPU
		{2A1576D3-AE03-47D6-BEC6-C8A0CAF229F6}.Debug|Any CPU.ActiveCfg = Debug|Any CPU
		{2A1576D3-AE03-47D6-BEC6-C8A0CAF229F6}.Debug|Any CPU.Build.0 = Debug|Any CPU
		{2A1576D3-AE03-47D6-BEC6-C8A0CAF229F6}.Debug|iPhone.ActiveCfg = Debug|Any CPU
		{2A1576D3-AE03-47D6-BEC6-C8A0CAF229F6}.Debug|iPhone.Build.0 = Debug|Any CPU
		{2A1576D3-AE03-47D6-BEC6-C8A0CAF229F6}.Debug|iPhoneSimulator.ActiveCfg = Debug|Any CPU
		{2A1576D3-AE03-47D6-BEC6-C8A0CAF229F6}.Debug|iPhoneSimulator.Build.0 = Debug|Any CPU
		{2A1576D3-AE03-47D6-BEC6-C8A0CAF229F6}.MacDebug|Any CPU.ActiveCfg = Debug|Any CPU
		{2A1576D3-AE03-47D6-BEC6-C8A0CAF229F6}.MacDebug|Any CPU.Build.0 = Debug|Any CPU
		{2A1576D3-AE03-47D6-BEC6-C8A0CAF229F6}.MacDebug|iPhone.ActiveCfg = Debug|Any CPU
		{2A1576D3-AE03-47D6-BEC6-C8A0CAF229F6}.MacDebug|iPhone.Build.0 = Debug|Any CPU
		{2A1576D3-AE03-47D6-BEC6-C8A0CAF229F6}.MacDebug|iPhoneSimulator.ActiveCfg = Debug|Any CPU
		{2A1576D3-AE03-47D6-BEC6-C8A0CAF229F6}.MacDebug|iPhoneSimulator.Build.0 = Debug|Any CPU
		{2A1576D3-AE03-47D6-BEC6-C8A0CAF229F6}.Release|Any CPU.ActiveCfg = Release|Any CPU
		{2A1576D3-AE03-47D6-BEC6-C8A0CAF229F6}.Release|Any CPU.Build.0 = Release|Any CPU
		{2A1576D3-AE03-47D6-BEC6-C8A0CAF229F6}.Release|iPhone.ActiveCfg = Release|Any CPU
		{2A1576D3-AE03-47D6-BEC6-C8A0CAF229F6}.Release|iPhone.Build.0 = Release|Any CPU
		{2A1576D3-AE03-47D6-BEC6-C8A0CAF229F6}.Release|iPhoneSimulator.ActiveCfg = Release|Any CPU
		{2A1576D3-AE03-47D6-BEC6-C8A0CAF229F6}.Release|iPhoneSimulator.Build.0 = Release|Any CPU
		{461B4A01-C603-4C8A-9763-642197569E9A}.Debug|Any CPU.ActiveCfg = Debug|Any CPU
		{461B4A01-C603-4C8A-9763-642197569E9A}.Debug|Any CPU.Build.0 = Debug|Any CPU
		{461B4A01-C603-4C8A-9763-642197569E9A}.Debug|iPhone.ActiveCfg = Debug|Any CPU
		{461B4A01-C603-4C8A-9763-642197569E9A}.Debug|iPhone.Build.0 = Debug|Any CPU
		{461B4A01-C603-4C8A-9763-642197569E9A}.Debug|iPhoneSimulator.ActiveCfg = Debug|Any CPU
		{461B4A01-C603-4C8A-9763-642197569E9A}.Debug|iPhoneSimulator.Build.0 = Debug|Any CPU
		{461B4A01-C603-4C8A-9763-642197569E9A}.MacDebug|Any CPU.ActiveCfg = MacDebug|Any CPU
		{461B4A01-C603-4C8A-9763-642197569E9A}.MacDebug|Any CPU.Build.0 = MacDebug|Any CPU
		{461B4A01-C603-4C8A-9763-642197569E9A}.MacDebug|iPhone.ActiveCfg = MacDebug|Any CPU
		{461B4A01-C603-4C8A-9763-642197569E9A}.MacDebug|iPhone.Build.0 = MacDebug|Any CPU
		{461B4A01-C603-4C8A-9763-642197569E9A}.MacDebug|iPhoneSimulator.ActiveCfg = MacDebug|Any CPU
		{461B4A01-C603-4C8A-9763-642197569E9A}.MacDebug|iPhoneSimulator.Build.0 = MacDebug|Any CPU
		{461B4A01-C603-4C8A-9763-642197569E9A}.Release|Any CPU.ActiveCfg = Release|Any CPU
		{461B4A01-C603-4C8A-9763-642197569E9A}.Release|Any CPU.Build.0 = Release|Any CPU
		{461B4A01-C603-4C8A-9763-642197569E9A}.Release|iPhone.ActiveCfg = Release|Any CPU
		{461B4A01-C603-4C8A-9763-642197569E9A}.Release|iPhone.Build.0 = Release|Any CPU
		{461B4A01-C603-4C8A-9763-642197569E9A}.Release|iPhoneSimulator.ActiveCfg = Release|Any CPU
		{461B4A01-C603-4C8A-9763-642197569E9A}.Release|iPhoneSimulator.Build.0 = Release|Any CPU
		{E9891F05-7A3B-40A2-9388-505354D6D4C3}.Debug|Any CPU.ActiveCfg = Debug|Any CPU
		{E9891F05-7A3B-40A2-9388-505354D6D4C3}.Debug|Any CPU.Build.0 = Debug|Any CPU
		{E9891F05-7A3B-40A2-9388-505354D6D4C3}.Debug|iPhone.ActiveCfg = Debug|Any CPU
		{E9891F05-7A3B-40A2-9388-505354D6D4C3}.Debug|iPhone.Build.0 = Debug|Any CPU
		{E9891F05-7A3B-40A2-9388-505354D6D4C3}.Debug|iPhoneSimulator.ActiveCfg = Debug|Any CPU
		{E9891F05-7A3B-40A2-9388-505354D6D4C3}.Debug|iPhoneSimulator.Build.0 = Debug|Any CPU
		{E9891F05-7A3B-40A2-9388-505354D6D4C3}.MacDebug|Any CPU.ActiveCfg = Debug|Any CPU
		{E9891F05-7A3B-40A2-9388-505354D6D4C3}.MacDebug|Any CPU.Build.0 = Debug|Any CPU
		{E9891F05-7A3B-40A2-9388-505354D6D4C3}.MacDebug|iPhone.ActiveCfg = Debug|Any CPU
		{E9891F05-7A3B-40A2-9388-505354D6D4C3}.MacDebug|iPhone.Build.0 = Debug|Any CPU
		{E9891F05-7A3B-40A2-9388-505354D6D4C3}.MacDebug|iPhoneSimulator.ActiveCfg = Debug|Any CPU
		{E9891F05-7A3B-40A2-9388-505354D6D4C3}.MacDebug|iPhoneSimulator.Build.0 = Debug|Any CPU
		{E9891F05-7A3B-40A2-9388-505354D6D4C3}.Release|Any CPU.ActiveCfg = Release|Any CPU
		{E9891F05-7A3B-40A2-9388-505354D6D4C3}.Release|Any CPU.Build.0 = Release|Any CPU
		{E9891F05-7A3B-40A2-9388-505354D6D4C3}.Release|iPhone.ActiveCfg = Release|Any CPU
		{E9891F05-7A3B-40A2-9388-505354D6D4C3}.Release|iPhone.Build.0 = Release|Any CPU
		{E9891F05-7A3B-40A2-9388-505354D6D4C3}.Release|iPhoneSimulator.ActiveCfg = Release|Any CPU
		{E9891F05-7A3B-40A2-9388-505354D6D4C3}.Release|iPhoneSimulator.Build.0 = Release|Any CPU
		{ABA247D4-9F9F-4A31-80D1-110BEA32E12C}.Debug|Any CPU.ActiveCfg = Debug|Any CPU
		{ABA247D4-9F9F-4A31-80D1-110BEA32E12C}.Debug|Any CPU.Build.0 = Debug|Any CPU
		{ABA247D4-9F9F-4A31-80D1-110BEA32E12C}.Debug|iPhone.ActiveCfg = Debug|Any CPU
		{ABA247D4-9F9F-4A31-80D1-110BEA32E12C}.Debug|iPhone.Build.0 = Debug|Any CPU
		{ABA247D4-9F9F-4A31-80D1-110BEA32E12C}.Debug|iPhoneSimulator.ActiveCfg = Debug|Any CPU
		{ABA247D4-9F9F-4A31-80D1-110BEA32E12C}.Debug|iPhoneSimulator.Build.0 = Debug|Any CPU
		{ABA247D4-9F9F-4A31-80D1-110BEA32E12C}.MacDebug|Any CPU.ActiveCfg = Debug|Any CPU
		{ABA247D4-9F9F-4A31-80D1-110BEA32E12C}.MacDebug|Any CPU.Build.0 = Debug|Any CPU
		{ABA247D4-9F9F-4A31-80D1-110BEA32E12C}.MacDebug|iPhone.ActiveCfg = Debug|Any CPU
		{ABA247D4-9F9F-4A31-80D1-110BEA32E12C}.MacDebug|iPhone.Build.0 = Debug|Any CPU
		{ABA247D4-9F9F-4A31-80D1-110BEA32E12C}.MacDebug|iPhoneSimulator.ActiveCfg = Debug|Any CPU
		{ABA247D4-9F9F-4A31-80D1-110BEA32E12C}.MacDebug|iPhoneSimulator.Build.0 = Debug|Any CPU
		{ABA247D4-9F9F-4A31-80D1-110BEA32E12C}.Release|Any CPU.ActiveCfg = Release|Any CPU
		{ABA247D4-9F9F-4A31-80D1-110BEA32E12C}.Release|Any CPU.Build.0 = Release|Any CPU
		{ABA247D4-9F9F-4A31-80D1-110BEA32E12C}.Release|iPhone.ActiveCfg = Release|Any CPU
		{ABA247D4-9F9F-4A31-80D1-110BEA32E12C}.Release|iPhone.Build.0 = Release|Any CPU
		{ABA247D4-9F9F-4A31-80D1-110BEA32E12C}.Release|iPhoneSimulator.ActiveCfg = Release|Any CPU
		{ABA247D4-9F9F-4A31-80D1-110BEA32E12C}.Release|iPhoneSimulator.Build.0 = Release|Any CPU
		{35E78532-DDB1-4EF6-9559-9A47BD7175F2}.Debug|Any CPU.ActiveCfg = Debug|Any CPU
		{35E78532-DDB1-4EF6-9559-9A47BD7175F2}.Debug|Any CPU.Build.0 = Debug|Any CPU
		{35E78532-DDB1-4EF6-9559-9A47BD7175F2}.Debug|iPhone.ActiveCfg = Debug|Any CPU
		{35E78532-DDB1-4EF6-9559-9A47BD7175F2}.Debug|iPhone.Build.0 = Debug|Any CPU
		{35E78532-DDB1-4EF6-9559-9A47BD7175F2}.Debug|iPhoneSimulator.ActiveCfg = Debug|Any CPU
		{35E78532-DDB1-4EF6-9559-9A47BD7175F2}.Debug|iPhoneSimulator.Build.0 = Debug|Any CPU
		{35E78532-DDB1-4EF6-9559-9A47BD7175F2}.MacDebug|Any CPU.ActiveCfg = Debug|Any CPU
		{35E78532-DDB1-4EF6-9559-9A47BD7175F2}.MacDebug|Any CPU.Build.0 = Debug|Any CPU
		{35E78532-DDB1-4EF6-9559-9A47BD7175F2}.MacDebug|iPhone.ActiveCfg = Debug|Any CPU
		{35E78532-DDB1-4EF6-9559-9A47BD7175F2}.MacDebug|iPhone.Build.0 = Debug|Any CPU
		{35E78532-DDB1-4EF6-9559-9A47BD7175F2}.MacDebug|iPhoneSimulator.ActiveCfg = Debug|Any CPU
		{35E78532-DDB1-4EF6-9559-9A47BD7175F2}.MacDebug|iPhoneSimulator.Build.0 = Debug|Any CPU
		{35E78532-DDB1-4EF6-9559-9A47BD7175F2}.Release|Any CPU.ActiveCfg = Release|Any CPU
		{35E78532-DDB1-4EF6-9559-9A47BD7175F2}.Release|Any CPU.Build.0 = Release|Any CPU
		{35E78532-DDB1-4EF6-9559-9A47BD7175F2}.Release|iPhone.ActiveCfg = Release|Any CPU
		{35E78532-DDB1-4EF6-9559-9A47BD7175F2}.Release|iPhone.Build.0 = Release|Any CPU
		{35E78532-DDB1-4EF6-9559-9A47BD7175F2}.Release|iPhoneSimulator.ActiveCfg = Release|Any CPU
		{35E78532-DDB1-4EF6-9559-9A47BD7175F2}.Release|iPhoneSimulator.Build.0 = Release|Any CPU
		{97A18BDA-8AA6-40E6-9928-B30B49C134E2}.Debug|Any CPU.ActiveCfg = Debug|Any CPU
		{97A18BDA-8AA6-40E6-9928-B30B49C134E2}.Debug|Any CPU.Build.0 = Debug|Any CPU
		{97A18BDA-8AA6-40E6-9928-B30B49C134E2}.Debug|iPhone.ActiveCfg = Debug|Any CPU
		{97A18BDA-8AA6-40E6-9928-B30B49C134E2}.Debug|iPhone.Build.0 = Debug|Any CPU
		{97A18BDA-8AA6-40E6-9928-B30B49C134E2}.Debug|iPhoneSimulator.ActiveCfg = Debug|Any CPU
		{97A18BDA-8AA6-40E6-9928-B30B49C134E2}.Debug|iPhoneSimulator.Build.0 = Debug|Any CPU
		{97A18BDA-8AA6-40E6-9928-B30B49C134E2}.MacDebug|Any CPU.ActiveCfg = Debug|Any CPU
		{97A18BDA-8AA6-40E6-9928-B30B49C134E2}.MacDebug|Any CPU.Build.0 = Debug|Any CPU
		{97A18BDA-8AA6-40E6-9928-B30B49C134E2}.MacDebug|iPhone.ActiveCfg = Debug|Any CPU
		{97A18BDA-8AA6-40E6-9928-B30B49C134E2}.MacDebug|iPhone.Build.0 = Debug|Any CPU
		{97A18BDA-8AA6-40E6-9928-B30B49C134E2}.MacDebug|iPhoneSimulator.ActiveCfg = Debug|Any CPU
		{97A18BDA-8AA6-40E6-9928-B30B49C134E2}.MacDebug|iPhoneSimulator.Build.0 = Debug|Any CPU
		{97A18BDA-8AA6-40E6-9928-B30B49C134E2}.Release|Any CPU.ActiveCfg = Release|Any CPU
		{97A18BDA-8AA6-40E6-9928-B30B49C134E2}.Release|Any CPU.Build.0 = Release|Any CPU
		{97A18BDA-8AA6-40E6-9928-B30B49C134E2}.Release|iPhone.ActiveCfg = Release|Any CPU
		{97A18BDA-8AA6-40E6-9928-B30B49C134E2}.Release|iPhone.Build.0 = Release|Any CPU
		{97A18BDA-8AA6-40E6-9928-B30B49C134E2}.Release|iPhoneSimulator.ActiveCfg = Release|Any CPU
		{97A18BDA-8AA6-40E6-9928-B30B49C134E2}.Release|iPhoneSimulator.Build.0 = Release|Any CPU
		{F7968A6F-1358-45FE-8BE4-957FFBBE50EF}.Debug|Any CPU.ActiveCfg = Debug|Any CPU
		{F7968A6F-1358-45FE-8BE4-957FFBBE50EF}.Debug|Any CPU.Build.0 = Debug|Any CPU
		{F7968A6F-1358-45FE-8BE4-957FFBBE50EF}.Debug|iPhone.ActiveCfg = Debug|Any CPU
		{F7968A6F-1358-45FE-8BE4-957FFBBE50EF}.Debug|iPhone.Build.0 = Debug|Any CPU
		{F7968A6F-1358-45FE-8BE4-957FFBBE50EF}.Debug|iPhoneSimulator.ActiveCfg = Debug|Any CPU
		{F7968A6F-1358-45FE-8BE4-957FFBBE50EF}.Debug|iPhoneSimulator.Build.0 = Debug|Any CPU
		{F7968A6F-1358-45FE-8BE4-957FFBBE50EF}.MacDebug|Any CPU.ActiveCfg = Debug|Any CPU
		{F7968A6F-1358-45FE-8BE4-957FFBBE50EF}.MacDebug|Any CPU.Build.0 = Debug|Any CPU
		{F7968A6F-1358-45FE-8BE4-957FFBBE50EF}.MacDebug|iPhone.ActiveCfg = Debug|Any CPU
		{F7968A6F-1358-45FE-8BE4-957FFBBE50EF}.MacDebug|iPhone.Build.0 = Debug|Any CPU
		{F7968A6F-1358-45FE-8BE4-957FFBBE50EF}.MacDebug|iPhoneSimulator.ActiveCfg = Debug|Any CPU
		{F7968A6F-1358-45FE-8BE4-957FFBBE50EF}.MacDebug|iPhoneSimulator.Build.0 = Debug|Any CPU
		{F7968A6F-1358-45FE-8BE4-957FFBBE50EF}.Release|Any CPU.ActiveCfg = Release|Any CPU
		{F7968A6F-1358-45FE-8BE4-957FFBBE50EF}.Release|Any CPU.Build.0 = Release|Any CPU
		{F7968A6F-1358-45FE-8BE4-957FFBBE50EF}.Release|iPhone.ActiveCfg = Release|Any CPU
		{F7968A6F-1358-45FE-8BE4-957FFBBE50EF}.Release|iPhone.Build.0 = Release|Any CPU
		{F7968A6F-1358-45FE-8BE4-957FFBBE50EF}.Release|iPhoneSimulator.ActiveCfg = Release|Any CPU
		{F7968A6F-1358-45FE-8BE4-957FFBBE50EF}.Release|iPhoneSimulator.Build.0 = Release|Any CPU
		{D19CA994-F936-418C-BE42-4699F80C651D}.Debug|Any CPU.ActiveCfg = Debug|Any CPU
		{D19CA994-F936-418C-BE42-4699F80C651D}.Debug|Any CPU.Build.0 = Debug|Any CPU
		{D19CA994-F936-418C-BE42-4699F80C651D}.Debug|iPhone.ActiveCfg = Debug|Any CPU
		{D19CA994-F936-418C-BE42-4699F80C651D}.Debug|iPhone.Build.0 = Debug|Any CPU
		{D19CA994-F936-418C-BE42-4699F80C651D}.Debug|iPhoneSimulator.ActiveCfg = Debug|Any CPU
		{D19CA994-F936-418C-BE42-4699F80C651D}.Debug|iPhoneSimulator.Build.0 = Debug|Any CPU
		{D19CA994-F936-418C-BE42-4699F80C651D}.MacDebug|Any CPU.ActiveCfg = Debug|Any CPU
		{D19CA994-F936-418C-BE42-4699F80C651D}.MacDebug|Any CPU.Build.0 = Debug|Any CPU
		{D19CA994-F936-418C-BE42-4699F80C651D}.MacDebug|iPhone.ActiveCfg = Debug|Any CPU
		{D19CA994-F936-418C-BE42-4699F80C651D}.MacDebug|iPhone.Build.0 = Debug|Any CPU
		{D19CA994-F936-418C-BE42-4699F80C651D}.MacDebug|iPhoneSimulator.ActiveCfg = Debug|Any CPU
		{D19CA994-F936-418C-BE42-4699F80C651D}.MacDebug|iPhoneSimulator.Build.0 = Debug|Any CPU
		{D19CA994-F936-418C-BE42-4699F80C651D}.Release|Any CPU.ActiveCfg = Release|Any CPU
		{D19CA994-F936-418C-BE42-4699F80C651D}.Release|Any CPU.Build.0 = Release|Any CPU
		{D19CA994-F936-418C-BE42-4699F80C651D}.Release|iPhone.ActiveCfg = Release|Any CPU
		{D19CA994-F936-418C-BE42-4699F80C651D}.Release|iPhone.Build.0 = Release|Any CPU
		{D19CA994-F936-418C-BE42-4699F80C651D}.Release|iPhoneSimulator.ActiveCfg = Release|Any CPU
		{D19CA994-F936-418C-BE42-4699F80C651D}.Release|iPhoneSimulator.Build.0 = Release|Any CPU
	EndGlobalSection
	GlobalSection(SolutionProperties) = preSolution
		HideSolutionNode = FALSE
	EndGlobalSection
	GlobalSection(NestedProjects) = preSolution
		{461B4A01-C603-4C8A-9763-642197569E9A} = {0F4964C7-A0DB-41E8-A8DE-01861F2FE09C}
		{E9891F05-7A3B-40A2-9388-505354D6D4C3} = {1998B69B-8AD6-4170-86D1-22CFF5685D8F}
		{ABA247D4-9F9F-4A31-80D1-110BEA32E12C} = {F20C1377-D697-49DF-BFC6-29A09631AAD1}
		{0F4964C7-A0DB-41E8-A8DE-01861F2FE09C} = {FBBB8608-7B63-4C07-9609-16DDEB01C081}
		{666C61C6-011C-407F-8D85-98DFD189651C} = {FBBB8608-7B63-4C07-9609-16DDEB01C081}
		{32C47342-CF7F-4FE6-A3BA-E12E5BE126E5} = {FBBB8608-7B63-4C07-9609-16DDEB01C081}
		{B523812B-9A7A-4D22-905E-878F93DC8FCF} = {FBBB8608-7B63-4C07-9609-16DDEB01C081}
		{35E78532-DDB1-4EF6-9559-9A47BD7175F2} = {1998B69B-8AD6-4170-86D1-22CFF5685D8F}
		{97A18BDA-8AA6-40E6-9928-B30B49C134E2} = {02319977-D222-4DA2-AE49-05EEF92B3DBF}
		{D19CA994-F936-418C-BE42-4699F80C651D} = {0F4964C7-A0DB-41E8-A8DE-01861F2FE09C}
		{88CC3650-709A-4A60-A43B-0FE2F6C4098D} = {0F4964C7-A0DB-41E8-A8DE-01861F2FE09C}
	EndGlobalSection
	GlobalSection(ExtensibilityGlobals) = postSolution
		SolutionGuid = {AF39AB59-9991-4134-A69A-4A88A5503FC7}
	EndGlobalSection
EndGlobal
