
Microsoft Visual Studio Solution File, Format Version 12.00
# Visual Studio Version 16
VisualStudioVersion = 16.0.31002.315
MinimumVisualStudioVersion = 10.0.40219.1
Project("{9A19103F-16F7-4668-BE54-9A1E7A4F7556}") = "FigmaSharp", "FigmaSharp.csproj", "{2C2D5C19-5D0A-46B0-8313-1A0B6FCCE9C7}"
EndProject
Project("{FAE04EC0-301F-11D3-BF4B-00C04F79EFBC}") = "FigmaSharp.Wpf", "..\FigmaSharp.Wpf\FigmaSharp.Wpf.csproj", "{F7968A6F-1358-45FE-8BE4-957FFBBE50EF}"
EndProject
Project("{2150E333-8FDC-42A3-9474-1A3956D46DE8}") = "Samples", "Samples", "{08331275-2355-455B-8989-34E6FF204882}"
EndProject
Project("{FAE04EC0-301F-11D3-BF4B-00C04F79EFBC}") = "BasicRendering.Wpf", "..\..\samples\FigmaSharp\BasicRendering\Wpf\BasicRendering.Wpf.csproj", "{D19CA994-F936-418C-BE42-4699F80C651D}"
EndProject
Global
	GlobalSection(SolutionConfigurationPlatforms) = preSolution
		Debug|Any CPU = Debug|Any CPU
		Release|Any CPU = Release|Any CPU
	EndGlobalSection
	GlobalSection(ProjectConfigurationPlatforms) = postSolution
		{2C2D5C19-5D0A-46B0-8313-1A0B6FCCE9C7}.Debug|Any CPU.ActiveCfg = Debug|Any CPU
		{2C2D5C19-5D0A-46B0-8313-1A0B6FCCE9C7}.Debug|Any CPU.Build.0 = Debug|Any CPU
		{2C2D5C19-5D0A-46B0-8313-1A0B6FCCE9C7}.Release|Any CPU.ActiveCfg = Release|Any CPU
		{2C2D5C19-5D0A-46B0-8313-1A0B6FCCE9C7}.Release|Any CPU.Build.0 = Release|Any CPU
		{F7968A6F-1358-45FE-8BE4-957FFBBE50EF}.Debug|Any CPU.ActiveCfg = Debug|Any CPU
		{F7968A6F-1358-45FE-8BE4-957FFBBE50EF}.Debug|Any CPU.Build.0 = Debug|Any CPU
		{F7968A6F-1358-45FE-8BE4-957FFBBE50EF}.Release|Any CPU.ActiveCfg = Release|Any CPU
		{F7968A6F-1358-45FE-8BE4-957FFBBE50EF}.Release|Any CPU.Build.0 = Release|Any CPU
		{D19CA994-F936-418C-BE42-4699F80C651D}.Debug|Any CPU.ActiveCfg = Debug|Any CPU
		{D19CA994-F936-418C-BE42-4699F80C651D}.Debug|Any CPU.Build.0 = Debug|Any CPU
		{D19CA994-F936-418C-BE42-4699F80C651D}.Release|Any CPU.ActiveCfg = Release|Any CPU
		{D19CA994-F936-418C-BE42-4699F80C651D}.Release|Any CPU.Build.0 = Release|Any CPU
	EndGlobalSection
	GlobalSection(SolutionProperties) = preSolution
		HideSolutionNode = FALSE
	EndGlobalSection
	GlobalSection(NestedProjects) = preSolution
		{D19CA994-F936-418C-BE42-4699F80C651D} = {08331275-2355-455B-8989-34E6FF204882}
	EndGlobalSection
	GlobalSection(ExtensibilityGlobals) = postSolution
		SolutionGuid = {615833D4-13E8-43BB-A3AB-26D135977ACB}
	EndGlobalSection
EndGlobal
