
Microsoft Visual Studio Solution File, Format Version 12.00
# Visual Studio Version 16
VisualStudioVersion = 16.0.31002.315
MinimumVisualStudioVersion = 10.0.40219.1
Project("{9A19103F-16F7-4668-BE54-9A1E7A4F7556}") = "FigmaSharp", "FigmaSharp.csproj", "{2C2D5C19-5D0A-46B0-8313-1A0B6FCCE9C7}"
EndProject
Global
	GlobalSection(SolutionConfigurationPlatforms) = preSolution
		Debug|Any CPU = Debug|Any CPU
		Release|Any CPU = Release|Any CPU
	EndGlobalSection
	GlobalSection(ProjectConfigurationPlatforms) = postSolution
		{2C2D5C19-5D0A-46B0-8313-1A0B6FCCE9C7}.Debug|Any CPU.ActiveCfg = Debug|Any CPU
		{2C2D5C19-5D0A-46B0-8313-1A0B6FCCE9C7}.Debug|Any CPU.Build.0 = Debug|Any CPU
		{2C2D5C19-5D0A-46B0-8313-1A0B6FCCE9C7}.Release|Any CPU.ActiveCfg = Release|Any CPU
		{2C2D5C19-5D0A-46B0-8313-1A0B6FCCE9C7}.Release|Any CPU.Build.0 = Release|Any CPU
	EndGlobalSection
	GlobalSection(SolutionProperties) = preSolution
		HideSolutionNode = FALSE
	EndGlobalSection
	GlobalSection(ExtensibilityGlobals) = postSolution
		SolutionGuid = {615833D4-13E8-43BB-A3AB-26D135977ACB}
	EndGlobalSection
EndGlobal
