
Microsoft Visual Studio Solution File, Format Version 12.00
# Visual Studio 15
Project("{FAE04EC0-301F-11D3-BF4B-00C04F79EFBC}") = "MonoDevelop.Figma", "MonoDevelop.Figma.csproj", "{1B1E245A-429A-4559-BF35-056AA42A7C32}"
EndProject
Global
	GlobalSection(SolutionConfigurationPlatforms) = preSolution
		Debug|Any CPU = Debug|Any CPU
		Release|Any CPU = Release|Any CPU
	EndGlobalSection
	GlobalSection(ProjectConfigurationPlatforms) = postSolution
		{1B1E245A-429A-4559-BF35-056AA42A7C32}.Debug|Any CPU.ActiveCfg = Debug|Any CPU
		{1B1E245A-429A-4559-BF35-056AA42A7C32}.Debug|Any CPU.Build.0 = Debug|Any CPU
		{1B1E245A-429A-4559-BF35-056AA42A7C32}.Release|Any CPU.ActiveCfg = Release|Any CPU
		{1B1E245A-429A-4559-BF35-056AA42A7C32}.Release|Any CPU.Build.0 = Release|Any CPU
	EndGlobalSection
EndGlobal
